
Microsoft Visual Studio Solution File, Format Version 12.00
# Visual Studio Version 16
VisualStudioVersion = 16.0.0.0
MinimumVisualStudioVersion = 16.0.0.0
Project("{9A19103F-16F7-4668-BE54-9A1E7A4F7556}") = "Esi.AI.Studio", "Esi.AI.Studio\Esi.AI.Studio.csproj", "{7D61A5F9-D0A3-4395-AC62-AE96B4B398DC}"
EndProject
Project("{9A19103F-16F7-4668-BE54-9A1E7A4F7556}") = "Esi.AI.Studio.Client", "Esi.AI.Studio.Client\Esi.AI.Studio.Client.csproj", "{284B153D-0CC7-4872-90E5-5054523801BC}"
EndProject
Project("{8BB2217D-0F2D-4C3C-9A72-5C4DF6E5D11A}") = "Esi.AI.Workflow", "Esi.AI.Workflow\Esi.AI.Workflow.csproj", "{5E2D2A91-5A16-4F9C-AB03-6A8D9ACB6DB7}"
EndProject
Project("{FAE04EC0-301F-11D3-BF4B-00C04F79EFBC}") = "Esi.AI.Core", "Esi.AI.Core\Esi.AI.Core.csproj", "{B20D1496-F7C9-47C9-A70A-4C996C3FFE7B}"
EndProject
Project("{FAE04EC0-301F-11D3-BF4B-00C04F79EFBC}") = "Esi.AI.Models", "Esi.AI.Models\Esi.AI.Models.csproj", "{7170197B-4094-4135-A3CE-38F661FCCF34}"
EndProject
Project("{FAE04EC0-301F-11D3-BF4B-00C04F79EFBC}") = "Esi.AI.Studio.Contracts", "Esi.AI.Studio.Contracts\Esi.AI.Studio.Contracts.csproj", "{27CC2BC8-B782-4EE7-A482-5D300CD3866C}"
EndProject
Project("{FAE04EC0-301F-11D3-BF4B-00C04F79EFBC}") = "Probe", "..\..\..\..\..\..\tmp\esi-ai-hot-reload-probe-20260926\Probe.csproj", "{C5C54785-F31C-40AE-943E-404FFC660542}"
EndProject
Project("{FAE04EC0-301F-11D3-BF4B-00C04F79EFBC}") = "Microsoft.FluentUI.AspNetCore.Components", "..\..\origins\sidatacom\fluentui-blazor\src\Core\Microsoft.FluentUI.AspNetCore.Components.csproj", "{47EC9664-B0FD-4561-A13B-2FACF12EE77D}"
EndProject
Project("{54A90642-561A-4BB1-A94E-469ADEE60C69}") = "Microsoft.FluentUI.AspNetCore.Components.Scripts", "..\..\origins\sidatacom\fluentui-blazor\src\Core.Scripts\Microsoft.FluentUI.AspNetCore.Components.Scripts.esproj", "{724E9404-3EBB-44DE-9929-D276DDF7C2A8}"
EndProject
Project("{FAE04EC0-301F-11D3-BF4B-00C04F79EFBC}") = "Microsoft.FluentUI.AspNetCore.Components.Charts", "..\..\origins\sidatacom\fluentui-blazor\src\Charts\Microsoft.FluentUI.AspNetCore.Components.Charts.csproj", "{CBF2C208-4F3F-49F8-A286-96BF64DC7320}"
EndProject
Project("{54A90642-561A-4BB1-A94E-469ADEE60C69}") = "Microsoft.FluentUI.AspNetCore.Components.Charts.Scripts", "..\..\origins\sidatacom\fluentui-blazor\src\Charts.Scripts\Microsoft.FluentUI.AspNetCore.Components.Charts.Scripts.esproj", "{5F277614-EB6D-4B2B-8F5A-80710AF32E92}"
EndProject
Project("{FAE04EC0-301F-11D3-BF4B-00C04F79EFBC}") = "OpenVINO.CSharp.API", "..\..\origins\sidatacom\OpenVINO-CSharp-API\src\OpenVINO.CSharp.API\OpenVINO.CSharp.API.csproj", "{64A84BD8-9236-4B35-9344-5399B1AB73A1}"
EndProject
Project("{FAE04EC0-301F-11D3-BF4B-00C04F79EFBC}") = "Esi.AI.Backend.Abstractions", "Esi.AI.Backend.Abstractions\Esi.AI.Backend.Abstractions.csproj", "{6327B3DC-27FF-4634-895A-B715B6B2FBFF}"
EndProject
Project("{FAE04EC0-301F-11D3-BF4B-00C04F79EFBC}") = "LLamaSharp", "..\..\origins\sidatacom\LLamaSharp\LLama\LLamaSharp.csproj", "{7B97013B-247C-42D0-8A0D-FB743A5152AB}"
EndProject
Project("{FAE04EC0-301F-11D3-BF4B-00C04F79EFBC}") = "Esi.AI.Backend.Llama.Cuda12", "Esi.AI.Backend.Llama.Cuda12\Esi.AI.Backend.Llama.Cuda12.csproj", "{4DEC3669-F9AF-41FD-9394-36562EAB641D}"
EndProject
Project("{FAE04EC0-301F-11D3-BF4B-00C04F79EFBC}") = "Esi.AI.Backend.Vllm.Cuda12", "Esi.AI.Backend.Vllm.Cuda12\Esi.AI.Backend.Vllm.Cuda12.csproj", "{1A8C6B5B-C419-4310-8565-3A65C1CE056E}"
EndProject
Project("{FAE04EC0-301F-11D3-BF4B-00C04F79EFBC}") = "Esi.AI.Backend.Llama.Vulkan", "Esi.AI.Backend.Llama.Vulkan\Esi.AI.Backend.Llama.Vulkan.csproj", "{AB71D3BB-FBAF-4BC5-941B-58FC957FCD13}"
EndProject
Project("{FAE04EC0-301F-11D3-BF4B-00C04F79EFBC}") = "Esi.AI.Backend.Worker", "Esi.AI.Backend.Worker\Esi.AI.Backend.Worker.csproj", "{A4B9CF0E-027F-4E4B-955F-6F21EF6EDB6C}"
EndProject
Project("{FAE04EC0-301F-11D3-BF4B-00C04F79EFBC}") = "Esi.AI.Backend.Llama.Sycl", "Esi.AI.Backend.Llama.Sycl\Esi.AI.Backend.Llama.Sycl.csproj", "{72186D63-59E9-4380-9619-0D6B34864A6E}"
EndProject
Project("{FAE04EC0-301F-11D3-BF4B-00C04F79EFBC}") = "Esi.AI.Backend.OpenVino", "Esi.AI.Backend.OpenVino\Esi.AI.Backend.OpenVino.csproj", "{101B6631-E3B1-4CF4-9254-2964AB53E0D4}"
EndProject
Project("{FAE04EC0-301F-11D3-BF4B-00C04F79EFBC}") = "Esi.AI.Backend.Vllm.Xpu", "Esi.AI.Backend.Vllm.Xpu\Esi.AI.Backend.Vllm.Xpu.csproj", "{5EF03801-95F5-454B-987A-A198C79ED0F7}"
EndProject
Project("{FAE04EC0-301F-11D3-BF4B-00C04F79EFBC}") = "OptimaJet.Workflow.SQLite", "..\..\origins\optimajet\WorkflowEngine.NET\Providers\OptimaJet.Workflow.SQLite\Source\OptimaJet.Workflow.SQLite.csproj", "{43645BE3-E425-4B40-9513-ACD65A2A5651}"
EndProject
Project("{FAE04EC0-301F-11D3-BF4B-00C04F79EFBC}") = "Esi.AI.PyTorch", "Esi.AI.PyTorch\Esi.AI.PyTorch.csproj", "{50B5943C-93F3-48C9-8D99-9CB4037C48EA}"
EndProject
Project("{FAE04EC0-301F-11D3-BF4B-00C04F79EFBC}") = "Esi.AI.PyTorch.Tests", "..\..\tests\Esi.AI.PyTorch.Tests\Esi.AI.PyTorch.Tests.csproj", "{63369BE7-3327-4A75-BC92-450C3EE48749}"
EndProject
Project("{FAE04EC0-301F-11D3-BF4B-00C04F79EFBC}") = "Esi.AI.Backend.E2E.Tests", "..\..\tests\Esi.AI.Backend.E2E.Tests\Esi.AI.Backend.E2E.Tests.csproj", "{BE573939-5F43-4350-B2DA-6C4A468EFC10}"
EndProject
Global
	GlobalSection(SolutionConfigurationPlatforms) = preSolution
		Debug|Any CPU = Debug|Any CPU
		Debug|x64 = Debug|x64
		Debug|x86 = Debug|x86
		Release|Any CPU = Release|Any CPU
		Release|x64 = Release|x64
		Release|x86 = Release|x86
	EndGlobalSection
	GlobalSection(ProjectConfigurationPlatforms) = postSolution
		{7D61A5F9-D0A3-4395-AC62-AE96B4B398DC}.Debug|Any CPU.ActiveCfg = Debug|Any CPU
		{7D61A5F9-D0A3-4395-AC62-AE96B4B398DC}.Debug|Any CPU.Build.0 = Debug|Any CPU
		{7D61A5F9-D0A3-4395-AC62-AE96B4B398DC}.Debug|x64.ActiveCfg = Debug|Any CPU
		{7D61A5F9-D0A3-4395-AC62-AE96B4B398DC}.Debug|x64.Build.0 = Debug|Any CPU
		{7D61A5F9-D0A3-4395-AC62-AE96B4B398DC}.Debug|x86.ActiveCfg = Debug|Any CPU
		{7D61A5F9-D0A3-4395-AC62-AE96B4B398DC}.Debug|x86.Build.0 = Debug|Any CPU
		{7D61A5F9-D0A3-4395-AC62-AE96B4B398DC}.Release|Any CPU.ActiveCfg = Release|Any CPU
		{7D61A5F9-D0A3-4395-AC62-AE96B4B398DC}.Release|Any CPU.Build.0 = Release|Any CPU
		{7D61A5F9-D0A3-4395-AC62-AE96B4B398DC}.Release|x64.ActiveCfg = Release|Any CPU
		{7D61A5F9-D0A3-4395-AC62-AE96B4B398DC}.Release|x64.Build.0 = Release|Any CPU
		{7D61A5F9-D0A3-4395-AC62-AE96B4B398DC}.Release|x86.ActiveCfg = Release|Any CPU
		{7D61A5F9-D0A3-4395-AC62-AE96B4B398DC}.Release|x86.Build.0 = Release|Any CPU
		{284B153D-0CC7-4872-90E5-5054523801BC}.Debug|Any CPU.ActiveCfg = Debug|Any CPU
		{284B153D-0CC7-4872-90E5-5054523801BC}.Debug|Any CPU.Build.0 = Debug|Any CPU
		{284B153D-0CC7-4872-90E5-5054523801BC}.Debug|x64.ActiveCfg = Debug|Any CPU
		{284B153D-0CC7-4872-90E5-5054523801BC}.Debug|x64.Build.0 = Debug|Any CPU
		{284B153D-0CC7-4872-90E5-5054523801BC}.Debug|x86.ActiveCfg = Debug|Any CPU
		{284B153D-0CC7-4872-90E5-5054523801BC}.Debug|x86.Build.0 = Debug|Any CPU
		{284B153D-0CC7-4872-90E5-5054523801BC}.Release|Any CPU.ActiveCfg = Release|Any CPU
		{284B153D-0CC7-4872-90E5-5054523801BC}.Release|Any CPU.Build.0 = Release|Any CPU
		{284B153D-0CC7-4872-90E5-5054523801BC}.Release|x64.ActiveCfg = Release|Any CPU
		{284B153D-0CC7-4872-90E5-5054523801BC}.Release|x64.Build.0 = Release|Any CPU
		{284B153D-0CC7-4872-90E5-5054523801BC}.Release|x86.ActiveCfg = Release|Any CPU
		{284B153D-0CC7-4872-90E5-5054523801BC}.Release|x86.Build.0 = Release|Any CPU
		{5E2D2A91-5A16-4F9C-AB03-6A8D9ACB6DB7}.Debug|Any CPU.ActiveCfg = Debug|Any CPU
		{5E2D2A91-5A16-4F9C-AB03-6A8D9ACB6DB7}.Debug|Any CPU.Build.0 = Debug|Any CPU
		{5E2D2A91-5A16-4F9C-AB03-6A8D9ACB6DB7}.Debug|x64.ActiveCfg = Debug|Any CPU
		{5E2D2A91-5A16-4F9C-AB03-6A8D9ACB6DB7}.Debug|x64.Build.0 = Debug|Any CPU
		{5E2D2A91-5A16-4F9C-AB03-6A8D9ACB6DB7}.Debug|x86.ActiveCfg = Debug|Any CPU
		{5E2D2A91-5A16-4F9C-AB03-6A8D9ACB6DB7}.Debug|x86.Build.0 = Debug|Any CPU
		{5E2D2A91-5A16-4F9C-AB03-6A8D9ACB6DB7}.Release|Any CPU.ActiveCfg = Release|Any CPU
		{5E2D2A91-5A16-4F9C-AB03-6A8D9ACB6DB7}.Release|Any CPU.Build.0 = Release|Any CPU
		{5E2D2A91-5A16-4F9C-AB03-6A8D9ACB6DB7}.Release|x64.ActiveCfg = Release|Any CPU
		{5E2D2A91-5A16-4F9C-AB03-6A8D9ACB6DB7}.Release|x64.Build.0 = Release|Any CPU
		{5E2D2A91-5A16-4F9C-AB03-6A8D9ACB6DB7}.Release|x86.ActiveCfg = Release|Any CPU
		{5E2D2A91-5A16-4F9C-AB03-6A8D9ACB6DB7}.Release|x86.Build.0 = Release|Any CPU
		{B20D1496-F7C9-47C9-A70A-4C996C3FFE7B}.Debug|Any CPU.ActiveCfg = Debug|Any CPU
		{B20D1496-F7C9-47C9-A70A-4C996C3FFE7B}.Debug|Any CPU.Build.0 = Debug|Any CPU
		{B20D1496-F7C9-47C9-A70A-4C996C3FFE7B}.Debug|x64.ActiveCfg = Debug|Any CPU
		{B20D1496-F7C9-47C9-A70A-4C996C3FFE7B}.Debug|x64.Build.0 = Debug|Any CPU
		{B20D1496-F7C9-47C9-A70A-4C996C3FFE7B}.Debug|x86.ActiveCfg = Debug|Any CPU
		{B20D1496-F7C9-47C9-A70A-4C996C3FFE7B}.Debug|x86.Build.0 = Debug|Any CPU
		{B20D1496-F7C9-47C9-A70A-4C996C3FFE7B}.Release|Any CPU.ActiveCfg = Release|Any CPU
		{B20D1496-F7C9-47C9-A70A-4C996C3FFE7B}.Release|Any CPU.Build.0 = Release|Any CPU
		{B20D1496-F7C9-47C9-A70A-4C996C3FFE7B}.Release|x64.ActiveCfg = Release|Any CPU
		{B20D1496-F7C9-47C9-A70A-4C996C3FFE7B}.Release|x64.Build.0 = Release|Any CPU
		{B20D1496-F7C9-47C9-A70A-4C996C3FFE7B}.Release|x86.ActiveCfg = Release|Any CPU
		{B20D1496-F7C9-47C9-A70A-4C996C3FFE7B}.Release|x86.Build.0 = Release|Any CPU
		{7170197B-4094-4135-A3CE-38F661FCCF34}.Debug|Any CPU.ActiveCfg = Debug|Any CPU
		{7170197B-4094-4135-A3CE-38F661FCCF34}.Debug|Any CPU.Build.0 = Debug|Any CPU
		{7170197B-4094-4135-A3CE-38F661FCCF34}.Debug|x64.ActiveCfg = Debug|Any CPU
		{7170197B-4094-4135-A3CE-38F661FCCF34}.Debug|x64.Build.0 = Debug|Any CPU
		{7170197B-4094-4135-A3CE-38F661FCCF34}.Debug|x86.ActiveCfg = Debug|Any CPU
		{7170197B-4094-4135-A3CE-38F661FCCF34}.Debug|x86.Build.0 = Debug|Any CPU
		{7170197B-4094-4135-A3CE-38F661FCCF34}.Release|Any CPU.ActiveCfg = Release|Any CPU
		{7170197B-4094-4135-A3CE-38F661FCCF34}.Release|Any CPU.Build.0 = Release|Any CPU
		{7170197B-4094-4135-A3CE-38F661FCCF34}.Release|x64.ActiveCfg = Release|Any CPU
		{7170197B-4094-4135-A3CE-38F661FCCF34}.Release|x64.Build.0 = Release|Any CPU
		{7170197B-4094-4135-A3CE-38F661FCCF34}.Release|x86.ActiveCfg = Release|Any CPU
		{7170197B-4094-4135-A3CE-38F661FCCF34}.Release|x86.Build.0 = Release|Any CPU
		{27CC2BC8-B782-4EE7-A482-5D300CD3866C}.Debug|Any CPU.ActiveCfg = Debug|Any CPU
		{27CC2BC8-B782-4EE7-A482-5D300CD3866C}.Debug|Any CPU.Build.0 = Debug|Any CPU
		{27CC2BC8-B782-4EE7-A482-5D300CD3866C}.Debug|x64.ActiveCfg = Debug|Any CPU
		{27CC2BC8-B782-4EE7-A482-5D300CD3866C}.Debug|x64.Build.0 = Debug|Any CPU
		{27CC2BC8-B782-4EE7-A482-5D300CD3866C}.Debug|x86.ActiveCfg = Debug|Any CPU
		{27CC2BC8-B782-4EE7-A482-5D300CD3866C}.Debug|x86.Build.0 = Debug|Any CPU
		{27CC2BC8-B782-4EE7-A482-5D300CD3866C}.Release|Any CPU.ActiveCfg = Release|Any CPU
		{27CC2BC8-B782-4EE7-A482-5D300CD3866C}.Release|Any CPU.Build.0 = Release|Any CPU
		{27CC2BC8-B782-4EE7-A482-5D300CD3866C}.Release|x64.ActiveCfg = Release|Any CPU
		{27CC2BC8-B782-4EE7-A482-5D300CD3866C}.Release|x64.Build.0 = Release|Any CPU
		{27CC2BC8-B782-4EE7-A482-5D300CD3866C}.Release|x86.ActiveCfg = Release|Any CPU
		{27CC2BC8-B782-4EE7-A482-5D300CD3866C}.Release|x86.Build.0 = Release|Any CPU
		{C5C54785-F31C-40AE-943E-404FFC660542}.Debug|Any CPU.ActiveCfg = Debug|Any CPU
		{C5C54785-F31C-40AE-943E-404FFC660542}.Debug|Any CPU.Build.0 = Debug|Any CPU
		{C5C54785-F31C-40AE-943E-404FFC660542}.Debug|x64.ActiveCfg = Debug|Any CPU
		{C5C54785-F31C-40AE-943E-404FFC660542}.Debug|x64.Build.0 = Debug|Any CPU
		{C5C54785-F31C-40AE-943E-404FFC660542}.Debug|x86.ActiveCfg = Debug|Any CPU
		{C5C54785-F31C-40AE-943E-404FFC660542}.Debug|x86.Build.0 = Debug|Any CPU
		{C5C54785-F31C-40AE-943E-404FFC660542}.Release|Any CPU.ActiveCfg = Release|Any CPU
		{C5C54785-F31C-40AE-943E-404FFC660542}.Release|Any CPU.Build.0 = Release|Any CPU
		{C5C54785-F31C-40AE-943E-404FFC660542}.Release|x64.ActiveCfg = Release|Any CPU
		{C5C54785-F31C-40AE-943E-404FFC660542}.Release|x64.Build.0 = Release|Any CPU
		{C5C54785-F31C-40AE-943E-404FFC660542}.Release|x86.ActiveCfg = Release|Any CPU
		{C5C54785-F31C-40AE-943E-404FFC660542}.Release|x86.Build.0 = Release|Any CPU
		{47EC9664-B0FD-4561-A13B-2FACF12EE77D}.Debug|Any CPU.ActiveCfg = Debug|Any CPU
		{47EC9664-B0FD-4561-A13B-2FACF12EE77D}.Debug|Any CPU.Build.0 = Debug|Any CPU
		{47EC9664-B0FD-4561-A13B-2FACF12EE77D}.Debug|x64.ActiveCfg = Debug|Any CPU
		{47EC9664-B0FD-4561-A13B-2FACF12EE77D}.Debug|x64.Build.0 = Debug|Any CPU
		{47EC9664-B0FD-4561-A13B-2FACF12EE77D}.Debug|x86.ActiveCfg = Debug|Any CPU
		{47EC9664-B0FD-4561-A13B-2FACF12EE77D}.Debug|x86.Build.0 = Debug|Any CPU
		{47EC9664-B0FD-4561-A13B-2FACF12EE77D}.Release|Any CPU.ActiveCfg = Release|Any CPU
		{47EC9664-B0FD-4561-A13B-2FACF12EE77D}.Release|Any CPU.Build.0 = Release|Any CPU
		{47EC9664-B0FD-4561-A13B-2FACF12EE77D}.Release|x64.ActiveCfg = Release|Any CPU
		{47EC9664-B0FD-4561-A13B-2FACF12EE77D}.Release|x64.Build.0 = Release|Any CPU
		{47EC9664-B0FD-4561-A13B-2FACF12EE77D}.Release|x86.ActiveCfg = Release|Any CPU
		{47EC9664-B0FD-4561-A13B-2FACF12EE77D}.Release|x86.Build.0 = Release|Any CPU
		{724E9404-3EBB-44DE-9929-D276DDF7C2A8}.Debug|Any CPU.ActiveCfg = Debug|Any CPU
		{724E9404-3EBB-44DE-9929-D276DDF7C2A8}.Debug|x64.ActiveCfg = Debug|Any CPU
		{724E9404-3EBB-44DE-9929-D276DDF7C2A8}.Debug|x86.ActiveCfg = Debug|Any CPU
		{724E9404-3EBB-44DE-9929-D276DDF7C2A8}.Release|Any CPU.ActiveCfg = Release|Any CPU
		{724E9404-3EBB-44DE-9929-D276DDF7C2A8}.Release|x64.ActiveCfg = Release|Any CPU
		{724E9404-3EBB-44DE-9929-D276DDF7C2A8}.Release|x86.ActiveCfg = Release|Any CPU
		{CBF2C208-4F3F-49F8-A286-96BF64DC7320}.Debug|Any CPU.ActiveCfg = Debug|Any CPU
		{CBF2C208-4F3F-49F8-A286-96BF64DC7320}.Debug|Any CPU.Build.0 = Debug|Any CPU
		{CBF2C208-4F3F-49F8-A286-96BF64DC7320}.Debug|x64.ActiveCfg = Debug|Any CPU
		{CBF2C208-4F3F-49F8-A286-96BF64DC7320}.Debug|x64.Build.0 = Debug|Any CPU
		{CBF2C208-4F3F-49F8-A286-96BF64DC7320}.Debug|x86.ActiveCfg = Debug|Any CPU
		{CBF2C208-4F3F-49F8-A286-96BF64DC7320}.Debug|x86.Build.0 = Debug|Any CPU
		{CBF2C208-4F3F-49F8-A286-96BF64DC7320}.Release|Any CPU.ActiveCfg = Release|Any CPU
		{CBF2C208-4F3F-49F8-A286-96BF64DC7320}.Release|Any CPU.Build.0 = Release|Any CPU
		{CBF2C208-4F3F-49F8-A286-96BF64DC7320}.Release|x64.ActiveCfg = Release|Any CPU
		{CBF2C208-4F3F-49F8-A286-96BF64DC7320}.Release|x64.Build.0 = Release|Any CPU
		{CBF2C208-4F3F-49F8-A286-96BF64DC7320}.Release|x86.ActiveCfg = Release|Any CPU
		{CBF2C208-4F3F-49F8-A286-96BF64DC7320}.Release|x86.Build.0 = Release|Any CPU
		{5F277614-EB6D-4B2B-8F5A-80710AF32E92}.Debug|Any CPU.ActiveCfg = Debug|Any CPU
		{5F277614-EB6D-4B2B-8F5A-80710AF32E92}.Debug|x64.ActiveCfg = Debug|Any CPU
		{5F277614-EB6D-4B2B-8F5A-80710AF32E92}.Debug|x86.ActiveCfg = Debug|Any CPU
		{5F277614-EB6D-4B2B-8F5A-80710AF32E92}.Release|Any CPU.ActiveCfg = Release|Any CPU
		{5F277614-EB6D-4B2B-8F5A-80710AF32E92}.Release|x64.ActiveCfg = Release|Any CPU
		{5F277614-EB6D-4B2B-8F5A-80710AF32E92}.Release|x86.ActiveCfg = Release|Any CPU
		{64A84BD8-9236-4B35-9344-5399B1AB73A1}.Debug|Any CPU.ActiveCfg = Debug|Any CPU
		{64A84BD8-9236-4B35-9344-5399B1AB73A1}.Debug|Any CPU.Build.0 = Debug|Any CPU
		{64A84BD8-9236-4B35-9344-5399B1AB73A1}.Debug|x64.ActiveCfg = Debug|Any CPU
		{64A84BD8-9236-4B35-9344-5399B1AB73A1}.Debug|x64.Build.0 = Debug|Any CPU
		{64A84BD8-9236-4B35-9344-5399B1AB73A1}.Debug|x86.ActiveCfg = Debug|Any CPU
		{64A84BD8-9236-4B35-9344-5399B1AB73A1}.Debug|x86.Build.0 = Debug|Any CPU
		{64A84BD8-9236-4B35-9344-5399B1AB73A1}.Release|Any CPU.ActiveCfg = Release|Any CPU
		{64A84BD8-9236-4B35-9344-5399B1AB73A1}.Release|Any CPU.Build.0 = Release|Any CPU
		{64A84BD8-9236-4B35-9344-5399B1AB73A1}.Release|x64.ActiveCfg = Release|Any CPU
		{64A84BD8-9236-4B35-9344-5399B1AB73A1}.Release|x64.Build.0 = Release|Any CPU
		{64A84BD8-9236-4B35-9344-5399B1AB73A1}.Release|x86.ActiveCfg = Release|Any CPU
		{64A84BD8-9236-4B35-9344-5399B1AB73A1}.Release|x86.Build.0 = Release|Any CPU
		{6327B3DC-27FF-4634-895A-B715B6B2FBFF}.Debug|Any CPU.ActiveCfg = Debug|Any CPU
		{6327B3DC-27FF-4634-895A-B715B6B2FBFF}.Debug|Any CPU.Build.0 = Debug|Any CPU
		{6327B3DC-27FF-4634-895A-B715B6B2FBFF}.Debug|x64.ActiveCfg = Debug|Any CPU
		{6327B3DC-27FF-4634-895A-B715B6B2FBFF}.Debug|x64.Build.0 = Debug|Any CPU
		{6327B3DC-27FF-4634-895A-B715B6B2FBFF}.Debug|x86.ActiveCfg = Debug|Any CPU
		{6327B3DC-27FF-4634-895A-B715B6B2FBFF}.Debug|x86.Build.0 = Debug|Any CPU
		{6327B3DC-27FF-4634-895A-B715B6B2FBFF}.Release|Any CPU.ActiveCfg = Release|Any CPU
		{6327B3DC-27FF-4634-895A-B715B6B2FBFF}.Release|Any CPU.Build.0 = Release|Any CPU
		{6327B3DC-27FF-4634-895A-B715B6B2FBFF}.Release|x64.ActiveCfg = Release|Any CPU
		{6327B3DC-27FF-4634-895A-B715B6B2FBFF}.Release|x64.Build.0 = Release|Any CPU
		{6327B3DC-27FF-4634-895A-B715B6B2FBFF}.Release|x86.ActiveCfg = Release|Any CPU
		{6327B3DC-27FF-4634-895A-B715B6B2FBFF}.Release|x86.Build.0 = Release|Any CPU
		{7B97013B-247C-42D0-8A0D-FB743A5152AB}.Release|Any CPU.Build.0 = ?|?
		{7B97013B-247C-42D0-8A0D-FB743A5152AB}.Release|x64.ActiveCfg = Release|x64
		{7B97013B-247C-42D0-8A0D-FB743A5152AB}.Release|x64.Build.0 = Release|x64
		{7B97013B-247C-42D0-8A0D-FB743A5152AB}.Release|x86.ActiveCfg = Release|Any CPU
		{7B97013B-247C-42D0-8A0D-FB743A5152AB}.Release|x86.Build.0 = Release|Any CPU
		{4DEC3669-F9AF-41FD-9394-36562EAB641D}.Debug|Any CPU.ActiveCfg = Debug|Any CPU
		{4DEC3669-F9AF-41FD-9394-36562EAB641D}.Debug|Any CPU.Build.0 = Debug|Any CPU
		{4DEC3669-F9AF-41FD-9394-36562EAB641D}.Debug|x64.ActiveCfg = Debug|Any CPU
		{4DEC3669-F9AF-41FD-9394-36562EAB641D}.Debug|x64.Build.0 = Debug|Any CPU
		{4DEC3669-F9AF-41FD-9394-36562EAB641D}.Debug|x86.ActiveCfg = Debug|Any CPU
		{4DEC3669-F9AF-41FD-9394-36562EAB641D}.Debug|x86.Build.0 = Debug|Any CPU
		{4DEC3669-F9AF-41FD-9394-36562EAB641D}.Release|Any CPU.ActiveCfg = Release|Any CPU
		{4DEC3669-F9AF-41FD-9394-36562EAB641D}.Release|Any CPU.Build.0 = Release|Any CPU
		{4DEC3669-F9AF-41FD-9394-36562EAB641D}.Release|x64.ActiveCfg = Release|Any CPU
		{4DEC3669-F9AF-41FD-9394-36562EAB641D}.Release|x64.Build.0 = Release|Any CPU
		{4DEC3669-F9AF-41FD-9394-36562EAB641D}.Release|x86.ActiveCfg = Release|Any CPU
		{4DEC3669-F9AF-41FD-9394-36562EAB641D}.Release|x86.Build.0 = Release|Any CPU
		{1A8C6B5B-C419-4310-8565-3A65C1CE056E}.Debug|Any CPU.ActiveCfg = Debug|Any CPU
		{1A8C6B5B-C419-4310-8565-3A65C1CE056E}.Debug|Any CPU.Build.0 = Debug|Any CPU
		{1A8C6B5B-C419-4310-8565-3A65C1CE056E}.Debug|x64.ActiveCfg = Debug|Any CPU
		{1A8C6B5B-C419-4310-8565-3A65C1CE056E}.Debug|x64.Build.0 = Debug|Any CPU
		{1A8C6B5B-C419-4310-8565-3A65C1CE056E}.Debug|x86.ActiveCfg = Debug|Any CPU
		{1A8C6B5B-C419-4310-8565-3A65C1CE056E}.Debug|x86.Build.0 = Debug|Any CPU
		{1A8C6B5B-C419-4310-8565-3A65C1CE056E}.Release|Any CPU.ActiveCfg = Release|Any CPU
		{1A8C6B5B-C419-4310-8565-3A65C1CE056E}.Release|Any CPU.Build.0 = Release|Any CPU
		{1A8C6B5B-C419-4310-8565-3A65C1CE056E}.Release|x64.ActiveCfg = Release|Any CPU
		{1A8C6B5B-C419-4310-8565-3A65C1CE056E}.Release|x64.Build.0 = Release|Any CPU
		{1A8C6B5B-C419-4310-8565-3A65C1CE056E}.Release|x86.ActiveCfg = Release|Any CPU
		{1A8C6B5B-C419-4310-8565-3A65C1CE056E}.Release|x86.Build.0 = Release|Any CPU
		{AB71D3BB-FBAF-4BC5-941B-58FC957FCD13}.Debug|Any CPU.ActiveCfg = Debug|Any CPU
		{AB71D3BB-FBAF-4BC5-941B-58FC957FCD13}.Debug|Any CPU.Build.0 = Debug|Any CPU
		{AB71D3BB-FBAF-4BC5-941B-58FC957FCD13}.Debug|x64.ActiveCfg = Debug|Any CPU
		{AB71D3BB-FBAF-4BC5-941B-58FC957FCD13}.Debug|x64.Build.0 = Debug|Any CPU
		{AB71D3BB-FBAF-4BC5-941B-58FC957FCD13}.Debug|x86.ActiveCfg = Debug|Any CPU
		{AB71D3BB-FBAF-4BC5-941B-58FC957FCD13}.Debug|x86.Build.0 = Debug|Any CPU
		{AB71D3BB-FBAF-4BC5-941B-58FC957FCD13}.Release|Any CPU.ActiveCfg = Release|Any CPU
		{AB71D3BB-FBAF-4BC5-941B-58FC957FCD13}.Release|Any CPU.Build.0 = Release|Any CPU
		{AB71D3BB-FBAF-4BC5-941B-58FC957FCD13}.Release|x64.ActiveCfg = Release|Any CPU
		{AB71D3BB-FBAF-4BC5-941B-58FC957FCD13}.Release|x64.Build.0 = Release|Any CPU
		{AB71D3BB-FBAF-4BC5-941B-58FC957FCD13}.Release|x86.ActiveCfg = Release|Any CPU
		{AB71D3BB-FBAF-4BC5-941B-58FC957FCD13}.Release|x86.Build.0 = Release|Any CPU
		{A4B9CF0E-027F-4E4B-955F-6F21EF6EDB6C}.Debug|Any CPU.ActiveCfg = Debug|Any CPU
		{A4B9CF0E-027F-4E4B-955F-6F21EF6EDB6C}.Debug|Any CPU.Build.0 = Debug|Any CPU
		{A4B9CF0E-027F-4E4B-955F-6F21EF6EDB6C}.Debug|x64.ActiveCfg = Debug|Any CPU
		{A4B9CF0E-027F-4E4B-955F-6F21EF6EDB6C}.Debug|x64.Build.0 = Debug|Any CPU
		{A4B9CF0E-027F-4E4B-955F-6F21EF6EDB6C}.Debug|x86.ActiveCfg = Debug|Any CPU
		{A4B9CF0E-027F-4E4B-955F-6F21EF6EDB6C}.Debug|x86.Build.0 = Debug|Any CPU
		{A4B9CF0E-027F-4E4B-955F-6F21EF6EDB6C}.Release|Any CPU.ActiveCfg = Release|Any CPU
		{A4B9CF0E-027F-4E4B-955F-6F21EF6EDB6C}.Release|Any CPU.Build.0 = Release|Any CPU
		{A4B9CF0E-027F-4E4B-955F-6F21EF6EDB6C}.Release|x64.ActiveCfg = Release|Any CPU
		{A4B9CF0E-027F-4E4B-955F-6F21EF6EDB6C}.Release|x64.Build.0 = Release|Any CPU
		{A4B9CF0E-027F-4E4B-955F-6F21EF6EDB6C}.Release|x86.ActiveCfg = Release|Any CPU
		{A4B9CF0E-027F-4E4B-955F-6F21EF6EDB6C}.Release|x86.Build.0 = Release|Any CPU
		{72186D63-59E9-4380-9619-0D6B34864A6E}.Debug|Any CPU.ActiveCfg = Debug|Any CPU
		{72186D63-59E9-4380-9619-0D6B34864A6E}.Debug|Any CPU.Build.0 = Debug|Any CPU
		{72186D63-59E9-4380-9619-0D6B34864A6E}.Debug|x64.ActiveCfg = Debug|Any CPU
		{72186D63-59E9-4380-9619-0D6B34864A6E}.Debug|x64.Build.0 = Debug|Any CPU
		{72186D63-59E9-4380-9619-0D6B34864A6E}.Debug|x86.ActiveCfg = Debug|Any CPU
		{72186D63-59E9-4380-9619-0D6B34864A6E}.Debug|x86.Build.0 = Debug|Any CPU
		{72186D63-59E9-4380-9619-0D6B34864A6E}.Release|Any CPU.ActiveCfg = Release|Any CPU
		{72186D63-59E9-4380-9619-0D6B34864A6E}.Release|Any CPU.Build.0 = Release|Any CPU
		{72186D63-59E9-4380-9619-0D6B34864A6E}.Release|x64.ActiveCfg = Release|Any CPU
		{72186D63-59E9-4380-9619-0D6B34864A6E}.Release|x64.Build.0 = Release|Any CPU
		{72186D63-59E9-4380-9619-0D6B34864A6E}.Release|x86.ActiveCfg = Release|Any CPU
		{72186D63-59E9-4380-9619-0D6B34864A6E}.Release|x86.Build.0 = Release|Any CPU
		{101B6631-E3B1-4CF4-9254-2964AB53E0D4}.Debug|Any CPU.ActiveCfg = Debug|Any CPU
		{101B6631-E3B1-4CF4-9254-2964AB53E0D4}.Debug|Any CPU.Build.0 = Debug|Any CPU
		{101B6631-E3B1-4CF4-9254-2964AB53E0D4}.Debug|x64.ActiveCfg = Debug|Any CPU
		{101B6631-E3B1-4CF4-9254-2964AB53E0D4}.Debug|x64.Build.0 = Debug|Any CPU
		{101B6631-E3B1-4CF4-9254-2964AB53E0D4}.Debug|x86.ActiveCfg = Debug|Any CPU
		{101B6631-E3B1-4CF4-9254-2964AB53E0D4}.Debug|x86.Build.0 = Debug|Any CPU
		{101B6631-E3B1-4CF4-9254-2964AB53E0D4}.Release|Any CPU.ActiveCfg = Release|Any CPU
		{101B6631-E3B1-4CF4-9254-2964AB53E0D4}.Release|Any CPU.Build.0 = Release|Any CPU
		{101B6631-E3B1-4CF4-9254-2964AB53E0D4}.Release|x64.ActiveCfg = Release|Any CPU
		{101B6631-E3B1-4CF4-9254-2964AB53E0D4}.Release|x64.Build.0 = Release|Any CPU
		{101B6631-E3B1-4CF4-9254-2964AB53E0D4}.Release|x86.ActiveCfg = Release|Any CPU
		{101B6631-E3B1-4CF4-9254-2964AB53E0D4}.Release|x86.Build.0 = Release|Any CPU
		{5EF03801-95F5-454B-987A-A198C79ED0F7}.Debug|Any CPU.ActiveCfg = Debug|Any CPU
		{5EF03801-95F5-454B-987A-A198C79ED0F7}.Debug|Any CPU.Build.0 = Debug|Any CPU
		{5EF03801-95F5-454B-987A-A198C79ED0F7}.Debug|x64.ActiveCfg = Debug|Any CPU
		{5EF03801-95F5-454B-987A-A198C79ED0F7}.Debug|x64.Build.0 = Debug|Any CPU
		{5EF03801-95F5-454B-987A-A198C79ED0F7}.Debug|x86.ActiveCfg = Debug|Any CPU
		{5EF03801-95F5-454B-987A-A198C79ED0F7}.Debug|x86.Build.0 = Debug|Any CPU
		{5EF03801-95F5-454B-987A-A198C79ED0F7}.Release|Any CPU.ActiveCfg = Release|Any CPU
		{5EF03801-95F5-454B-987A-A198C79ED0F7}.Release|Any CPU.Build.0 = Release|Any CPU
		{5EF03801-95F5-454B-987A-A198C79ED0F7}.Release|x64.ActiveCfg = Release|Any CPU
		{5EF03801-95F5-454B-987A-A198C79ED0F7}.Release|x64.Build.0 = Release|Any CPU
		{5EF03801-95F5-454B-987A-A198C79ED0F7}.Release|x86.ActiveCfg = Release|Any CPU
		{5EF03801-95F5-454B-987A-A198C79ED0F7}.Release|x86.Build.0 = Release|Any CPU
		{43645BE3-E425-4B40-9513-ACD65A2A5651}.Debug|Any CPU.ActiveCfg = Debug|Any CPU
		{43645BE3-E425-4B40-9513-ACD65A2A5651}.Debug|Any CPU.Build.0 = Debug|Any CPU
		{43645BE3-E425-4B40-9513-ACD65A2A5651}.Debug|x64.ActiveCfg = Debug|Any CPU
		{43645BE3-E425-4B40-9513-ACD65A2A5651}.Debug|x64.Build.0 = Debug|Any CPU
		{43645BE3-E425-4B40-9513-ACD65A2A5651}.Debug|x86.ActiveCfg = Debug|Any CPU
		{43645BE3-E425-4B40-9513-ACD65A2A5651}.Debug|x86.Build.0 = Debug|Any CPU
		{43645BE3-E425-4B40-9513-ACD65A2A5651}.Release|Any CPU.ActiveCfg = Release|Any CPU
		{43645BE3-E425-4B40-9513-ACD65A2A5651}.Release|Any CPU.Build.0 = Release|Any CPU
		{43645BE3-E425-4B40-9513-ACD65A2A5651}.Release|x64.ActiveCfg = Release|Any CPU
		{43645BE3-E425-4B40-9513-ACD65A2A5651}.Release|x64.Build.0 = Release|Any CPU
		{43645BE3-E425-4B40-9513-ACD65A2A5651}.Release|x86.ActiveCfg = Release|Any CPU
		{43645BE3-E425-4B40-9513-ACD65A2A5651}.Release|x86.Build.0 = Release|Any CPU
		{50B5943C-93F3-48C9-8D99-9CB4037C48EA}.Debug|Any CPU.ActiveCfg = Debug|Any CPU
		{50B5943C-93F3-48C9-8D99-9CB4037C48EA}.Debug|Any CPU.Build.0 = Debug|Any CPU
		{50B5943C-93F3-48C9-8D99-9CB4037C48EA}.Debug|x64.ActiveCfg = Debug|Any CPU
		{50B5943C-93F3-48C9-8D99-9CB4037C48EA}.Debug|x64.Build.0 = Debug|Any CPU
		{50B5943C-93F3-48C9-8D99-9CB4037C48EA}.Debug|x86.ActiveCfg = Debug|Any CPU
		{50B5943C-93F3-48C9-8D99-9CB4037C48EA}.Debug|x86.Build.0 = Debug|Any CPU
		{50B5943C-93F3-48C9-8D99-9CB4037C48EA}.Release|Any CPU.ActiveCfg = Release|Any CPU
		{50B5943C-93F3-48C9-8D99-9CB4037C48EA}.Release|Any CPU.Build.0 = Release|Any CPU
		{50B5943C-93F3-48C9-8D99-9CB4037C48EA}.Release|x64.ActiveCfg = Release|Any CPU
		{50B5943C-93F3-48C9-8D99-9CB4037C48EA}.Release|x64.Build.0 = Release|Any CPU
		{50B5943C-93F3-48C9-8D99-9CB4037C48EA}.Release|x86.ActiveCfg = Release|Any CPU
		{50B5943C-93F3-48C9-8D99-9CB4037C48EA}.Release|x86.Build.0 = Release|Any CPU
		{63369BE7-3327-4A75-BC92-450C3EE48749}.Debug|Any CPU.ActiveCfg = Debug|Any CPU
		{63369BE7-3327-4A75-BC92-450C3EE48749}.Debug|Any CPU.Build.0 = Debug|Any CPU
		{63369BE7-3327-4A75-BC92-450C3EE48749}.Debug|x64.ActiveCfg = Debug|Any CPU
		{63369BE7-3327-4A75-BC92-450C3EE48749}.Debug|x64.Build.0 = Debug|Any CPU
		{63369BE7-3327-4A75-BC92-450C3EE48749}.Debug|x86.ActiveCfg = Debug|Any CPU
		{63369BE7-3327-4A75-BC92-450C3EE48749}.Debug|x86.Build.0 = Debug|Any CPU
		{63369BE7-3327-4A75-BC92-450C3EE48749}.Release|Any CPU.ActiveCfg = Release|Any CPU
		{63369BE7-3327-4A75-BC92-450C3EE48749}.Release|Any CPU.Build.0 = Release|Any CPU
		{63369BE7-3327-4A75-BC92-450C3EE48749}.Release|x64.ActiveCfg = Release|Any CPU
		{63369BE7-3327-4A75-BC92-450C3EE48749}.Release|x64.Build.0 = Release|Any CPU
		{63369BE7-3327-4A75-BC92-450C3EE48749}.Release|x86.ActiveCfg = Release|Any CPU
		{63369BE7-3327-4A75-BC92-450C3EE48749}.Release|x86.Build.0 = Release|Any CPU
		{BE573939-5F43-4350-B2DA-6C4A468EFC10}.Debug|Any CPU.ActiveCfg = Debug|Any CPU
		{BE573939-5F43-4350-B2DA-6C4A468EFC10}.Debug|Any CPU.Build.0 = Debug|Any CPU
		{BE573939-5F43-4350-B2DA-6C4A468EFC10}.Debug|x64.ActiveCfg = Debug|Any CPU
		{BE573939-5F43-4350-B2DA-6C4A468EFC10}.Debug|x64.Build.0 = Debug|Any CPU
		{BE573939-5F43-4350-B2DA-6C4A468EFC10}.Debug|x86.ActiveCfg = Debug|Any CPU
		{BE573939-5F43-4350-B2DA-6C4A468EFC10}.Debug|x86.Build.0 = Debug|Any CPU
		{BE573939-5F43-4350-B2DA-6C4A468EFC10}.Release|Any CPU.ActiveCfg = Release|Any CPU
		{BE573939-5F43-4350-B2DA-6C4A468EFC10}.Release|Any CPU.Build.0 = Release|Any CPU
		{BE573939-5F43-4350-B2DA-6C4A468EFC10}.Release|x64.ActiveCfg = Release|Any CPU
		{BE573939-5F43-4350-B2DA-6C4A468EFC10}.Release|x64.Build.0 = Release|Any CPU
		{BE573939-5F43-4350-B2DA-6C4A468EFC10}.Release|x86.ActiveCfg = Release|Any CPU
		{BE573939-5F43-4350-B2DA-6C4A468EFC10}.Release|x86.Build.0 = Release|Any CPU
	EndGlobalSection
	GlobalSection(SolutionProperties) = preSolution
		HideSolutionNode = FALSE
	EndGlobalSection
	GlobalSection(ExtensibilityGlobals) = postSolution
		SolutionGuid = {C9419221-562A-4D36-90DC-696948311009}
	EndGlobalSection
EndGlobal
