
Microsoft Visual Studio Solution File, Format Version 12.00
# Visual Studio Version 17
VisualStudioVersion = 17.0.31903.59
MinimumVisualStudioVersion = 10.0.40219.1
Project("{FAE04EC0-301F-11D3-BF4B-00C04F79EFBC}") = "Esi.AI.Studio", "src\Esi.AI\Esi.AI.Studio\Esi.AI.Studio.csproj", "{23DA8108-79B1-476B-8F11-7FB34AE98472}"
EndProject
Project("{FAE04EC0-301F-11D3-BF4B-00C04F79EFBC}") = "Esi.AI.Studio.Client", "src\Esi.AI\Esi.AI.Studio.Client\Esi.AI.Studio.Client.csproj", "{CB0526D0-871F-4279-8E9E-559134357B07}"
EndProject
Project("{2150E333-8FDC-42A3-9474-1A3956D46DE8}") = "src", "src", "{827E0CD3-B72D-47B6-A68D-7590B98EB39B}"
EndProject
Project("{2150E333-8FDC-42A3-9474-1A3956D46DE8}") = "Esi.AI", "Esi.AI", "{4EB8C85B-F801-9A97-2D31-0114BD2D0289}"
EndProject
Project("{FAE04EC0-301F-11D3-BF4B-00C04F79EFBC}") = "Esi.AI.Core.Tests", "src\Esi.AI\Esi.AI.Core.Tests\Esi.AI.Core.Tests.csproj", "{3E478041-E4CA-409A-830B-650A1D29A710}"
EndProject
Project("{FAE04EC0-301F-11D3-BF4B-00C04F79EFBC}") = "Esi.AI.Core", "src\Esi.AI\Esi.AI.Core\Esi.AI.Core.csproj", "{41376023-C505-48EB-A415-803A49B662CB}"
EndProject
Project("{2150E333-8FDC-42A3-9474-1A3956D46DE8}") = "origins", "origins", "{E7EB98E2-4DD7-09A8-015D-8124C1A434CA}"
EndProject
Project("{2150E333-8FDC-42A3-9474-1A3956D46DE8}") = "sidatacom", "sidatacom", "{15255911-5353-5097-A62E-3F18E67C7FAF}"
EndProject
Project("{2150E333-8FDC-42A3-9474-1A3956D46DE8}") = "LLamaSharp", "LLamaSharp", "{388284EF-BA9F-3834-4413-6029487F88E6}"
EndProject
Project("{2150E333-8FDC-42A3-9474-1A3956D46DE8}") = "LLama", "LLama", "{15AE5075-3C79-824E-3ED0-5515DF5EAE71}"
EndProject
Project("{FAE04EC0-301F-11D3-BF4B-00C04F79EFBC}") = "LLamaSharp", "origins\sidatacom\LLamaSharp\LLama\LLamaSharp.csproj", "{DE5E2E69-6AC7-44D1-992A-AF7592E3D108}"
EndProject
Project("{2150E333-8FDC-42A3-9474-1A3956D46DE8}") = "OpenVINO-CSharp-API", "OpenVINO-CSharp-API", "{C276A8A0-7410-8100-07E1-6C7AB72D7161}"
EndProject
Project("{2150E333-8FDC-42A3-9474-1A3956D46DE8}") = "src", "src", "{7CB4410E-7E5B-A389-8314-FBD0A9EF160D}"
EndProject
Project("{FAE04EC0-301F-11D3-BF4B-00C04F79EFBC}") = "OpenVINO.CSharp.API", "origins\sidatacom\OpenVINO-CSharp-API\src\OpenVINO.CSharp.API\OpenVINO.CSharp.API.csproj", "{57E372BA-59C1-4353-98B9-720A2FA30048}"
EndProject
Project("{2150E333-8FDC-42A3-9474-1A3956D46DE8}") = "dotLLM", "dotLLM", "{B13D94B7-5AA0-9606-429E-A963ECFFE208}"
EndProject
Project("{2150E333-8FDC-42A3-9474-1A3956D46DE8}") = "src", "src", "{3B0EB81B-7897-C25D-0B4A-1D049E43486C}"
EndProject
Project("{FAE04EC0-301F-11D3-BF4B-00C04F79EFBC}") = "DotLLM.Core", "origins\sidatacom\dotLLM\src\DotLLM.Core\DotLLM.Core.csproj", "{C8A6F065-34F3-4A1C-B310-BD21CC988E65}"
EndProject
Project("{FAE04EC0-301F-11D3-BF4B-00C04F79EFBC}") = "DotLLM.Cpu", "origins\sidatacom\dotLLM\src\DotLLM.Cpu\DotLLM.Cpu.csproj", "{0BF24A52-2437-4CE2-9F8A-8678ECDE1DBE}"
EndProject
Project("{FAE04EC0-301F-11D3-BF4B-00C04F79EFBC}") = "DotLLM.Cuda", "origins\sidatacom\dotLLM\src\DotLLM.Cuda\DotLLM.Cuda.csproj", "{629CCBDC-8149-4090-B7B1-75FF8DD5C306}"
EndProject
Project("{FAE04EC0-301F-11D3-BF4B-00C04F79EFBC}") = "DotLLM.Engine", "origins\sidatacom\dotLLM\src\DotLLM.Engine\DotLLM.Engine.csproj", "{3B574648-7F41-47BC-BD42-434C4411E938}"
EndProject
Project("{FAE04EC0-301F-11D3-BF4B-00C04F79EFBC}") = "DotLLM.Models", "origins\sidatacom\dotLLM\src\DotLLM.Models\DotLLM.Models.csproj", "{A6597FCD-566B-4D9E-95C5-8919CBAA0E05}"
EndProject
Project("{FAE04EC0-301F-11D3-BF4B-00C04F79EFBC}") = "DotLLM.Tokenizers", "origins\sidatacom\dotLLM\src\DotLLM.Tokenizers\DotLLM.Tokenizers.csproj", "{1080302A-36B7-4EE1-86C2-EBA2BDA8F0C7}"
EndProject
Project("{FAE04EC0-301F-11D3-BF4B-00C04F79EFBC}") = "DotLLM.Server", "origins\sidatacom\dotLLM\src\DotLLM.Server\DotLLM.Server.csproj", "{E0DB0519-B2E5-4619-B61A-6D75CB1BB03F}"
EndProject
Project("{FAE04EC0-301F-11D3-BF4B-00C04F79EFBC}") = "DotLLM.HuggingFace", "origins\sidatacom\dotLLM\src\DotLLM.HuggingFace\DotLLM.HuggingFace.csproj", "{536CABC6-97D7-49D3-8BE8-E34EDDCCF23A}"
EndProject
Project("{FAE04EC0-301F-11D3-BF4B-00C04F79EFBC}") = "DotLLM.Telemetry", "origins\sidatacom\dotLLM\src\DotLLM.Telemetry\DotLLM.Telemetry.csproj", "{87ED1C94-1B82-49BA-A7B0-CB41E0414EFA}"
EndProject
Project("{FAE04EC0-301F-11D3-BF4B-00C04F79EFBC}") = "DotLLM.Cli", "origins\sidatacom\dotLLM\src\DotLLM.Cli\DotLLM.Cli.csproj", "{80808F54-665F-433E-9DDC-FF677C56D435}"
EndProject
Project("{FAE04EC0-301F-11D3-BF4B-00C04F79EFBC}") = "Esi.AI.Studio.Tests", "src\Esi.AI\Esi.AI.Studio.Tests\Esi.AI.Studio.Tests.csproj", "{09B100A2-0426-44AC-8E04-6941D2DD8EF6}"
EndProject
Project("{FAE04EC0-301F-11D3-BF4B-00C04F79EFBC}") = "Esi.AI.Studio.Contracts", "src\Esi.AI\Esi.AI.Studio.Contracts\Esi.AI.Studio.Contracts.csproj", "{424DB566-7694-4CE8-A7A3-13784CA2AB23}"
EndProject
Project("{FAE04EC0-301F-11D3-BF4B-00C04F79EFBC}") = "Esi.AI.Models", "src\Esi.AI\Esi.AI.Models\Esi.AI.Models.csproj", "{F83CB069-1023-4E52-8DF7-17AA221BC18C}"
EndProject
Global
	GlobalSection(SolutionConfigurationPlatforms) = preSolution
		Debug|Any CPU = Debug|Any CPU
		Debug|x64 = Debug|x64
		Debug|x86 = Debug|x86
		Release|Any CPU = Release|Any CPU
		Release|x64 = Release|x64
		Release|x86 = Release|x86
	EndGlobalSection
	GlobalSection(ProjectConfigurationPlatforms) = postSolution
		{23DA8108-79B1-476B-8F11-7FB34AE98472}.Debug|Any CPU.ActiveCfg = Debug|Any CPU
		{23DA8108-79B1-476B-8F11-7FB34AE98472}.Debug|Any CPU.Build.0 = Debug|Any CPU
		{23DA8108-79B1-476B-8F11-7FB34AE98472}.Debug|x64.ActiveCfg = Debug|Any CPU
		{23DA8108-79B1-476B-8F11-7FB34AE98472}.Debug|x64.Build.0 = Debug|Any CPU
		{23DA8108-79B1-476B-8F11-7FB34AE98472}.Debug|x86.ActiveCfg = Debug|Any CPU
		{23DA8108-79B1-476B-8F11-7FB34AE98472}.Debug|x86.Build.0 = Debug|Any CPU
		{23DA8108-79B1-476B-8F11-7FB34AE98472}.Release|Any CPU.ActiveCfg = Release|Any CPU
		{23DA8108-79B1-476B-8F11-7FB34AE98472}.Release|Any CPU.Build.0 = Release|Any CPU
		{23DA8108-79B1-476B-8F11-7FB34AE98472}.Release|x64.ActiveCfg = Release|Any CPU
		{23DA8108-79B1-476B-8F11-7FB34AE98472}.Release|x64.Build.0 = Release|Any CPU
		{23DA8108-79B1-476B-8F11-7FB34AE98472}.Release|x86.ActiveCfg = Release|Any CPU
		{23DA8108-79B1-476B-8F11-7FB34AE98472}.Release|x86.Build.0 = Release|Any CPU
		{CB0526D0-871F-4279-8E9E-559134357B07}.Debug|Any CPU.ActiveCfg = Debug|Any CPU
		{CB0526D0-871F-4279-8E9E-559134357B07}.Debug|Any CPU.Build.0 = Debug|Any CPU
		{CB0526D0-871F-4279-8E9E-559134357B07}.Debug|x64.ActiveCfg = Debug|Any CPU
		{CB0526D0-871F-4279-8E9E-559134357B07}.Debug|x64.Build.0 = Debug|Any CPU
		{CB0526D0-871F-4279-8E9E-559134357B07}.Debug|x86.ActiveCfg = Debug|Any CPU
		{CB0526D0-871F-4279-8E9E-559134357B07}.Debug|x86.Build.0 = Debug|Any CPU
		{CB0526D0-871F-4279-8E9E-559134357B07}.Release|Any CPU.ActiveCfg = Release|Any CPU
		{CB0526D0-871F-4279-8E9E-559134357B07}.Release|Any CPU.Build.0 = Release|Any CPU
		{CB0526D0-871F-4279-8E9E-559134357B07}.Release|x64.ActiveCfg = Release|Any CPU
		{CB0526D0-871F-4279-8E9E-559134357B07}.Release|x64.Build.0 = Release|Any CPU
		{CB0526D0-871F-4279-8E9E-559134357B07}.Release|x86.ActiveCfg = Release|Any CPU
		{CB0526D0-871F-4279-8E9E-559134357B07}.Release|x86.Build.0 = Release|Any CPU
		{3E478041-E4CA-409A-830B-650A1D29A710}.Debug|Any CPU.ActiveCfg = Debug|Any CPU
		{3E478041-E4CA-409A-830B-650A1D29A710}.Debug|Any CPU.Build.0 = Debug|Any CPU
		{3E478041-E4CA-409A-830B-650A1D29A710}.Debug|x64.ActiveCfg = Debug|Any CPU
		{3E478041-E4CA-409A-830B-650A1D29A710}.Debug|x64.Build.0 = Debug|Any CPU
		{3E478041-E4CA-409A-830B-650A1D29A710}.Debug|x86.ActiveCfg = Debug|Any CPU
		{3E478041-E4CA-409A-830B-650A1D29A710}.Debug|x86.Build.0 = Debug|Any CPU
		{3E478041-E4CA-409A-830B-650A1D29A710}.Release|Any CPU.ActiveCfg = Release|Any CPU
		{3E478041-E4CA-409A-830B-650A1D29A710}.Release|Any CPU.Build.0 = Release|Any CPU
		{3E478041-E4CA-409A-830B-650A1D29A710}.Release|x64.ActiveCfg = Release|Any CPU
		{3E478041-E4CA-409A-830B-650A1D29A710}.Release|x64.Build.0 = Release|Any CPU
		{3E478041-E4CA-409A-830B-650A1D29A710}.Release|x86.ActiveCfg = Release|Any CPU
		{3E478041-E4CA-409A-830B-650A1D29A710}.Release|x86.Build.0 = Release|Any CPU
		{41376023-C505-48EB-A415-803A49B662CB}.Debug|Any CPU.ActiveCfg = Debug|Any CPU
		{41376023-C505-48EB-A415-803A49B662CB}.Debug|Any CPU.Build.0 = Debug|Any CPU
		{41376023-C505-48EB-A415-803A49B662CB}.Debug|x64.ActiveCfg = Debug|Any CPU
		{41376023-C505-48EB-A415-803A49B662CB}.Debug|x64.Build.0 = Debug|Any CPU
		{41376023-C505-48EB-A415-803A49B662CB}.Debug|x86.ActiveCfg = Debug|Any CPU
		{41376023-C505-48EB-A415-803A49B662CB}.Debug|x86.Build.0 = Debug|Any CPU
		{41376023-C505-48EB-A415-803A49B662CB}.Release|Any CPU.ActiveCfg = Release|Any CPU
		{41376023-C505-48EB-A415-803A49B662CB}.Release|Any CPU.Build.0 = Release|Any CPU
		{41376023-C505-48EB-A415-803A49B662CB}.Release|x64.ActiveCfg = Release|Any CPU
		{41376023-C505-48EB-A415-803A49B662CB}.Release|x64.Build.0 = Release|Any CPU
		{41376023-C505-48EB-A415-803A49B662CB}.Release|x86.ActiveCfg = Release|Any CPU
		{41376023-C505-48EB-A415-803A49B662CB}.Release|x86.Build.0 = Release|Any CPU
		{DE5E2E69-6AC7-44D1-992A-AF7592E3D108}.Debug|Any CPU.ActiveCfg = Debug|Any CPU
		{DE5E2E69-6AC7-44D1-992A-AF7592E3D108}.Debug|Any CPU.Build.0 = Debug|Any CPU
		{DE5E2E69-6AC7-44D1-992A-AF7592E3D108}.Debug|x64.ActiveCfg = Debug|x64
		{DE5E2E69-6AC7-44D1-992A-AF7592E3D108}.Debug|x64.Build.0 = Debug|x64
		{DE5E2E69-6AC7-44D1-992A-AF7592E3D108}.Debug|x86.ActiveCfg = Debug|Any CPU
		{DE5E2E69-6AC7-44D1-992A-AF7592E3D108}.Debug|x86.Build.0 = Debug|Any CPU
		{DE5E2E69-6AC7-44D1-992A-AF7592E3D108}.Release|Any CPU.ActiveCfg = Release|Any CPU
		{DE5E2E69-6AC7-44D1-992A-AF7592E3D108}.Release|Any CPU.Build.0 = Release|Any CPU
		{DE5E2E69-6AC7-44D1-992A-AF7592E3D108}.Release|x64.ActiveCfg = Release|x64
		{DE5E2E69-6AC7-44D1-992A-AF7592E3D108}.Release|x64.Build.0 = Release|x64
		{DE5E2E69-6AC7-44D1-992A-AF7592E3D108}.Release|x86.ActiveCfg = Release|Any CPU
		{DE5E2E69-6AC7-44D1-992A-AF7592E3D108}.Release|x86.Build.0 = Release|Any CPU
		{57E372BA-59C1-4353-98B9-720A2FA30048}.Debug|Any CPU.ActiveCfg = Debug|Any CPU
		{57E372BA-59C1-4353-98B9-720A2FA30048}.Debug|Any CPU.Build.0 = Debug|Any CPU
		{57E372BA-59C1-4353-98B9-720A2FA30048}.Debug|x64.ActiveCfg = Debug|Any CPU
		{57E372BA-59C1-4353-98B9-720A2FA30048}.Debug|x64.Build.0 = Debug|Any CPU
		{57E372BA-59C1-4353-98B9-720A2FA30048}.Debug|x86.ActiveCfg = Debug|Any CPU
		{57E372BA-59C1-4353-98B9-720A2FA30048}.Debug|x86.Build.0 = Debug|Any CPU
		{57E372BA-59C1-4353-98B9-720A2FA30048}.Release|Any CPU.ActiveCfg = Release|Any CPU
		{57E372BA-59C1-4353-98B9-720A2FA30048}.Release|Any CPU.Build.0 = Release|Any CPU
		{57E372BA-59C1-4353-98B9-720A2FA30048}.Release|x64.ActiveCfg = Release|Any CPU
		{57E372BA-59C1-4353-98B9-720A2FA30048}.Release|x64.Build.0 = Release|Any CPU
		{57E372BA-59C1-4353-98B9-720A2FA30048}.Release|x86.ActiveCfg = Release|Any CPU
		{57E372BA-59C1-4353-98B9-720A2FA30048}.Release|x86.Build.0 = Release|Any CPU
		{C8A6F065-34F3-4A1C-B310-BD21CC988E65}.Debug|Any CPU.ActiveCfg = Debug|Any CPU
		{C8A6F065-34F3-4A1C-B310-BD21CC988E65}.Debug|Any CPU.Build.0 = Debug|Any CPU
		{C8A6F065-34F3-4A1C-B310-BD21CC988E65}.Debug|x64.ActiveCfg = Debug|Any CPU
		{C8A6F065-34F3-4A1C-B310-BD21CC988E65}.Debug|x64.Build.0 = Debug|Any CPU
		{C8A6F065-34F3-4A1C-B310-BD21CC988E65}.Debug|x86.ActiveCfg = Debug|Any CPU
		{C8A6F065-34F3-4A1C-B310-BD21CC988E65}.Debug|x86.Build.0 = Debug|Any CPU
		{C8A6F065-34F3-4A1C-B310-BD21CC988E65}.Release|Any CPU.ActiveCfg = Release|Any CPU
		{C8A6F065-34F3-4A1C-B310-BD21CC988E65}.Release|Any CPU.Build.0 = Release|Any CPU
		{C8A6F065-34F3-4A1C-B310-BD21CC988E65}.Release|x64.ActiveCfg = Release|Any CPU
		{C8A6F065-34F3-4A1C-B310-BD21CC988E65}.Release|x64.Build.0 = Release|Any CPU
		{C8A6F065-34F3-4A1C-B310-BD21CC988E65}.Release|x86.ActiveCfg = Release|Any CPU
		{C8A6F065-34F3-4A1C-B310-BD21CC988E65}.Release|x86.Build.0 = Release|Any CPU
		{0BF24A52-2437-4CE2-9F8A-8678ECDE1DBE}.Debug|Any CPU.ActiveCfg = Debug|Any CPU
		{0BF24A52-2437-4CE2-9F8A-8678ECDE1DBE}.Debug|Any CPU.Build.0 = Debug|Any CPU
		{0BF24A52-2437-4CE2-9F8A-8678ECDE1DBE}.Debug|x64.ActiveCfg = Debug|Any CPU
		{0BF24A52-2437-4CE2-9F8A-8678ECDE1DBE}.Debug|x64.Build.0 = Debug|Any CPU
		{0BF24A52-2437-4CE2-9F8A-8678ECDE1DBE}.Debug|x86.ActiveCfg = Debug|Any CPU
		{0BF24A52-2437-4CE2-9F8A-8678ECDE1DBE}.Debug|x86.Build.0 = Debug|Any CPU
		{0BF24A52-2437-4CE2-9F8A-8678ECDE1DBE}.Release|Any CPU.ActiveCfg = Release|Any CPU
		{0BF24A52-2437-4CE2-9F8A-8678ECDE1DBE}.Release|Any CPU.Build.0 = Release|Any CPU
		{0BF24A52-2437-4CE2-9F8A-8678ECDE1DBE}.Release|x64.ActiveCfg = Release|Any CPU
		{0BF24A52-2437-4CE2-9F8A-8678ECDE1DBE}.Release|x64.Build.0 = Release|Any CPU
		{0BF24A52-2437-4CE2-9F8A-8678ECDE1DBE}.Release|x86.ActiveCfg = Release|Any CPU
		{0BF24A52-2437-4CE2-9F8A-8678ECDE1DBE}.Release|x86.Build.0 = Release|Any CPU
		{629CCBDC-8149-4090-B7B1-75FF8DD5C306}.Debug|Any CPU.ActiveCfg = Debug|Any CPU
		{629CCBDC-8149-4090-B7B1-75FF8DD5C306}.Debug|Any CPU.Build.0 = Debug|Any CPU
		{629CCBDC-8149-4090-B7B1-75FF8DD5C306}.Debug|x64.ActiveCfg = Debug|Any CPU
		{629CCBDC-8149-4090-B7B1-75FF8DD5C306}.Debug|x64.Build.0 = Debug|Any CPU
		{629CCBDC-8149-4090-B7B1-75FF8DD5C306}.Debug|x86.ActiveCfg = Debug|Any CPU
		{629CCBDC-8149-4090-B7B1-75FF8DD5C306}.Debug|x86.Build.0 = Debug|Any CPU
		{629CCBDC-8149-4090-B7B1-75FF8DD5C306}.Release|Any CPU.ActiveCfg = Release|Any CPU
		{629CCBDC-8149-4090-B7B1-75FF8DD5C306}.Release|Any CPU.Build.0 = Release|Any CPU
		{629CCBDC-8149-4090-B7B1-75FF8DD5C306}.Release|x64.ActiveCfg = Release|Any CPU
		{629CCBDC-8149-4090-B7B1-75FF8DD5C306}.Release|x64.Build.0 = Release|Any CPU
		{629CCBDC-8149-4090-B7B1-75FF8DD5C306}.Release|x86.ActiveCfg = Release|Any CPU
		{629CCBDC-8149-4090-B7B1-75FF8DD5C306}.Release|x86.Build.0 = Release|Any CPU
		{3B574648-7F41-47BC-BD42-434C4411E938}.Debug|Any CPU.ActiveCfg = Debug|Any CPU
		{3B574648-7F41-47BC-BD42-434C4411E938}.Debug|Any CPU.Build.0 = Debug|Any CPU
		{3B574648-7F41-47BC-BD42-434C4411E938}.Debug|x64.ActiveCfg = Debug|Any CPU
		{3B574648-7F41-47BC-BD42-434C4411E938}.Debug|x64.Build.0 = Debug|Any CPU
		{3B574648-7F41-47BC-BD42-434C4411E938}.Debug|x86.ActiveCfg = Debug|Any CPU
		{3B574648-7F41-47BC-BD42-434C4411E938}.Debug|x86.Build.0 = Debug|Any CPU
		{3B574648-7F41-47BC-BD42-434C4411E938}.Release|Any CPU.ActiveCfg = Release|Any CPU
		{3B574648-7F41-47BC-BD42-434C4411E938}.Release|Any CPU.Build.0 = Release|Any CPU
		{3B574648-7F41-47BC-BD42-434C4411E938}.Release|x64.ActiveCfg = Release|Any CPU
		{3B574648-7F41-47BC-BD42-434C4411E938}.Release|x64.Build.0 = Release|Any CPU
		{3B574648-7F41-47BC-BD42-434C4411E938}.Release|x86.ActiveCfg = Release|Any CPU
		{3B574648-7F41-47BC-BD42-434C4411E938}.Release|x86.Build.0 = Release|Any CPU
		{A6597FCD-566B-4D9E-95C5-8919CBAA0E05}.Debug|Any CPU.ActiveCfg = Debug|Any CPU
		{A6597FCD-566B-4D9E-95C5-8919CBAA0E05}.Debug|Any CPU.Build.0 = Debug|Any CPU
		{A6597FCD-566B-4D9E-95C5-8919CBAA0E05}.Debug|x64.ActiveCfg = Debug|Any CPU
		{A6597FCD-566B-4D9E-95C5-8919CBAA0E05}.Debug|x64.Build.0 = Debug|Any CPU
		{A6597FCD-566B-4D9E-95C5-8919CBAA0E05}.Debug|x86.ActiveCfg = Debug|Any CPU
		{A6597FCD-566B-4D9E-95C5-8919CBAA0E05}.Debug|x86.Build.0 = Debug|Any CPU
		{A6597FCD-566B-4D9E-95C5-8919CBAA0E05}.Release|Any CPU.ActiveCfg = Release|Any CPU
		{A6597FCD-566B-4D9E-95C5-8919CBAA0E05}.Release|Any CPU.Build.0 = Release|Any CPU
		{A6597FCD-566B-4D9E-95C5-8919CBAA0E05}.Release|x64.ActiveCfg = Release|Any CPU
		{A6597FCD-566B-4D9E-95C5-8919CBAA0E05}.Release|x64.Build.0 = Release|Any CPU
		{A6597FCD-566B-4D9E-95C5-8919CBAA0E05}.Release|x86.ActiveCfg = Release|Any CPU
		{A6597FCD-566B-4D9E-95C5-8919CBAA0E05}.Release|x86.Build.0 = Release|Any CPU
		{1080302A-36B7-4EE1-86C2-EBA2BDA8F0C7}.Debug|Any CPU.ActiveCfg = Debug|Any CPU
		{1080302A-36B7-4EE1-86C2-EBA2BDA8F0C7}.Debug|Any CPU.Build.0 = Debug|Any CPU
		{1080302A-36B7-4EE1-86C2-EBA2BDA8F0C7}.Debug|x64.ActiveCfg = Debug|Any CPU
		{1080302A-36B7-4EE1-86C2-EBA2BDA8F0C7}.Debug|x64.Build.0 = Debug|Any CPU
		{1080302A-36B7-4EE1-86C2-EBA2BDA8F0C7}.Debug|x86.ActiveCfg = Debug|Any CPU
		{1080302A-36B7-4EE1-86C2-EBA2BDA8F0C7}.Debug|x86.Build.0 = Debug|Any CPU
		{1080302A-36B7-4EE1-86C2-EBA2BDA8F0C7}.Release|Any CPU.ActiveCfg = Release|Any CPU
		{1080302A-36B7-4EE1-86C2-EBA2BDA8F0C7}.Release|Any CPU.Build.0 = Release|Any CPU
		{1080302A-36B7-4EE1-86C2-EBA2BDA8F0C7}.Release|x64.ActiveCfg = Release|Any CPU
		{1080302A-36B7-4EE1-86C2-EBA2BDA8F0C7}.Release|x64.Build.0 = Release|Any CPU
		{1080302A-36B7-4EE1-86C2-EBA2BDA8F0C7}.Release|x86.ActiveCfg = Release|Any CPU
		{1080302A-36B7-4EE1-86C2-EBA2BDA8F0C7}.Release|x86.Build.0 = Release|Any CPU
		{E0DB0519-B2E5-4619-B61A-6D75CB1BB03F}.Debug|Any CPU.ActiveCfg = Debug|Any CPU
		{E0DB0519-B2E5-4619-B61A-6D75CB1BB03F}.Debug|Any CPU.Build.0 = Debug|Any CPU
		{E0DB0519-B2E5-4619-B61A-6D75CB1BB03F}.Debug|x64.ActiveCfg = Debug|Any CPU
		{E0DB0519-B2E5-4619-B61A-6D75CB1BB03F}.Debug|x64.Build.0 = Debug|Any CPU
		{E0DB0519-B2E5-4619-B61A-6D75CB1BB03F}.Debug|x86.ActiveCfg = Debug|Any CPU
		{E0DB0519-B2E5-4619-B61A-6D75CB1BB03F}.Debug|x86.Build.0 = Debug|Any CPU
		{E0DB0519-B2E5-4619-B61A-6D75CB1BB03F}.Release|Any CPU.ActiveCfg = Release|Any CPU
		{E0DB0519-B2E5-4619-B61A-6D75CB1BB03F}.Release|Any CPU.Build.0 = Release|Any CPU
		{E0DB0519-B2E5-4619-B61A-6D75CB1BB03F}.Release|x64.ActiveCfg = Release|Any CPU
		{E0DB0519-B2E5-4619-B61A-6D75CB1BB03F}.Release|x64.Build.0 = Release|Any CPU
		{E0DB0519-B2E5-4619-B61A-6D75CB1BB03F}.Release|x86.ActiveCfg = Release|Any CPU
		{E0DB0519-B2E5-4619-B61A-6D75CB1BB03F}.Release|x86.Build.0 = Release|Any CPU
		{536CABC6-97D7-49D3-8BE8-E34EDDCCF23A}.Debug|Any CPU.ActiveCfg = Debug|Any CPU
		{536CABC6-97D7-49D3-8BE8-E34EDDCCF23A}.Debug|Any CPU.Build.0 = Debug|Any CPU
		{536CABC6-97D7-49D3-8BE8-E34EDDCCF23A}.Debug|x64.ActiveCfg = Debug|Any CPU
		{536CABC6-97D7-49D3-8BE8-E34EDDCCF23A}.Debug|x64.Build.0 = Debug|Any CPU
		{536CABC6-97D7-49D3-8BE8-E34EDDCCF23A}.Debug|x86.ActiveCfg = Debug|Any CPU
		{536CABC6-97D7-49D3-8BE8-E34EDDCCF23A}.Debug|x86.Build.0 = Debug|Any CPU
		{536CABC6-97D7-49D3-8BE8-E34EDDCCF23A}.Release|Any CPU.ActiveCfg = Release|Any CPU
		{536CABC6-97D7-49D3-8BE8-E34EDDCCF23A}.Release|Any CPU.Build.0 = Release|Any CPU
		{536CABC6-97D7-49D3-8BE8-E34EDDCCF23A}.Release|x64.ActiveCfg = Release|Any CPU
		{536CABC6-97D7-49D3-8BE8-E34EDDCCF23A}.Release|x64.Build.0 = Release|Any CPU
		{536CABC6-97D7-49D3-8BE8-E34EDDCCF23A}.Release|x86.ActiveCfg = Release|Any CPU
		{536CABC6-97D7-49D3-8BE8-E34EDDCCF23A}.Release|x86.Build.0 = Release|Any CPU
		{87ED1C94-1B82-49BA-A7B0-CB41E0414EFA}.Debug|Any CPU.ActiveCfg = Debug|Any CPU
		{87ED1C94-1B82-49BA-A7B0-CB41E0414EFA}.Debug|Any CPU.Build.0 = Debug|Any CPU
		{87ED1C94-1B82-49BA-A7B0-CB41E0414EFA}.Debug|x64.ActiveCfg = Debug|Any CPU
		{87ED1C94-1B82-49BA-A7B0-CB41E0414EFA}.Debug|x64.Build.0 = Debug|Any CPU
		{87ED1C94-1B82-49BA-A7B0-CB41E0414EFA}.Debug|x86.ActiveCfg = Debug|Any CPU
		{87ED1C94-1B82-49BA-A7B0-CB41E0414EFA}.Debug|x86.Build.0 = Debug|Any CPU
		{87ED1C94-1B82-49BA-A7B0-CB41E0414EFA}.Release|Any CPU.ActiveCfg = Release|Any CPU
		{87ED1C94-1B82-49BA-A7B0-CB41E0414EFA}.Release|Any CPU.Build.0 = Release|Any CPU
		{87ED1C94-1B82-49BA-A7B0-CB41E0414EFA}.Release|x64.ActiveCfg = Release|Any CPU
		{87ED1C94-1B82-49BA-A7B0-CB41E0414EFA}.Release|x64.Build.0 = Release|Any CPU
		{87ED1C94-1B82-49BA-A7B0-CB41E0414EFA}.Release|x86.ActiveCfg = Release|Any CPU
		{87ED1C94-1B82-49BA-A7B0-CB41E0414EFA}.Release|x86.Build.0 = Release|Any CPU
		{80808F54-665F-433E-9DDC-FF677C56D435}.Debug|Any CPU.ActiveCfg = Debug|Any CPU
		{80808F54-665F-433E-9DDC-FF677C56D435}.Debug|Any CPU.Build.0 = Debug|Any CPU
		{80808F54-665F-433E-9DDC-FF677C56D435}.Debug|x64.ActiveCfg = Debug|Any CPU
		{80808F54-665F-433E-9DDC-FF677C56D435}.Debug|x64.Build.0 = Debug|Any CPU
		{80808F54-665F-433E-9DDC-FF677C56D435}.Debug|x86.ActiveCfg = Debug|Any CPU
		{80808F54-665F-433E-9DDC-FF677C56D435}.Debug|x86.Build.0 = Debug|Any CPU
		{80808F54-665F-433E-9DDC-FF677C56D435}.Release|Any CPU.ActiveCfg = Release|Any CPU
		{80808F54-665F-433E-9DDC-FF677C56D435}.Release|Any CPU.Build.0 = Release|Any CPU
		{80808F54-665F-433E-9DDC-FF677C56D435}.Release|x64.ActiveCfg = Release|Any CPU
		{80808F54-665F-433E-9DDC-FF677C56D435}.Release|x64.Build.0 = Release|Any CPU
		{80808F54-665F-433E-9DDC-FF677C56D435}.Release|x86.ActiveCfg = Release|Any CPU
		{80808F54-665F-433E-9DDC-FF677C56D435}.Release|x86.Build.0 = Release|Any CPU
		{09B100A2-0426-44AC-8E04-6941D2DD8EF6}.Debug|Any CPU.ActiveCfg = Debug|Any CPU
		{09B100A2-0426-44AC-8E04-6941D2DD8EF6}.Debug|Any CPU.Build.0 = Debug|Any CPU
		{09B100A2-0426-44AC-8E04-6941D2DD8EF6}.Debug|x64.ActiveCfg = Debug|Any CPU
		{09B100A2-0426-44AC-8E04-6941D2DD8EF6}.Debug|x64.Build.0 = Debug|Any CPU
		{09B100A2-0426-44AC-8E04-6941D2DD8EF6}.Debug|x86.ActiveCfg = Debug|Any CPU
		{09B100A2-0426-44AC-8E04-6941D2DD8EF6}.Debug|x86.Build.0 = Debug|Any CPU
		{09B100A2-0426-44AC-8E04-6941D2DD8EF6}.Release|Any CPU.ActiveCfg = Release|Any CPU
		{09B100A2-0426-44AC-8E04-6941D2DD8EF6}.Release|Any CPU.Build.0 = Release|Any CPU
		{09B100A2-0426-44AC-8E04-6941D2DD8EF6}.Release|x64.ActiveCfg = Release|Any CPU
		{09B100A2-0426-44AC-8E04-6941D2DD8EF6}.Release|x64.Build.0 = Release|Any CPU
		{09B100A2-0426-44AC-8E04-6941D2DD8EF6}.Release|x86.ActiveCfg = Release|Any CPU
		{09B100A2-0426-44AC-8E04-6941D2DD8EF6}.Release|x86.Build.0 = Release|Any CPU
		{424DB566-7694-4CE8-A7A3-13784CA2AB23}.Debug|Any CPU.ActiveCfg = Debug|Any CPU
		{424DB566-7694-4CE8-A7A3-13784CA2AB23}.Debug|Any CPU.Build.0 = Debug|Any CPU
		{424DB566-7694-4CE8-A7A3-13784CA2AB23}.Debug|x64.ActiveCfg = Debug|Any CPU
		{424DB566-7694-4CE8-A7A3-13784CA2AB23}.Debug|x64.Build.0 = Debug|Any CPU
		{424DB566-7694-4CE8-A7A3-13784CA2AB23}.Debug|x86.ActiveCfg = Debug|Any CPU
		{424DB566-7694-4CE8-A7A3-13784CA2AB23}.Debug|x86.Build.0 = Debug|Any CPU
		{424DB566-7694-4CE8-A7A3-13784CA2AB23}.Release|Any CPU.ActiveCfg = Release|Any CPU
		{424DB566-7694-4CE8-A7A3-13784CA2AB23}.Release|Any CPU.Build.0 = Release|Any CPU
		{424DB566-7694-4CE8-A7A3-13784CA2AB23}.Release|x64.ActiveCfg = Release|Any CPU
		{424DB566-7694-4CE8-A7A3-13784CA2AB23}.Release|x64.Build.0 = Release|Any CPU
		{424DB566-7694-4CE8-A7A3-13784CA2AB23}.Release|x86.ActiveCfg = Release|Any CPU
		{424DB566-7694-4CE8-A7A3-13784CA2AB23}.Release|x86.Build.0 = Release|Any CPU
		{F83CB069-1023-4E52-8DF7-17AA221BC18C}.Debug|Any CPU.ActiveCfg = Debug|Any CPU
		{F83CB069-1023-4E52-8DF7-17AA221BC18C}.Debug|Any CPU.Build.0 = Debug|Any CPU
		{F83CB069-1023-4E52-8DF7-17AA221BC18C}.Debug|x64.ActiveCfg = Debug|Any CPU
		{F83CB069-1023-4E52-8DF7-17AA221BC18C}.Debug|x64.Build.0 = Debug|Any CPU
		{F83CB069-1023-4E52-8DF7-17AA221BC18C}.Debug|x86.ActiveCfg = Debug|Any CPU
		{F83CB069-1023-4E52-8DF7-17AA221BC18C}.Debug|x86.Build.0 = Debug|Any CPU
		{F83CB069-1023-4E52-8DF7-17AA221BC18C}.Release|Any CPU.ActiveCfg = Release|Any CPU
		{F83CB069-1023-4E52-8DF7-17AA221BC18C}.Release|Any CPU.Build.0 = Release|Any CPU
		{F83CB069-1023-4E52-8DF7-17AA221BC18C}.Release|x64.ActiveCfg = Release|Any CPU
		{F83CB069-1023-4E52-8DF7-17AA221BC18C}.Release|x64.Build.0 = Release|Any CPU
		{F83CB069-1023-4E52-8DF7-17AA221BC18C}.Release|x86.ActiveCfg = Release|Any CPU
		{F83CB069-1023-4E52-8DF7-17AA221BC18C}.Release|x86.Build.0 = Release|Any CPU
	EndGlobalSection
	GlobalSection(SolutionProperties) = preSolution
		HideSolutionNode = FALSE
	EndGlobalSection
	GlobalSection(NestedProjects) = preSolution
		{4EB8C85B-F801-9A97-2D31-0114BD2D0289} = {827E0CD3-B72D-47B6-A68D-7590B98EB39B}
		{3E478041-E4CA-409A-830B-650A1D29A710} = {4EB8C85B-F801-9A97-2D31-0114BD2D0289}
		{41376023-C505-48EB-A415-803A49B662CB} = {4EB8C85B-F801-9A97-2D31-0114BD2D0289}
		{15255911-5353-5097-A62E-3F18E67C7FAF} = {E7EB98E2-4DD7-09A8-015D-8124C1A434CA}
		{388284EF-BA9F-3834-4413-6029487F88E6} = {15255911-5353-5097-A62E-3F18E67C7FAF}
		{15AE5075-3C79-824E-3ED0-5515DF5EAE71} = {388284EF-BA9F-3834-4413-6029487F88E6}
		{DE5E2E69-6AC7-44D1-992A-AF7592E3D108} = {15AE5075-3C79-824E-3ED0-5515DF5EAE71}
		{C276A8A0-7410-8100-07E1-6C7AB72D7161} = {15255911-5353-5097-A62E-3F18E67C7FAF}
		{7CB4410E-7E5B-A389-8314-FBD0A9EF160D} = {C276A8A0-7410-8100-07E1-6C7AB72D7161}
		{57E372BA-59C1-4353-98B9-720A2FA30048} = {7CB4410E-7E5B-A389-8314-FBD0A9EF160D}
		{B13D94B7-5AA0-9606-429E-A963ECFFE208} = {15255911-5353-5097-A62E-3F18E67C7FAF}
		{3B0EB81B-7897-C25D-0B4A-1D049E43486C} = {B13D94B7-5AA0-9606-429E-A963ECFFE208}
		{C8A6F065-34F3-4A1C-B310-BD21CC988E65} = {3B0EB81B-7897-C25D-0B4A-1D049E43486C}
		{0BF24A52-2437-4CE2-9F8A-8678ECDE1DBE} = {3B0EB81B-7897-C25D-0B4A-1D049E43486C}
		{629CCBDC-8149-4090-B7B1-75FF8DD5C306} = {3B0EB81B-7897-C25D-0B4A-1D049E43486C}
		{3B574648-7F41-47BC-BD42-434C4411E938} = {3B0EB81B-7897-C25D-0B4A-1D049E43486C}
		{A6597FCD-566B-4D9E-95C5-8919CBAA0E05} = {3B0EB81B-7897-C25D-0B4A-1D049E43486C}
		{1080302A-36B7-4EE1-86C2-EBA2BDA8F0C7} = {3B0EB81B-7897-C25D-0B4A-1D049E43486C}
		{E0DB0519-B2E5-4619-B61A-6D75CB1BB03F} = {3B0EB81B-7897-C25D-0B4A-1D049E43486C}
		{536CABC6-97D7-49D3-8BE8-E34EDDCCF23A} = {3B0EB81B-7897-C25D-0B4A-1D049E43486C}
		{87ED1C94-1B82-49BA-A7B0-CB41E0414EFA} = {3B0EB81B-7897-C25D-0B4A-1D049E43486C}
		{80808F54-665F-433E-9DDC-FF677C56D435} = {3B0EB81B-7897-C25D-0B4A-1D049E43486C}
		{09B100A2-0426-44AC-8E04-6941D2DD8EF6} = {4EB8C85B-F801-9A97-2D31-0114BD2D0289}
		{424DB566-7694-4CE8-A7A3-13784CA2AB23} = {4EB8C85B-F801-9A97-2D31-0114BD2D0289}
		{F83CB069-1023-4E52-8DF7-17AA221BC18C} = {4EB8C85B-F801-9A97-2D31-0114BD2D0289}
	EndGlobalSection
EndGlobal
