
Microsoft Visual Studio Solution File, Format Version 12.00
# Visual Studio Version 17
VisualStudioVersion = 17.0.31903.59
MinimumVisualStudioVersion = 10.0.40219.1
Project("{9A19103F-16F7-4668-BE54-9A1E7A4F7556}") = "Esi.AI.LiteLlm", "Esi.AI.LiteLlm\Esi.AI.LiteLlm.csproj", "{01E2A0B1-A7CC-4647-A9D7-7E3B4B5D2A01}"
EndProject
Project("{9A19103F-16F7-4668-BE54-9A1E7A4F7556}") = "ProjectFiles.Client", "Esi.AI.LiteLlm.Client\ProjectFiles.Client.csproj", "{02E2A0B1-A7CC-4647-A9D7-7E3B4B5D2A02}"
EndProject
Project("{2150E333-8FDC-42A3-9474-1A3956D46DE8}") = "Esi.AI.LiteLlm.Client", "Esi.AI.LiteLlm.Client", "{53862DE4-3554-4501-D414-5521D77C6801}"
EndProject
Global
	GlobalSection(SolutionConfigurationPlatforms) = preSolution
		Debug|Any CPU = Debug|Any CPU
		Debug|x64 = Debug|x64
		Debug|x86 = Debug|x86
		Release|Any CPU = Release|Any CPU
		Release|x64 = Release|x64
		Release|x86 = Release|x86
	EndGlobalSection
	GlobalSection(ProjectConfigurationPlatforms) = postSolution
		{01E2A0B1-A7CC-4647-A9D7-7E3B4B5D2A01}.Debug|Any CPU.ActiveCfg = Debug|Any CPU
		{01E2A0B1-A7CC-4647-A9D7-7E3B4B5D2A01}.Debug|Any CPU.Build.0 = Debug|Any CPU
		{01E2A0B1-A7CC-4647-A9D7-7E3B4B5D2A01}.Debug|x64.ActiveCfg = Debug|Any CPU
		{01E2A0B1-A7CC-4647-A9D7-7E3B4B5D2A01}.Debug|x64.Build.0 = Debug|Any CPU
		{01E2A0B1-A7CC-4647-A9D7-7E3B4B5D2A01}.Debug|x86.ActiveCfg = Debug|Any CPU
		{01E2A0B1-A7CC-4647-A9D7-7E3B4B5D2A01}.Debug|x86.Build.0 = Debug|Any CPU
		{01E2A0B1-A7CC-4647-A9D7-7E3B4B5D2A01}.Release|Any CPU.ActiveCfg = Release|Any CPU
		{01E2A0B1-A7CC-4647-A9D7-7E3B4B5D2A01}.Release|Any CPU.Build.0 = Release|Any CPU
		{01E2A0B1-A7CC-4647-A9D7-7E3B4B5D2A01}.Release|x64.ActiveCfg = Release|Any CPU
		{01E2A0B1-A7CC-4647-A9D7-7E3B4B5D2A01}.Release|x64.Build.0 = Release|Any CPU
		{01E2A0B1-A7CC-4647-A9D7-7E3B4B5D2A01}.Release|x86.ActiveCfg = Release|Any CPU
		{01E2A0B1-A7CC-4647-A9D7-7E3B4B5D2A01}.Release|x86.Build.0 = Release|Any CPU
		{02E2A0B1-A7CC-4647-A9D7-7E3B4B5D2A02}.Debug|Any CPU.ActiveCfg = Debug|Any CPU
		{02E2A0B1-A7CC-4647-A9D7-7E3B4B5D2A02}.Debug|Any CPU.Build.0 = Debug|Any CPU
		{02E2A0B1-A7CC-4647-A9D7-7E3B4B5D2A02}.Debug|x64.ActiveCfg = Debug|Any CPU
		{02E2A0B1-A7CC-4647-A9D7-7E3B4B5D2A02}.Debug|x64.Build.0 = Debug|Any CPU
		{02E2A0B1-A7CC-4647-A9D7-7E3B4B5D2A02}.Debug|x86.ActiveCfg = Debug|Any CPU
		{02E2A0B1-A7CC-4647-A9D7-7E3B4B5D2A02}.Debug|x86.Build.0 = Debug|Any CPU
		{02E2A0B1-A7CC-4647-A9D7-7E3B4B5D2A02}.Release|Any CPU.ActiveCfg = Release|Any CPU
		{02E2A0B1-A7CC-4647-A9D7-7E3B4B5D2A02}.Release|Any CPU.Build.0 = Release|Any CPU
		{02E2A0B1-A7CC-4647-A9D7-7E3B4B5D2A02}.Release|x64.ActiveCfg = Release|Any CPU
		{02E2A0B1-A7CC-4647-A9D7-7E3B4B5D2A02}.Release|x64.Build.0 = Release|Any CPU
		{02E2A0B1-A7CC-4647-A9D7-7E3B4B5D2A02}.Release|x86.ActiveCfg = Release|Any CPU
		{02E2A0B1-A7CC-4647-A9D7-7E3B4B5D2A02}.Release|x86.Build.0 = Release|Any CPU
		{C1DD5DC3-81B9-4489-8CF0-70ECFFE4787B}.Debug|Any CPU.ActiveCfg = Debug|Any CPU
		{C1DD5DC3-81B9-4489-8CF0-70ECFFE4787B}.Debug|Any CPU.Build.0 = Debug|Any CPU
		{C1DD5DC3-81B9-4489-8CF0-70ECFFE4787B}.Debug|x64.ActiveCfg = Debug|Any CPU
		{C1DD5DC3-81B9-4489-8CF0-70ECFFE4787B}.Debug|x64.Build.0 = Debug|Any CPU
		{C1DD5DC3-81B9-4489-8CF0-70ECFFE4787B}.Debug|x86.ActiveCfg = Debug|Any CPU
		{C1DD5DC3-81B9-4489-8CF0-70ECFFE4787B}.Debug|x86.Build.0 = Debug|Any CPU
		{C1DD5DC3-81B9-4489-8CF0-70ECFFE4787B}.Release|Any CPU.ActiveCfg = Release|Any CPU
		{C1DD5DC3-81B9-4489-8CF0-70ECFFE4787B}.Release|Any CPU.Build.0 = Release|Any CPU
		{C1DD5DC3-81B9-4489-8CF0-70ECFFE4787B}.Release|x64.ActiveCfg = Release|Any CPU
		{C1DD5DC3-81B9-4489-8CF0-70ECFFE4787B}.Release|x64.Build.0 = Release|Any CPU
		{C1DD5DC3-81B9-4489-8CF0-70ECFFE4787B}.Release|x86.ActiveCfg = Release|Any CPU
		{C1DD5DC3-81B9-4489-8CF0-70ECFFE4787B}.Release|x86.Build.0 = Release|Any CPU
		{AB7B8377-3205-40B8-840D-B57229C142C5}.Debug|Any CPU.ActiveCfg = Debug|Any CPU
		{AB7B8377-3205-40B8-840D-B57229C142C5}.Debug|Any CPU.Build.0 = Debug|Any CPU
		{AB7B8377-3205-40B8-840D-B57229C142C5}.Debug|x64.ActiveCfg = Debug|Any CPU
		{AB7B8377-3205-40B8-840D-B57229C142C5}.Debug|x64.Build.0 = Debug|Any CPU
		{AB7B8377-3205-40B8-840D-B57229C142C5}.Debug|x86.ActiveCfg = Debug|Any CPU
		{AB7B8377-3205-40B8-840D-B57229C142C5}.Debug|x86.Build.0 = Debug|Any CPU
		{AB7B8377-3205-40B8-840D-B57229C142C5}.Release|Any CPU.ActiveCfg = Release|Any CPU
		{AB7B8377-3205-40B8-840D-B57229C142C5}.Release|Any CPU.Build.0 = Release|Any CPU
		{AB7B8377-3205-40B8-840D-B57229C142C5}.Release|x64.ActiveCfg = Release|Any CPU
		{AB7B8377-3205-40B8-840D-B57229C142C5}.Release|x64.Build.0 = Release|Any CPU
		{AB7B8377-3205-40B8-840D-B57229C142C5}.Release|x86.ActiveCfg = Release|Any CPU
		{AB7B8377-3205-40B8-840D-B57229C142C5}.Release|x86.Build.0 = Release|Any CPU
	EndGlobalSection
	GlobalSection(SolutionProperties) = preSolution
		HideSolutionNode = FALSE
	EndGlobalSection
EndGlobal
