Microsoft Visual Studio Solution File, Format Version 12.00
# Visual Studio Version 16
VisualStudioVersion = 16.0.0.0
MinimumVisualStudioVersion = 16.0.0.0
Project("{9A19103F-16F7-4668-BE54-9A1E7A4F7556}") = "Esi.AI.LocalAI", "Esi.AI.LocalAI\Esi.AI.LocalAI.csproj", "{50E06218-3545-443C-8D3E-0F7B8098A1B7}"
EndProject
Project("{9A19103F-16F7-4668-BE54-9A1E7A4F7556}") = "Esi.AI.LocalAI.Client", "Esi.AI.LocalAI.Client\Esi.AI.LocalAI.Client.csproj", "{4A36B595-6894-4775-9E65-F2DCA3839753}"
EndProject
Global
	GlobalSection(SolutionConfigurationPlatforms) = preSolution
		Debug|Any CPU = Debug|Any CPU
		Debug|x64 = Debug|x64
		Debug|x86 = Debug|x86
		Release|Any CPU = Release|Any CPU
		Release|x64 = Release|x64
		Release|x86 = Release|x86
	EndGlobalSection
	GlobalSection(ProjectConfigurationPlatforms) = postSolution
		{4A36B595-6894-4775-9E65-F2DCA3839753}.Debug|Any CPU.ActiveCfg = Debug|Any CPU
		{4A36B595-6894-4775-9E65-F2DCA3839753}.Debug|Any CPU.Build.0 = Debug|Any CPU
		{4A36B595-6894-4775-9E65-F2DCA3839753}.Debug|x64.ActiveCfg = Debug|Any CPU
		{4A36B595-6894-4775-9E65-F2DCA3839753}.Debug|x64.Build.0 = Debug|Any CPU
		{4A36B595-6894-4775-9E65-F2DCA3839753}.Debug|x86.ActiveCfg = Debug|Any CPU
		{4A36B595-6894-4775-9E65-F2DCA3839753}.Debug|x86.Build.0 = Debug|Any CPU
		{4A36B595-6894-4775-9E65-F2DCA3839753}.Release|Any CPU.ActiveCfg = Release|Any CPU
		{4A36B595-6894-4775-9E65-F2DCA3839753}.Release|Any CPU.Build.0 = Release|Any CPU
		{4A36B595-6894-4775-9E65-F2DCA3839753}.Release|x64.ActiveCfg = Release|Any CPU
		{4A36B595-6894-4775-9E65-F2DCA3839753}.Release|x64.Build.0 = Release|Any CPU
		{4A36B595-6894-4775-9E65-F2DCA3839753}.Release|x86.ActiveCfg = Release|Any CPU
		{4A36B595-6894-4775-9E65-F2DCA3839753}.Release|x86.Build.0 = Release|Any CPU
		{50E06218-3545-443C-8D3E-0F7B8098A1B7}.Debug|Any CPU.ActiveCfg = Debug|Any CPU
		{50E06218-3545-443C-8D3E-0F7B8098A1B7}.Debug|Any CPU.Build.0 = Debug|Any CPU
		{50E06218-3545-443C-8D3E-0F7B8098A1B7}.Debug|x64.ActiveCfg = Debug|Any CPU
		{50E06218-3545-443C-8D3E-0F7B8098A1B7}.Debug|x64.Build.0 = Debug|Any CPU
		{50E06218-3545-443C-8D3E-0F7B8098A1B7}.Debug|x86.ActiveCfg = Debug|Any CPU
		{50E06218-3545-443C-8D3E-0F7B8098A1B7}.Debug|x86.Build.0 = Debug|Any CPU
		{50E06218-3545-443C-8D3E-0F7B8098A1B7}.Release|Any CPU.ActiveCfg = Release|Any CPU
		{50E06218-3545-443C-8D3E-0F7B8098A1B7}.Release|Any CPU.Build.0 = Release|Any CPU
		{50E06218-3545-443C-8D3E-0F7B8098A1B7}.Release|x64.ActiveCfg = Release|Any CPU
		{50E06218-3545-443C-8D3E-0F7B8098A1B7}.Release|x64.Build.0 = Release|Any CPU
		{50E06218-3545-443C-8D3E-0F7B8098A1B7}.Release|x86.ActiveCfg = Release|Any CPU
		{50E06218-3545-443C-8D3E-0F7B8098A1B7}.Release|x86.Build.0 = Release|Any CPU
	EndGlobalSection
	GlobalSection(SolutionProperties) = preSolution
		HideSolutionNode = FALSE
	EndGlobalSection
	GlobalSection(ExtensibilityGlobals) = postSolution
		SolutionGuid = {592F0979-1CBC-445D-AB63-F606B38336EC}
	EndGlobalSection
EndGlobal
