
Microsoft Visual Studio Solution File, Format Version 12.00
# Visual Studio Version 18
VisualStudioVersion = 18.9.12120.119 stable
MinimumVisualStudioVersion = 10.0.40219.1
Project("{2150E333-8FDC-42A3-9474-1A3956D46DE8}") = "Esi.RAG", "Esi.RAG", "{827E0CD3-B72D-47B6-A68D-7590B98EB39B}"
EndProject
Project("{FAE04EC0-301F-11D3-BF4B-00C04F79EFBC}") = "Esi.RAG\Esi.RAG.Application", "Esi.RAG\Esi.RAG.Application\Esi.RAG.Application.csproj", "{A033ED7E-9DEA-4030-99DF-E14B5ED265ED}"
EndProject
Project("{FAE04EC0-301F-11D3-BF4B-00C04F79EFBC}") = "Esi.RAG\Esi.RAG.Domain", "Esi.RAG\Esi.RAG.Domain\Esi.RAG.Domain.csproj", "{7B8DE2D3-4BCE-4DEA-89F8-B0F3C95B1B58}"
EndProject
Project("{FAE04EC0-301F-11D3-BF4B-00C04F79EFBC}") = "Esi.RAG\Esi.RAG.Infrastructure", "Esi.RAG\Esi.RAG.Infrastructure\Esi.RAG.Infrastructure.csproj", "{DA9B34DE-4D68-48FC-84B2-63AC272BC56F}"
EndProject
Project("{FAE04EC0-301F-11D3-BF4B-00C04F79EFBC}") = "Esi.RAG\Esi.RAG.Ingestion", "Esi.RAG\Esi.RAG.Ingestion\Esi.RAG.Ingestion.csproj", "{74E73B4C-0E38-4661-AF1A-C75D7A804075}"
EndProject
Project("{FAE04EC0-301F-11D3-BF4B-00C04F79EFBC}") = "Esi.RAG\Esi.RAG.Cli", "Esi.RAG\Esi.RAG.Cli\Esi.RAG.Cli.csproj", "{834F9A51-1B1A-42F5-804F-48C167E1D29B}"
EndProject
Project("{FAE04EC0-301F-11D3-BF4B-00C04F79EFBC}") = "Esi.RAG\Esi.RAG.Api", "Esi.RAG\Esi.RAG.Api\Esi.RAG.Api.csproj", "{9E38DF2D-AD5E-5721-CD7A-73D809A51FF7}"
EndProject
Project("{2150E333-8FDC-42A3-9474-1A3956D46DE8}") = "tests", "..\tests", "{0AB3BF05-4346-4AA6-1389-037BE0695223}"
EndProject
Project("{FAE04EC0-301F-11D3-BF4B-00C04F79EFBC}") = "..\tests\Esi.RAG.Api.Tests", "..\tests\Esi.RAG.Api.Tests\Esi.RAG.Api.Tests.csproj", "{845B3377-0349-4798-A6CF-CD18815CA575}"
EndProject
Project("{FAE04EC0-301F-11D3-BF4B-00C04F79EFBC}") = "..\tests\Esi.RAG.Application.Tests", "..\tests\Esi.RAG.Application.Tests\Esi.RAG.Application.Tests.csproj", "{8DC6A78A-FC36-46F5-9358-FACAFFC182BB}"
EndProject
Project("{FAE04EC0-301F-11D3-BF4B-00C04F79EFBC}") = "..\tests\Esi.RAG.Domain.Tests", "..\tests\Esi.RAG.Domain.Tests\Esi.RAG.Domain.Tests.csproj", "{175C8593-F94C-4FE2-BB81-545CB44DD6C9}"
EndProject
Project("{FAE04EC0-301F-11D3-BF4B-00C04F79EFBC}") = "..\tests\Esi.RAG.Infrastructure.Tests", "..\tests\Esi.RAG.Infrastructure.Tests\Esi.RAG.Infrastructure.Tests.csproj", "{9E5D9EAC-6B47-4353-97B7-D6649032EDAD}"
EndProject
Project("{FAE04EC0-301F-11D3-BF4B-00C04F79EFBC}") = "..\tests\Esi.RAG.Ingestion.Tests", "..\tests\Esi.RAG.Ingestion.Tests\Esi.RAG.Ingestion.Tests.csproj", "{2904E1ED-C4FB-46C5-B4D4-A9B04F56384C}"
EndProject

Global
	GlobalSection(SolutionConfigurationPlatforms) = preSolution
		Debug|Any CPU = Debug|Any CPU
		Debug|x64 = Debug|x64
		Debug|x86 = Debug|x86
		Release|Any CPU = Release|Any CPU
		Release|x64 = Release|x64
		Release|x86 = Release|x86
	EndGlobalSection
	GlobalSection(ProjectConfigurationPlatforms) = postSolution
		{A033ED7E-9DEA-4030-99DF-E14B5ED265ED}.Debug|Any CPU.ActiveCfg = Debug|Any CPU
		{A033ED7E-9DEA-4030-99DF-E14B5ED265ED}.Debug|Any CPU.Build.0 = Debug|Any CPU
		{A033ED7E-9DEA-4030-99DF-E14B5ED265ED}.Debug|x64.ActiveCfg = Debug|Any CPU
		{A033ED7E-9DEA-4030-99DF-E14B5ED265ED}.Debug|x64.Build.0 = Debug|Any CPU
		{A033ED7E-9DEA-4030-99DF-E14B5ED265ED}.Debug|x86.ActiveCfg = Debug|Any CPU
		{A033ED7E-9DEA-4030-99DF-E14B5ED265ED}.Debug|x86.Build.0 = Debug|Any CPU
		{A033ED7E-9DEA-4030-99DF-E14B5ED265ED}.Release|Any CPU.ActiveCfg = Release|Any CPU
		{A033ED7E-9DEA-4030-99DF-E14B5ED265ED}.Release|Any CPU.Build.0 = Release|Any CPU
		{A033ED7E-9DEA-4030-99DF-E14B5ED265ED}.Release|x64.ActiveCfg = Release|Any CPU
		{A033ED7E-9DEA-4030-99DF-E14B5ED265ED}.Release|x64.Build.0 = Release|Any CPU
		{A033ED7E-9DEA-4030-99DF-E14B5ED265ED}.Release|x86.ActiveCfg = Release|Any CPU
		{A033ED7E-9DEA-4030-99DF-E14B5ED265ED}.Release|x86.Build.0 = Release|Any CPU
		{7B8DE2D3-4BCE-4DEA-89F8-B0F3C95B1B58}.Debug|Any CPU.ActiveCfg = Debug|Any CPU
		{7B8DE2D3-4BCE-4DEA-89F8-B0F3C95B1B58}.Debug|Any CPU.Build.0 = Debug|Any CPU
		{7B8DE2D3-4BCE-4DEA-89F8-B0F3C95B1B58}.Debug|x64.ActiveCfg = Debug|Any CPU
		{7B8DE2D3-4BCE-4DEA-89F8-B0F3C95B1B58}.Debug|x64.Build.0 = Debug|Any CPU
		{7B8DE2D3-4BCE-4DEA-89F8-B0F3C95B1B58}.Debug|x86.ActiveCfg = Debug|Any CPU
		{7B8DE2D3-4BCE-4DEA-89F8-B0F3C95B1B58}.Debug|x86.Build.0 = Debug|Any CPU
		{7B8DE2D3-4BCE-4DEA-89F8-B0F3C95B1B58}.Release|Any CPU.ActiveCfg = Release|Any CPU
		{7B8DE2D3-4BCE-4DEA-89F8-B0F3C95B1B58}.Release|Any CPU.Build.0 = Release|Any CPU
		{7B8DE2D3-4BCE-4DEA-89F8-B0F3C95B1B58}.Release|x64.ActiveCfg = Release|Any CPU
		{7B8DE2D3-4BCE-4DEA-89F8-B0F3C95B1B58}.Release|x64.Build.0 = Release|Any CPU
		{7B8DE2D3-4BCE-4DEA-89F8-B0F3C95B1B58}.Release|x86.ActiveCfg = Release|Any CPU
		{7B8DE2D3-4BCE-4DEA-89F8-B0F3C95B1B58}.Release|x86.Build.0 = Release|Any CPU
		{DA9B34DE-4D68-48FC-84B2-63AC272BC56F}.Debug|Any CPU.ActiveCfg = Debug|Any CPU
		{DA9B34DE-4D68-48FC-84B2-63AC272BC56F}.Debug|Any CPU.Build.0 = Debug|Any CPU
		{DA9B34DE-4D68-48FC-84B2-63AC272BC56F}.Debug|x64.ActiveCfg = Debug|Any CPU
		{DA9B34DE-4D68-48FC-84B2-63AC272BC56F}.Debug|x64.Build.0 = Debug|Any CPU
		{DA9B34DE-4D68-48FC-84B2-63AC272BC56F}.Debug|x86.ActiveCfg = Debug|Any CPU
		{DA9B34DE-4D68-48FC-84B2-63AC272BC56F}.Debug|x86.Build.0 = Debug|Any CPU
		{DA9B34DE-4D68-48FC-84B2-63AC272BC56F}.Release|Any CPU.ActiveCfg = Release|Any CPU
		{DA9B34DE-4D68-48FC-84B2-63AC272BC56F}.Release|Any CPU.Build.0 = Release|Any CPU
		{DA9B34DE-4D68-48FC-84B2-63AC272BC56F}.Release|x64.ActiveCfg = Release|Any CPU
		{DA9B34DE-4D68-48FC-84B2-63AC272BC56F}.Release|x64.Build.0 = Release|Any CPU
		{DA9B34DE-4D68-48FC-84B2-63AC272BC56F}.Release|x86.ActiveCfg = Release|Any CPU
		{DA9B34DE-4D68-48FC-84B2-63AC272BC56F}.Release|x86.Build.0 = Release|Any CPU
		{74E73B4C-0E38-4661-AF1A-C75D7A804075}.Debug|Any CPU.ActiveCfg = Debug|Any CPU
		{74E73B4C-0E38-4661-AF1A-C75D7A804075}.Debug|Any CPU.Build.0 = Debug|Any CPU
		{74E73B4C-0E38-4661-AF1A-C75D7A804075}.Debug|x64.ActiveCfg = Debug|Any CPU
		{74E73B4C-0E38-4661-AF1A-C75D7A804075}.Debug|x64.Build.0 = Debug|Any CPU
		{74E73B4C-0E38-4661-AF1A-C75D7A804075}.Debug|x86.ActiveCfg = Debug|Any CPU
		{74E73B4C-0E38-4661-AF1A-C75D7A804075}.Debug|x86.Build.0 = Debug|Any CPU
		{74E73B4C-0E38-4661-AF1A-C75D7A804075}.Release|Any CPU.ActiveCfg = Release|Any CPU
		{74E73B4C-0E38-4661-AF1A-C75D7A804075}.Release|Any CPU.Build.0 = Release|Any CPU
		{74E73B4C-0E38-4661-AF1A-C75D7A804075}.Release|x64.ActiveCfg = Release|Any CPU
		{74E73B4C-0E38-4661-AF1A-C75D7A804075}.Release|x64.Build.0 = Release|Any CPU
		{74E73B4C-0E38-4661-AF1A-C75D7A804075}.Release|x86.ActiveCfg = Release|Any CPU
		{74E73B4C-0E38-4661-AF1A-C75D7A804075}.Release|x86.Build.0 = Release|Any CPU
		{834F9A51-1B1A-42F5-804F-48C167E1D29B}.Debug|Any CPU.ActiveCfg = Debug|Any CPU
		{834F9A51-1B1A-42F5-804F-48C167E1D29B}.Debug|Any CPU.Build.0 = Debug|Any CPU
		{834F9A51-1B1A-42F5-804F-48C167E1D29B}.Debug|x64.ActiveCfg = Debug|Any CPU
		{834F9A51-1B1A-42F5-804F-48C167E1D29B}.Debug|x64.Build.0 = Debug|Any CPU
		{834F9A51-1B1A-42F5-804F-48C167E1D29B}.Debug|x86.ActiveCfg = Debug|Any CPU
		{834F9A51-1B1A-42F5-804F-48C167E1D29B}.Debug|x86.Build.0 = Debug|Any CPU
		{834F9A51-1B1A-42F5-804F-48C167E1D29B}.Release|Any CPU.ActiveCfg = Release|Any CPU
		{834F9A51-1B1A-42F5-804F-48C167E1D29B}.Release|Any CPU.Build.0 = Release|Any CPU
		{834F9A51-1B1A-42F5-804F-48C167E1D29B}.Release|x64.ActiveCfg = Release|Any CPU
		{834F9A51-1B1A-42F5-804F-48C167E1D29B}.Release|x64.Build.0 = Release|Any CPU
		{834F9A51-1B1A-42F5-804F-48C167E1D29B}.Release|x86.ActiveCfg = Release|Any CPU
		{834F9A51-1B1A-42F5-804F-48C167E1D29B}.Release|x86.Build.0 = Release|Any CPU
		{845B3377-0349-4798-A6CF-CD18815CA575}.Debug|Any CPU.ActiveCfg = Debug|Any CPU
		{845B3377-0349-4798-A6CF-CD18815CA575}.Debug|Any CPU.Build.0 = Debug|Any CPU
		{845B3377-0349-4798-A6CF-CD18815CA575}.Debug|x64.ActiveCfg = Debug|Any CPU
		{845B3377-0349-4798-A6CF-CD18815CA575}.Debug|x64.Build.0 = Debug|Any CPU
		{845B3377-0349-4798-A6CF-CD18815CA575}.Debug|x86.ActiveCfg = Debug|Any CPU
		{845B3377-0349-4798-A6CF-CD18815CA575}.Debug|x86.Build.0 = Debug|Any CPU
		{845B3377-0349-4798-A6CF-CD18815CA575}.Release|Any CPU.ActiveCfg = Release|Any CPU
		{845B3377-0349-4798-A6CF-CD18815CA575}.Release|Any CPU.Build.0 = Release|Any CPU
		{845B3377-0349-4798-A6CF-CD18815CA575}.Release|x64.ActiveCfg = Release|Any CPU
		{845B3377-0349-4798-A6CF-CD18815CA575}.Release|x64.Build.0 = Release|Any CPU
		{845B3377-0349-4798-A6CF-CD18815CA575}.Release|x86.ActiveCfg = Release|Any CPU
		{845B3377-0349-4798-A6CF-CD18815CA575}.Release|x86.Build.0 = Release|Any CPU
		{8DC6A78A-FC36-46F5-9358-FACAFFC182BB}.Debug|Any CPU.ActiveCfg = Debug|Any CPU
		{8DC6A78A-FC36-46F5-9358-FACAFFC182BB}.Debug|Any CPU.Build.0 = Debug|Any CPU
		{8DC6A78A-FC36-46F5-9358-FACAFFC182BB}.Debug|x64.ActiveCfg = Debug|Any CPU
		{8DC6A78A-FC36-46F5-9358-FACAFFC182BB}.Debug|x64.Build.0 = Debug|Any CPU
		{8DC6A78A-FC36-46F5-9358-FACAFFC182BB}.Debug|x86.ActiveCfg = Debug|Any CPU
		{8DC6A78A-FC36-46F5-9358-FACAFFC182BB}.Debug|x86.Build.0 = Debug|Any CPU
		{8DC6A78A-FC36-46F5-9358-FACAFFC182BB}.Release|Any CPU.ActiveCfg = Release|Any CPU
		{8DC6A78A-FC36-46F5-9358-FACAFFC182BB}.Release|Any CPU.Build.0 = Release|Any CPU
		{8DC6A78A-FC36-46F5-9358-FACAFFC182BB}.Release|x64.ActiveCfg = Release|Any CPU
		{8DC6A78A-FC36-46F5-9358-FACAFFC182BB}.Release|x64.Build.0 = Release|Any CPU
		{8DC6A78A-FC36-46F5-9358-FACAFFC182BB}.Release|x86.ActiveCfg = Release|Any CPU
		{8DC6A78A-FC36-46F5-9358-FACAFFC182BB}.Release|x86.Build.0 = Release|Any CPU
		{175C8593-F94C-4FE2-BB81-545CB44DD6C9}.Debug|Any CPU.ActiveCfg = Debug|Any CPU
		{175C8593-F94C-4FE2-BB81-545CB44DD6C9}.Debug|Any CPU.Build.0 = Debug|Any CPU
		{175C8593-F94C-4FE2-BB81-545CB44DD6C9}.Debug|x64.ActiveCfg = Debug|Any CPU
		{175C8593-F94C-4FE2-BB81-545CB44DD6C9}.Debug|x64.Build.0 = Debug|Any CPU
		{175C8593-F94C-4FE2-BB81-545CB44DD6C9}.Debug|x86.ActiveCfg = Debug|Any CPU
		{175C8593-F94C-4FE2-BB81-545CB44DD6C9}.Debug|x86.Build.0 = Debug|Any CPU
		{175C8593-F94C-4FE2-BB81-545CB44DD6C9}.Release|Any CPU.ActiveCfg = Release|Any CPU
		{175C8593-F94C-4FE2-BB81-545CB44DD6C9}.Release|Any CPU.Build.0 = Release|Any CPU
		{175C8593-F94C-4FE2-BB81-545CB44DD6C9}.Release|x64.ActiveCfg = Release|Any CPU
		{175C8593-F94C-4FE2-BB81-545CB44DD6C9}.Release|x64.Build.0 = Release|Any CPU
		{175C8593-F94C-4FE2-BB81-545CB44DD6C9}.Release|x86.ActiveCfg = Release|Any CPU
		{175C8593-F94C-4FE2-BB81-545CB44DD6C9}.Release|x86.Build.0 = Release|Any CPU
		{9E5D9EAC-6B47-4353-97B7-D6649032EDAD}.Debug|Any CPU.ActiveCfg = Debug|Any CPU
		{9E5D9EAC-6B47-4353-97B7-D6649032EDAD}.Debug|Any CPU.Build.0 = Debug|Any CPU
		{9E5D9EAC-6B47-4353-97B7-D6649032EDAD}.Debug|x64.ActiveCfg = Debug|Any CPU
		{9E5D9EAC-6B47-4353-97B7-D6649032EDAD}.Debug|x64.Build.0 = Debug|Any CPU
		{9E5D9EAC-6B47-4353-97B7-D6649032EDAD}.Debug|x86.ActiveCfg = Debug|Any CPU
		{9E5D9EAC-6B47-4353-97B7-D6649032EDAD}.Debug|x86.Build.0 = Debug|Any CPU
		{9E5D9EAC-6B47-4353-97B7-D6649032EDAD}.Release|Any CPU.ActiveCfg = Release|Any CPU
		{9E5D9EAC-6B47-4353-97B7-D6649032EDAD}.Release|Any CPU.Build.0 = Release|Any CPU
		{9E5D9EAC-6B47-4353-97B7-D6649032EDAD}.Release|x64.ActiveCfg = Release|Any CPU
		{9E5D9EAC-6B47-4353-97B7-D6649032EDAD}.Release|x64.Build.0 = Release|Any CPU
		{9E5D9EAC-6B47-4353-97B7-D6649032EDAD}.Release|x86.ActiveCfg = Release|Any CPU
		{9E5D9EAC-6B47-4353-97B7-D6649032EDAD}.Release|x86.Build.0 = Release|Any CPU
		{2904E1ED-C4FB-46C5-B4D4-A9B04F56384C}.Debug|Any CPU.ActiveCfg = Debug|Any CPU
		{2904E1ED-C4FB-46C5-B4D4-A9B04F56384C}.Debug|Any CPU.Build.0 = Debug|Any CPU
		{2904E1ED-C4FB-46C5-B4D4-A9B04F56384C}.Debug|x64.ActiveCfg = Debug|Any CPU
		{2904E1ED-C4FB-46C5-B4D4-A9B04F56384C}.Debug|x64.Build.0 = Debug|Any CPU
		{2904E1ED-C4FB-46C5-B4D4-A9B04F56384C}.Debug|x86.ActiveCfg = Debug|Any CPU
		{2904E1ED-C4FB-46C5-B4D4-A9B04F56384C}.Debug|x86.Build.0 = Debug|Any CPU
		{2904E1ED-C4FB-46C5-B4D4-A9B04F56384C}.Release|Any CPU.ActiveCfg = Release|Any CPU
		{2904E1ED-C4FB-46C5-B4D4-A9B04F56384C}.Release|Any CPU.Build.0 = Release|Any CPU
		{2904E1ED-C4FB-46C5-B4D4-A9B04F56384C}.Release|x64.ActiveCfg = Release|Any CPU
		{2904E1ED-C4FB-46C5-B4D4-A9B04F56384C}.Release|x64.Build.0 = Release|Any CPU
		{2904E1ED-C4FB-46C5-B4D4-A9B04F56384C}.Release|x86.ActiveCfg = Release|Any CPU
		{2904E1ED-C4FB-46C5-B4D4-A9B04F56384C}.Release|x86.Build.0 = Release|Any CPU
		{9E38DF2D-AD5E-5721-CD7A-73D809A51FF7}.Debug|Any CPU.ActiveCfg = Debug|Any CPU
		{9E38DF2D-AD5E-5721-CD7A-73D809A51FF7}.Debug|Any CPU.Build.0 = Debug|Any CPU
		{9E38DF2D-AD5E-5721-CD7A-73D809A51FF7}.Debug|x64.ActiveCfg = Debug|Any CPU
		{9E38DF2D-AD5E-5721-CD7A-73D809A51FF7}.Debug|x64.Build.0 = Debug|Any CPU
		{9E38DF2D-AD5E-5721-CD7A-73D809A51FF7}.Debug|x86.ActiveCfg = Debug|Any CPU
		{9E38DF2D-AD5E-5721-CD7A-73D809A51FF7}.Debug|x86.Build.0 = Debug|Any CPU
		{9E38DF2D-AD5E-5721-CD7A-73D809A51FF7}.Release|Any CPU.ActiveCfg = Release|Any CPU
		{9E38DF2D-AD5E-5721-CD7A-73D809A51FF7}.Release|Any CPU.Build.0 = Release|Any CPU
		{9E38DF2D-AD5E-5721-CD7A-73D809A51FF7}.Release|x64.ActiveCfg = Release|Any CPU
		{9E38DF2D-AD5E-5721-CD7A-73D809A51FF7}.Release|x64.Build.0 = Release|Any CPU
		{9E38DF2D-AD5E-5721-CD7A-73D809A51FF7}.Release|x86.ActiveCfg = Release|Any CPU
		{9E38DF2D-AD5E-5721-CD7A-73D809A51FF7}.Release|x86.Build.0 = Release|Any CPU
	EndGlobalSection
	GlobalSection(SolutionProperties) = preSolution
		HideSolutionNode = FALSE
	EndGlobalSection
	GlobalSection(NestedProjects) = preSolution
		{A033ED7E-9DEA-4030-99DF-E14B5ED265ED} = {827E0CD3-B72D-47B6-A68D-7590B98EB39B}
		{7B8DE2D3-4BCE-4DEA-89F8-B0F3C95B1B58} = {827E0CD3-B72D-47B6-A68D-7590B98EB39B}
		{DA9B34DE-4D68-48FC-84B2-63AC272BC56F} = {827E0CD3-B72D-47B6-A68D-7590B98EB39B}
		{74E73B4C-0E38-4661-AF1A-C75D7A804075} = {827E0CD3-B72D-47B6-A68D-7590B98EB39B}
		{834F9A51-1B1A-42F5-804F-48C167E1D29B} = {827E0CD3-B72D-47B6-A68D-7590B98EB39B}
		{845B3377-0349-4798-A6CF-CD18815CA575} = {0AB3BF05-4346-4AA6-1389-037BE0695223}
		{8DC6A78A-FC36-46F5-9358-FACAFFC182BB} = {0AB3BF05-4346-4AA6-1389-037BE0695223}
		{175C8593-F94C-4FE2-BB81-545CB44DD6C9} = {0AB3BF05-4346-4AA6-1389-037BE0695223}
		{9E5D9EAC-6B47-4353-97B7-D6649032EDAD} = {0AB3BF05-4346-4AA6-1389-037BE0695223}
		{2904E1ED-C4FB-46C5-B4D4-A9B04F56384C} = {0AB3BF05-4346-4AA6-1389-037BE0695223}
		{9E38DF2D-AD5E-5721-CD7A-73D809A51FF7} = {827E0CD3-B72D-47B6-A68D-7590B98EB39B}
	EndGlobalSection
EndGlobal
