
Microsoft Visual Studio Solution File, Format Version 12.00
# Visual Studio Version 17
VisualStudioVersion = 17.0.31903.59
MinimumVisualStudioVersion = 10.0.40219.1
Project("{FAE04EC0-301F-11D3-BF4B-00C04F79EFBC}") = "Esi.AI.Studio", "src\Esi.AI\Esi.AI.Studio\Esi.AI.Studio.csproj", "{23DA8108-79B1-476B-8F11-7FB34AE98472}"
EndProject
Project("{FAE04EC0-301F-11D3-BF4B-00C04F79EFBC}") = "Esi.AI.Studio.Client", "src\Esi.AI\Esi.AI.Studio.Client\Esi.AI.Studio.Client.csproj", "{CB0526D0-871F-4279-8E9E-559134357B07}"
EndProject
Project("{2150E333-8FDC-42A3-9474-1A3956D46DE8}") = "src", "src", "{827E0CD3-B72D-47B6-A68D-7590B98EB39B}"
EndProject
Project("{2150E333-8FDC-42A3-9474-1A3956D46DE8}") = "Esi.AI", "Esi.AI", "{4EB8C85B-F801-9A97-2D31-0114BD2D0289}"
EndProject
Project("{FAE04EC0-301F-11D3-BF4B-00C04F79EFBC}") = "Esi.AI.Core.Tests", "src\Esi.AI\Esi.AI.Core.Tests\Esi.AI.Core.Tests.csproj", "{3E478041-E4CA-409A-830B-650A1D29A710}"
EndProject
Project("{FAE04EC0-301F-11D3-BF4B-00C04F79EFBC}") = "Esi.AI.Core", "src\Esi.AI\Esi.AI.Core\Esi.AI.Core.csproj", "{41376023-C505-48EB-A415-803A49B662CB}"
EndProject
Project("{2150E333-8FDC-42A3-9474-1A3956D46DE8}") = "origins", "origins", "{E7EB98E2-4DD7-09A8-015D-8124C1A434CA}"
EndProject
Project("{2150E333-8FDC-42A3-9474-1A3956D46DE8}") = "sidatacom", "sidatacom", "{15255911-5353-5097-A62E-3F18E67C7FAF}"
EndProject
Project("{2150E333-8FDC-42A3-9474-1A3956D46DE8}") = "LLamaSharp", "LLamaSharp", "{388284EF-BA9F-3834-4413-6029487F88E6}"
EndProject
Project("{2150E333-8FDC-42A3-9474-1A3956D46DE8}") = "LLama", "LLama", "{15AE5075-3C79-824E-3ED0-5515DF5EAE71}"
EndProject
Project("{FAE04EC0-301F-11D3-BF4B-00C04F79EFBC}") = "LLamaSharp", "origins\sidatacom\LLamaSharp\LLama\LLamaSharp.csproj", "{DE5E2E69-6AC7-44D1-992A-AF7592E3D108}"
EndProject
Project("{2150E333-8FDC-42A3-9474-1A3956D46DE8}") = "OpenVINO-CSharp-API", "OpenVINO-CSharp-API", "{C276A8A0-7410-8100-07E1-6C7AB72D7161}"
EndProject
Project("{2150E333-8FDC-42A3-9474-1A3956D46DE8}") = "src", "src", "{7CB4410E-7E5B-A389-8314-FBD0A9EF160D}"
EndProject
Project("{FAE04EC0-301F-11D3-BF4B-00C04F79EFBC}") = "OpenVINO.CSharp.API", "origins\sidatacom\OpenVINO-CSharp-API\src\OpenVINO.CSharp.API\OpenVINO.CSharp.API.csproj", "{57E372BA-59C1-4353-98B9-720A2FA30048}"
EndProject
Project("{2150E333-8FDC-42A3-9474-1A3956D46DE8}") = "dotLLM", "dotLLM", "{B13D94B7-5AA0-9606-429E-A963ECFFE208}"
EndProject
Project("{2150E333-8FDC-42A3-9474-1A3956D46DE8}") = "src", "src", "{3B0EB81B-7897-C25D-0B4A-1D049E43486C}"
EndProject
Project("{FAE04EC0-301F-11D3-BF4B-00C04F79EFBC}") = "DotLLM.Core", "origins\sidatacom\dotLLM\src\DotLLM.Core\DotLLM.Core.csproj", "{C8A6F065-34F3-4A1C-B310-BD21CC988E65}"
EndProject
Project("{FAE04EC0-301F-11D3-BF4B-00C04F79EFBC}") = "DotLLM.Cpu", "origins\sidatacom\dotLLM\src\DotLLM.Cpu\DotLLM.Cpu.csproj", "{0BF24A52-2437-4CE2-9F8A-8678ECDE1DBE}"
EndProject
Project("{FAE04EC0-301F-11D3-BF4B-00C04F79EFBC}") = "DotLLM.Cuda", "origins\sidatacom\dotLLM\src\DotLLM.Cuda\DotLLM.Cuda.csproj", "{629CCBDC-8149-4090-B7B1-75FF8DD5C306}"
EndProject
Project("{FAE04EC0-301F-11D3-BF4B-00C04F79EFBC}") = "DotLLM.Engine", "origins\sidatacom\dotLLM\src\DotLLM.Engine\DotLLM.Engine.csproj", "{3B574648-7F41-47BC-BD42-434C4411E938}"
EndProject
Project("{FAE04EC0-301F-11D3-BF4B-00C04F79EFBC}") = "DotLLM.Models", "origins\sidatacom\dotLLM\src\DotLLM.Models\DotLLM.Models.csproj", "{A6597FCD-566B-4D9E-95C5-8919CBAA0E05}"
EndProject
Project("{FAE04EC0-301F-11D3-BF4B-00C04F79EFBC}") = "DotLLM.Tokenizers", "origins\sidatacom\dotLLM\src\DotLLM.Tokenizers\DotLLM.Tokenizers.csproj", "{1080302A-36B7-4EE1-86C2-EBA2BDA8F0C7}"
EndProject
Project("{FAE04EC0-301F-11D3-BF4B-00C04F79EFBC}") = "DotLLM.Server", "origins\sidatacom\dotLLM\src\DotLLM.Server\DotLLM.Server.csproj", "{E0DB0519-B2E5-4619-B61A-6D75CB1BB03F}"
EndProject
Project("{FAE04EC0-301F-11D3-BF4B-00C04F79EFBC}") = "DotLLM.HuggingFace", "origins\sidatacom\dotLLM\src\DotLLM.HuggingFace\DotLLM.HuggingFace.csproj", "{536CABC6-97D7-49D3-8BE8-E34EDDCCF23A}"
EndProject
Project("{FAE04EC0-301F-11D3-BF4B-00C04F79EFBC}") = "DotLLM.Telemetry", "origins\sidatacom\dotLLM\src\DotLLM.Telemetry\DotLLM.Telemetry.csproj", "{87ED1C94-1B82-49BA-A7B0-CB41E0414EFA}"
EndProject
Project("{FAE04EC0-301F-11D3-BF4B-00C04F79EFBC}") = "DotLLM.Cli", "origins\sidatacom\dotLLM\src\DotLLM.Cli\DotLLM.Cli.csproj", "{80808F54-665F-433E-9DDC-FF677C56D435}"
EndProject
Project("{FAE04EC0-301F-11D3-BF4B-00C04F79EFBC}") = "Esi.AI.Studio.Tests", "src\Esi.AI\Esi.AI.Studio.Tests\Esi.AI.Studio.Tests.csproj", "{09B100A2-0426-44AC-8E04-6941D2DD8EF6}"
EndProject
Project("{FAE04EC0-301F-11D3-BF4B-00C04F79EFBC}") = "Esi.AI.Studio.Contracts", "src\Esi.AI\Esi.AI.Studio.Contracts\Esi.AI.Studio.Contracts.csproj", "{424DB566-7694-4CE8-A7A3-13784CA2AB23}"
EndProject
Project("{FAE04EC0-301F-11D3-BF4B-00C04F79EFBC}") = "Esi.AI.Models", "src\Esi.AI\Esi.AI.Models\Esi.AI.Models.csproj", "{F83CB069-1023-4E52-8DF7-17AA221BC18C}"
EndProject
Project("{FAE04EC0-301F-11D3-BF4B-00C04F79EFBC}") = "Esi.AI.Backend.Worker", "src\Esi.AI\Esi.AI.Backend.Worker\Esi.AI.Backend.Worker.csproj", "{47949014-B16B-4974-A8D1-156142F21C38}"
EndProject
Project("{2150E333-8FDC-42A3-9474-1A3956D46DE8}") = "fluentui-blazor", "fluentui-blazor", "{4E901A86-3FBE-97EE-76A9-D1A5C55B392F}"
EndProject
Project("{2150E333-8FDC-42A3-9474-1A3956D46DE8}") = "src", "src", "{A448461A-1096-7241-DB04-030F6E3F4217}"
EndProject
Project("{2150E333-8FDC-42A3-9474-1A3956D46DE8}") = "Core", "Core", "{4255BDBF-14B1-87B7-2E20-C190A263D83E}"
EndProject
Project("{FAE04EC0-301F-11D3-BF4B-00C04F79EFBC}") = "Microsoft.FluentUI.AspNetCore.Components", "origins\sidatacom\fluentui-blazor\src\Core\Microsoft.FluentUI.AspNetCore.Components.csproj", "{F59473A3-B6CA-48BD-B6D1-53D256C8377B}"
EndProject
Project("{2150E333-8FDC-42A3-9474-1A3956D46DE8}") = "Core.Scripts", "Core.Scripts", "{E89DCE1E-2E1E-E81D-E6A4-4853ADF07ECC}"
EndProject
Project("{54A90642-561A-4BB1-A94E-469ADEE60C69}") = "Microsoft.FluentUI.AspNetCore.Components.Scripts", "origins\sidatacom\fluentui-blazor\src\Core.Scripts\Microsoft.FluentUI.AspNetCore.Components.Scripts.esproj", "{8F47548A-D489-411F-9C78-C3AD21B10173}"
EndProject
Project("{FAE04EC0-301F-11D3-BF4B-00C04F79EFBC}") = "Esi.AI.Workflow", "src\Esi.AI\Esi.AI.Workflow\Esi.AI.Workflow.csproj", "{66C50277-F9AD-4450-B728-F3E8B5BEECB1}"
EndProject
Project("{2150E333-8FDC-42A3-9474-1A3956D46DE8}") = "elsa-studio", "elsa-studio", "{4B6E9345-CC64-00B2-9DAA-22DC340EA98F}"
EndProject
Project("{2150E333-8FDC-42A3-9474-1A3956D46DE8}") = "src", "src", "{DEE5FC8B-3ABD-F908-F64C-446359AACA6C}"
EndProject
Project("{2150E333-8FDC-42A3-9474-1A3956D46DE8}") = "framework", "framework", "{BA18656E-6171-0E0E-569A-5B3F183E5DFF}"
EndProject
Project("{FAE04EC0-301F-11D3-BF4B-00C04F79EFBC}") = "Elsa.Studio.Core", "origins\sidatacom\elsa-studio\src\framework\Elsa.Studio.Core\Elsa.Studio.Core.csproj", "{C822A8B8-9BA1-40AF-8F54-29E28263B01F}"
EndProject
Project("{FAE04EC0-301F-11D3-BF4B-00C04F79EFBC}") = "Elsa.Studio.DomInterop", "origins\sidatacom\elsa-studio\src\framework\Elsa.Studio.DomInterop\Elsa.Studio.DomInterop.csproj", "{DD2378B3-D257-4179-A036-45FA0678F575}"
EndProject
Project("{2150E333-8FDC-42A3-9474-1A3956D46DE8}") = "modules", "modules", "{FC3460F9-21EA-55AD-1DFB-5D2D92FC6751}"
EndProject
Project("{FAE04EC0-301F-11D3-BF4B-00C04F79EFBC}") = "Elsa.Studio.Workflows.Core", "origins\sidatacom\elsa-studio\src\modules\Elsa.Studio.Workflows.Core\Elsa.Studio.Workflows.Core.csproj", "{CB6C830F-671B-46E2-938C-51E73952FBFC}"
EndProject
Project("{FAE04EC0-301F-11D3-BF4B-00C04F79EFBC}") = "Elsa.Studio.Shared", "origins\sidatacom\elsa-studio\src\framework\Elsa.Studio.Shared\Elsa.Studio.Shared.csproj", "{74C201FB-0FC5-479D-9E8C-CEABDBC43813}"
EndProject
Project("{FAE04EC0-301F-11D3-BF4B-00C04F79EFBC}") = "Elsa.Studio.Workflows.Designer", "origins\sidatacom\elsa-studio\src\modules\Elsa.Studio.Workflows.Designer\Elsa.Studio.Workflows.Designer.csproj", "{C0BFC1D5-AACA-4506-9521-8B9DFA69CFA4}"
EndProject
Project("{FAE04EC0-301F-11D3-BF4B-00C04F79EFBC}") = "Elsa.Studio.Workflows", "origins\sidatacom\elsa-studio\src\modules\Elsa.Studio.Workflows\Elsa.Studio.Workflows.csproj", "{8C08602E-BD44-4A9C-8F9E-B42456343787}"
EndProject
Project("{FAE04EC0-301F-11D3-BF4B-00C04F79EFBC}") = "Elsa.Studio.ActivityPortProviders", "origins\sidatacom\elsa-studio\src\modules\Elsa.Studio.ActivityPortProviders\Elsa.Studio.ActivityPortProviders.csproj", "{9F3EC8C4-DE92-4FC9-97EC-18AE25B9FA50}"
EndProject
Project("{FAE04EC0-301F-11D3-BF4B-00C04F79EFBC}") = "Elsa.Studio.Authentication.Abstractions", "origins\sidatacom\elsa-studio\src\modules\Elsa.Studio.Authentication.Abstractions\Elsa.Studio.Authentication.Abstractions.csproj", "{24F0F9FB-6406-4EA8-B4BB-BDAA71682599}"
EndProject
Project("{FAE04EC0-301F-11D3-BF4B-00C04F79EFBC}") = "Elsa.Studio.UIHints", "origins\sidatacom\elsa-studio\src\modules\Elsa.Studio.UIHints\Elsa.Studio.UIHints.csproj", "{AFF4901F-6336-43DF-BAAA-88FB7F697D21}"
EndProject
Project("{FAE04EC0-301F-11D3-BF4B-00C04F79EFBC}") = "Esi.AI.Backend.Abstractions", "src\Esi.AI\Esi.AI.Backend.Abstractions\Esi.AI.Backend.Abstractions.csproj", "{401E1243-DE22-40E5-9C85-6111CC691595}"
EndProject
Project("{FAE04EC0-301F-11D3-BF4B-00C04F79EFBC}") = "Esi.AI.Backend.Llama.Vulkan", "src\Esi.AI\Esi.AI.Backend.Llama.Vulkan\Esi.AI.Backend.Llama.Vulkan.csproj", "{B0D37B4A-6145-4ED4-B71D-D007DAAEC9D5}"
EndProject
Project("{FAE04EC0-301F-11D3-BF4B-00C04F79EFBC}") = "Esi.AI.Backend.Llama.Vulkan.Tests", "src\Esi.AI\Esi.AI.Backend.Llama.Vulkan.Tests\Esi.AI.Backend.Llama.Vulkan.Tests.csproj", "{E837FF97-14A7-4A36-A9D6-3854E5B5BBF9}"
EndProject
Project("{FAE04EC0-301F-11D3-BF4B-00C04F79EFBC}") = "Esi.AI.Backend.Llama.Cuda12.Tests", "src\Esi.AI\Esi.AI.Backend.Llama.Cuda12.Tests\Esi.AI.Backend.Llama.Cuda12.Tests.csproj", "{22A1784B-68E5-4396-9F2B-DE31B0ECE05B}"
EndProject
Project("{FAE04EC0-301F-11D3-BF4B-00C04F79EFBC}") = "Esi.AI.Backend.Llama.Cuda12", "src\Esi.AI\Esi.AI.Backend.Llama.Cuda12\Esi.AI.Backend.Llama.Cuda12.csproj", "{732ED6A1-1140-4410-A9CA-321DCC405135}"
EndProject
Project("{FAE04EC0-301F-11D3-BF4B-00C04F79EFBC}") = "Esi.AI.Backend.Llama.Sycl", "src\Esi.AI\Esi.AI.Backend.Llama.Sycl\Esi.AI.Backend.Llama.Sycl.csproj", "{9613E942-C68F-4559-85EE-D908B62C9D71}"
EndProject
Project("{FAE04EC0-301F-11D3-BF4B-00C04F79EFBC}") = "Esi.AI.Backend.Vllm.Xpu.Tests", "src\Esi.AI\Esi.AI.Backend.Vllm.Xpu.Tests\Esi.AI.Backend.Vllm.Xpu.Tests.csproj", "{839FDA11-E38F-4DFC-8036-5CDEF9DA0DBA}"
EndProject
Project("{FAE04EC0-301F-11D3-BF4B-00C04F79EFBC}") = "Esi.AI.Backend.Vllm.Xpu", "src\Esi.AI\Esi.AI.Backend.Vllm.Xpu\Esi.AI.Backend.Vllm.Xpu.csproj", "{E8138B8E-07F0-4CFB-900E-63BE9C48D0C7}"
EndProject
Project("{FAE04EC0-301F-11D3-BF4B-00C04F79EFBC}") = "Esi.AI.Backend.OpenVino", "src\Esi.AI\Esi.AI.Backend.OpenVino\Esi.AI.Backend.OpenVino.csproj", "{FB4FE2FC-87B6-4894-A196-2D7A5D2DB02B}"
EndProject
Project("{FAE04EC0-301F-11D3-BF4B-00C04F79EFBC}") = "Esi.AI.Backend.Vllm.Cuda12.Tests", "src\Esi.AI\Esi.AI.Backend.Vllm.Cuda12.Tests\Esi.AI.Backend.Vllm.Cuda12.Tests.csproj", "{F3D08BF1-BC9A-4F4D-83C8-159A3789767E}"
EndProject
Project("{FAE04EC0-301F-11D3-BF4B-00C04F79EFBC}") = "Esi.AI.Backend.Vllm.Cuda12", "src\Esi.AI\Esi.AI.Backend.Vllm.Cuda12\Esi.AI.Backend.Vllm.Cuda12.csproj", "{5195AA6A-2E88-490F-A754-7F758307177A}"
EndProject
Project("{FAE04EC0-301F-11D3-BF4B-00C04F79EFBC}") = "Esi.AI.Backend.OpenVino.Tests", "src\Esi.AI\Esi.AI.Backend.OpenVino.Tests\Esi.AI.Backend.OpenVino.Tests.csproj", "{F4EB3DD8-FF18-41F8-B408-73EF5E2B3861}"
EndProject
Global
	GlobalSection(SolutionConfigurationPlatforms) = preSolution
		Debug|Any CPU = Debug|Any CPU
		Debug|x64 = Debug|x64
		Debug|x86 = Debug|x86
		Release|Any CPU = Release|Any CPU
		Release|x64 = Release|x64
		Release|x86 = Release|x86
	EndGlobalSection
	GlobalSection(ProjectConfigurationPlatforms) = postSolution
		{23DA8108-79B1-476B-8F11-7FB34AE98472}.Debug|Any CPU.ActiveCfg = Debug|Any CPU
		{23DA8108-79B1-476B-8F11-7FB34AE98472}.Debug|Any CPU.Build.0 = Debug|Any CPU
		{23DA8108-79B1-476B-8F11-7FB34AE98472}.Debug|x64.ActiveCfg = Debug|Any CPU
		{23DA8108-79B1-476B-8F11-7FB34AE98472}.Debug|x64.Build.0 = Debug|Any CPU
		{23DA8108-79B1-476B-8F11-7FB34AE98472}.Debug|x86.ActiveCfg = Debug|Any CPU
		{23DA8108-79B1-476B-8F11-7FB34AE98472}.Debug|x86.Build.0 = Debug|Any CPU
		{23DA8108-79B1-476B-8F11-7FB34AE98472}.Release|Any CPU.ActiveCfg = Release|Any CPU
		{23DA8108-79B1-476B-8F11-7FB34AE98472}.Release|Any CPU.Build.0 = Release|Any CPU
		{23DA8108-79B1-476B-8F11-7FB34AE98472}.Release|x64.ActiveCfg = Release|Any CPU
		{23DA8108-79B1-476B-8F11-7FB34AE98472}.Release|x64.Build.0 = Release|Any CPU
		{23DA8108-79B1-476B-8F11-7FB34AE98472}.Release|x86.ActiveCfg = Release|Any CPU
		{23DA8108-79B1-476B-8F11-7FB34AE98472}.Release|x86.Build.0 = Release|Any CPU
		{CB0526D0-871F-4279-8E9E-559134357B07}.Debug|Any CPU.ActiveCfg = Debug|Any CPU
		{CB0526D0-871F-4279-8E9E-559134357B07}.Debug|Any CPU.Build.0 = Debug|Any CPU
		{CB0526D0-871F-4279-8E9E-559134357B07}.Debug|x64.ActiveCfg = Debug|Any CPU
		{CB0526D0-871F-4279-8E9E-559134357B07}.Debug|x64.Build.0 = Debug|Any CPU
		{CB0526D0-871F-4279-8E9E-559134357B07}.Debug|x86.ActiveCfg = Debug|Any CPU
		{CB0526D0-871F-4279-8E9E-559134357B07}.Debug|x86.Build.0 = Debug|Any CPU
		{CB0526D0-871F-4279-8E9E-559134357B07}.Release|Any CPU.ActiveCfg = Release|Any CPU
		{CB0526D0-871F-4279-8E9E-559134357B07}.Release|Any CPU.Build.0 = Release|Any CPU
		{CB0526D0-871F-4279-8E9E-559134357B07}.Release|x64.ActiveCfg = Release|Any CPU
		{CB0526D0-871F-4279-8E9E-559134357B07}.Release|x64.Build.0 = Release|Any CPU
		{CB0526D0-871F-4279-8E9E-559134357B07}.Release|x86.ActiveCfg = Release|Any CPU
		{CB0526D0-871F-4279-8E9E-559134357B07}.Release|x86.Build.0 = Release|Any CPU
		{3E478041-E4CA-409A-830B-650A1D29A710}.Debug|Any CPU.ActiveCfg = Debug|Any CPU
		{3E478041-E4CA-409A-830B-650A1D29A710}.Debug|Any CPU.Build.0 = Debug|Any CPU
		{3E478041-E4CA-409A-830B-650A1D29A710}.Debug|x64.ActiveCfg = Debug|Any CPU
		{3E478041-E4CA-409A-830B-650A1D29A710}.Debug|x64.Build.0 = Debug|Any CPU
		{3E478041-E4CA-409A-830B-650A1D29A710}.Debug|x86.ActiveCfg = Debug|Any CPU
		{3E478041-E4CA-409A-830B-650A1D29A710}.Debug|x86.Build.0 = Debug|Any CPU
		{3E478041-E4CA-409A-830B-650A1D29A710}.Release|Any CPU.ActiveCfg = Release|Any CPU
		{3E478041-E4CA-409A-830B-650A1D29A710}.Release|Any CPU.Build.0 = Release|Any CPU
		{3E478041-E4CA-409A-830B-650A1D29A710}.Release|x64.ActiveCfg = Release|Any CPU
		{3E478041-E4CA-409A-830B-650A1D29A710}.Release|x64.Build.0 = Release|Any CPU
		{3E478041-E4CA-409A-830B-650A1D29A710}.Release|x86.ActiveCfg = Release|Any CPU
		{3E478041-E4CA-409A-830B-650A1D29A710}.Release|x86.Build.0 = Release|Any CPU
		{41376023-C505-48EB-A415-803A49B662CB}.Debug|Any CPU.ActiveCfg = Debug|Any CPU
		{41376023-C505-48EB-A415-803A49B662CB}.Debug|Any CPU.Build.0 = Debug|Any CPU
		{41376023-C505-48EB-A415-803A49B662CB}.Debug|x64.ActiveCfg = Debug|Any CPU
		{41376023-C505-48EB-A415-803A49B662CB}.Debug|x64.Build.0 = Debug|Any CPU
		{41376023-C505-48EB-A415-803A49B662CB}.Debug|x86.ActiveCfg = Debug|Any CPU
		{41376023-C505-48EB-A415-803A49B662CB}.Debug|x86.Build.0 = Debug|Any CPU
		{41376023-C505-48EB-A415-803A49B662CB}.Release|Any CPU.ActiveCfg = Release|Any CPU
		{41376023-C505-48EB-A415-803A49B662CB}.Release|Any CPU.Build.0 = Release|Any CPU
		{41376023-C505-48EB-A415-803A49B662CB}.Release|x64.ActiveCfg = Release|Any CPU
		{41376023-C505-48EB-A415-803A49B662CB}.Release|x64.Build.0 = Release|Any CPU
		{41376023-C505-48EB-A415-803A49B662CB}.Release|x86.ActiveCfg = Release|Any CPU
		{41376023-C505-48EB-A415-803A49B662CB}.Release|x86.Build.0 = Release|Any CPU
		{DE5E2E69-6AC7-44D1-992A-AF7592E3D108}.Debug|Any CPU.ActiveCfg = Debug|Any CPU
		{DE5E2E69-6AC7-44D1-992A-AF7592E3D108}.Debug|Any CPU.Build.0 = Debug|Any CPU
		{DE5E2E69-6AC7-44D1-992A-AF7592E3D108}.Debug|x64.ActiveCfg = Debug|x64
		{DE5E2E69-6AC7-44D1-992A-AF7592E3D108}.Debug|x64.Build.0 = Debug|x64
		{DE5E2E69-6AC7-44D1-992A-AF7592E3D108}.Debug|x86.ActiveCfg = Debug|Any CPU
		{DE5E2E69-6AC7-44D1-992A-AF7592E3D108}.Debug|x86.Build.0 = Debug|Any CPU
		{DE5E2E69-6AC7-44D1-992A-AF7592E3D108}.Release|Any CPU.ActiveCfg = Release|Any CPU
		{DE5E2E69-6AC7-44D1-992A-AF7592E3D108}.Release|Any CPU.Build.0 = Release|Any CPU
		{DE5E2E69-6AC7-44D1-992A-AF7592E3D108}.Release|x64.ActiveCfg = Release|x64
		{DE5E2E69-6AC7-44D1-992A-AF7592E3D108}.Release|x64.Build.0 = Release|x64
		{DE5E2E69-6AC7-44D1-992A-AF7592E3D108}.Release|x86.ActiveCfg = Release|Any CPU
		{DE5E2E69-6AC7-44D1-992A-AF7592E3D108}.Release|x86.Build.0 = Release|Any CPU
		{57E372BA-59C1-4353-98B9-720A2FA30048}.Debug|Any CPU.ActiveCfg = Debug|Any CPU
		{57E372BA-59C1-4353-98B9-720A2FA30048}.Debug|Any CPU.Build.0 = Debug|Any CPU
		{57E372BA-59C1-4353-98B9-720A2FA30048}.Debug|x64.ActiveCfg = Debug|Any CPU
		{57E372BA-59C1-4353-98B9-720A2FA30048}.Debug|x64.Build.0 = Debug|Any CPU
		{57E372BA-59C1-4353-98B9-720A2FA30048}.Debug|x86.ActiveCfg = Debug|Any CPU
		{57E372BA-59C1-4353-98B9-720A2FA30048}.Debug|x86.Build.0 = Debug|Any CPU
		{57E372BA-59C1-4353-98B9-720A2FA30048}.Release|Any CPU.ActiveCfg = Release|Any CPU
		{57E372BA-59C1-4353-98B9-720A2FA30048}.Release|Any CPU.Build.0 = Release|Any CPU
		{57E372BA-59C1-4353-98B9-720A2FA30048}.Release|x64.ActiveCfg = Release|Any CPU
		{57E372BA-59C1-4353-98B9-720A2FA30048}.Release|x64.Build.0 = Release|Any CPU
		{57E372BA-59C1-4353-98B9-720A2FA30048}.Release|x86.ActiveCfg = Release|Any CPU
		{57E372BA-59C1-4353-98B9-720A2FA30048}.Release|x86.Build.0 = Release|Any CPU
		{C8A6F065-34F3-4A1C-B310-BD21CC988E65}.Debug|Any CPU.ActiveCfg = Debug|Any CPU
		{C8A6F065-34F3-4A1C-B310-BD21CC988E65}.Debug|Any CPU.Build.0 = Debug|Any CPU
		{C8A6F065-34F3-4A1C-B310-BD21CC988E65}.Debug|x64.ActiveCfg = Debug|Any CPU
		{C8A6F065-34F3-4A1C-B310-BD21CC988E65}.Debug|x64.Build.0 = Debug|Any CPU
		{C8A6F065-34F3-4A1C-B310-BD21CC988E65}.Debug|x86.ActiveCfg = Debug|Any CPU
		{C8A6F065-34F3-4A1C-B310-BD21CC988E65}.Debug|x86.Build.0 = Debug|Any CPU
		{C8A6F065-34F3-4A1C-B310-BD21CC988E65}.Release|Any CPU.ActiveCfg = Release|Any CPU
		{C8A6F065-34F3-4A1C-B310-BD21CC988E65}.Release|Any CPU.Build.0 = Release|Any CPU
		{C8A6F065-34F3-4A1C-B310-BD21CC988E65}.Release|x64.ActiveCfg = Release|Any CPU
		{C8A6F065-34F3-4A1C-B310-BD21CC988E65}.Release|x64.Build.0 = Release|Any CPU
		{C8A6F065-34F3-4A1C-B310-BD21CC988E65}.Release|x86.ActiveCfg = Release|Any CPU
		{C8A6F065-34F3-4A1C-B310-BD21CC988E65}.Release|x86.Build.0 = Release|Any CPU
		{0BF24A52-2437-4CE2-9F8A-8678ECDE1DBE}.Debug|Any CPU.ActiveCfg = Debug|Any CPU
		{0BF24A52-2437-4CE2-9F8A-8678ECDE1DBE}.Debug|Any CPU.Build.0 = Debug|Any CPU
		{0BF24A52-2437-4CE2-9F8A-8678ECDE1DBE}.Debug|x64.ActiveCfg = Debug|Any CPU
		{0BF24A52-2437-4CE2-9F8A-8678ECDE1DBE}.Debug|x64.Build.0 = Debug|Any CPU
		{0BF24A52-2437-4CE2-9F8A-8678ECDE1DBE}.Debug|x86.ActiveCfg = Debug|Any CPU
		{0BF24A52-2437-4CE2-9F8A-8678ECDE1DBE}.Debug|x86.Build.0 = Debug|Any CPU
		{0BF24A52-2437-4CE2-9F8A-8678ECDE1DBE}.Release|Any CPU.ActiveCfg = Release|Any CPU
		{0BF24A52-2437-4CE2-9F8A-8678ECDE1DBE}.Release|Any CPU.Build.0 = Release|Any CPU
		{0BF24A52-2437-4CE2-9F8A-8678ECDE1DBE}.Release|x64.ActiveCfg = Release|Any CPU
		{0BF24A52-2437-4CE2-9F8A-8678ECDE1DBE}.Release|x64.Build.0 = Release|Any CPU
		{0BF24A52-2437-4CE2-9F8A-8678ECDE1DBE}.Release|x86.ActiveCfg = Release|Any CPU
		{0BF24A52-2437-4CE2-9F8A-8678ECDE1DBE}.Release|x86.Build.0 = Release|Any CPU
		{629CCBDC-8149-4090-B7B1-75FF8DD5C306}.Debug|Any CPU.ActiveCfg = Debug|Any CPU
		{629CCBDC-8149-4090-B7B1-75FF8DD5C306}.Debug|Any CPU.Build.0 = Debug|Any CPU
		{629CCBDC-8149-4090-B7B1-75FF8DD5C306}.Debug|x64.ActiveCfg = Debug|Any CPU
		{629CCBDC-8149-4090-B7B1-75FF8DD5C306}.Debug|x64.Build.0 = Debug|Any CPU
		{629CCBDC-8149-4090-B7B1-75FF8DD5C306}.Debug|x86.ActiveCfg = Debug|Any CPU
		{629CCBDC-8149-4090-B7B1-75FF8DD5C306}.Debug|x86.Build.0 = Debug|Any CPU
		{629CCBDC-8149-4090-B7B1-75FF8DD5C306}.Release|Any CPU.ActiveCfg = Release|Any CPU
		{629CCBDC-8149-4090-B7B1-75FF8DD5C306}.Release|Any CPU.Build.0 = Release|Any CPU
		{629CCBDC-8149-4090-B7B1-75FF8DD5C306}.Release|x64.ActiveCfg = Release|Any CPU
		{629CCBDC-8149-4090-B7B1-75FF8DD5C306}.Release|x64.Build.0 = Release|Any CPU
		{629CCBDC-8149-4090-B7B1-75FF8DD5C306}.Release|x86.ActiveCfg = Release|Any CPU
		{629CCBDC-8149-4090-B7B1-75FF8DD5C306}.Release|x86.Build.0 = Release|Any CPU
		{3B574648-7F41-47BC-BD42-434C4411E938}.Debug|Any CPU.ActiveCfg = Debug|Any CPU
		{3B574648-7F41-47BC-BD42-434C4411E938}.Debug|Any CPU.Build.0 = Debug|Any CPU
		{3B574648-7F41-47BC-BD42-434C4411E938}.Debug|x64.ActiveCfg = Debug|Any CPU
		{3B574648-7F41-47BC-BD42-434C4411E938}.Debug|x64.Build.0 = Debug|Any CPU
		{3B574648-7F41-47BC-BD42-434C4411E938}.Debug|x86.ActiveCfg = Debug|Any CPU
		{3B574648-7F41-47BC-BD42-434C4411E938}.Debug|x86.Build.0 = Debug|Any CPU
		{3B574648-7F41-47BC-BD42-434C4411E938}.Release|Any CPU.ActiveCfg = Release|Any CPU
		{3B574648-7F41-47BC-BD42-434C4411E938}.Release|Any CPU.Build.0 = Release|Any CPU
		{3B574648-7F41-47BC-BD42-434C4411E938}.Release|x64.ActiveCfg = Release|Any CPU
		{3B574648-7F41-47BC-BD42-434C4411E938}.Release|x64.Build.0 = Release|Any CPU
		{3B574648-7F41-47BC-BD42-434C4411E938}.Release|x86.ActiveCfg = Release|Any CPU
		{3B574648-7F41-47BC-BD42-434C4411E938}.Release|x86.Build.0 = Release|Any CPU
		{A6597FCD-566B-4D9E-95C5-8919CBAA0E05}.Debug|Any CPU.ActiveCfg = Debug|Any CPU
		{A6597FCD-566B-4D9E-95C5-8919CBAA0E05}.Debug|Any CPU.Build.0 = Debug|Any CPU
		{A6597FCD-566B-4D9E-95C5-8919CBAA0E05}.Debug|x64.ActiveCfg = Debug|Any CPU
		{A6597FCD-566B-4D9E-95C5-8919CBAA0E05}.Debug|x64.Build.0 = Debug|Any CPU
		{A6597FCD-566B-4D9E-95C5-8919CBAA0E05}.Debug|x86.ActiveCfg = Debug|Any CPU
		{A6597FCD-566B-4D9E-95C5-8919CBAA0E05}.Debug|x86.Build.0 = Debug|Any CPU
		{A6597FCD-566B-4D9E-95C5-8919CBAA0E05}.Release|Any CPU.ActiveCfg = Release|Any CPU
		{A6597FCD-566B-4D9E-95C5-8919CBAA0E05}.Release|Any CPU.Build.0 = Release|Any CPU
		{A6597FCD-566B-4D9E-95C5-8919CBAA0E05}.Release|x64.ActiveCfg = Release|Any CPU
		{A6597FCD-566B-4D9E-95C5-8919CBAA0E05}.Release|x64.Build.0 = Release|Any CPU
		{A6597FCD-566B-4D9E-95C5-8919CBAA0E05}.Release|x86.ActiveCfg = Release|Any CPU
		{A6597FCD-566B-4D9E-95C5-8919CBAA0E05}.Release|x86.Build.0 = Release|Any CPU
		{1080302A-36B7-4EE1-86C2-EBA2BDA8F0C7}.Debug|Any CPU.ActiveCfg = Debug|Any CPU
		{1080302A-36B7-4EE1-86C2-EBA2BDA8F0C7}.Debug|Any CPU.Build.0 = Debug|Any CPU
		{1080302A-36B7-4EE1-86C2-EBA2BDA8F0C7}.Debug|x64.ActiveCfg = Debug|Any CPU
		{1080302A-36B7-4EE1-86C2-EBA2BDA8F0C7}.Debug|x64.Build.0 = Debug|Any CPU
		{1080302A-36B7-4EE1-86C2-EBA2BDA8F0C7}.Debug|x86.ActiveCfg = Debug|Any CPU
		{1080302A-36B7-4EE1-86C2-EBA2BDA8F0C7}.Debug|x86.Build.0 = Debug|Any CPU
		{1080302A-36B7-4EE1-86C2-EBA2BDA8F0C7}.Release|Any CPU.ActiveCfg = Release|Any CPU
		{1080302A-36B7-4EE1-86C2-EBA2BDA8F0C7}.Release|Any CPU.Build.0 = Release|Any CPU
		{1080302A-36B7-4EE1-86C2-EBA2BDA8F0C7}.Release|x64.ActiveCfg = Release|Any CPU
		{1080302A-36B7-4EE1-86C2-EBA2BDA8F0C7}.Release|x64.Build.0 = Release|Any CPU
		{1080302A-36B7-4EE1-86C2-EBA2BDA8F0C7}.Release|x86.ActiveCfg = Release|Any CPU
		{1080302A-36B7-4EE1-86C2-EBA2BDA8F0C7}.Release|x86.Build.0 = Release|Any CPU
		{E0DB0519-B2E5-4619-B61A-6D75CB1BB03F}.Debug|Any CPU.ActiveCfg = Debug|Any CPU
		{E0DB0519-B2E5-4619-B61A-6D75CB1BB03F}.Debug|Any CPU.Build.0 = Debug|Any CPU
		{E0DB0519-B2E5-4619-B61A-6D75CB1BB03F}.Debug|x64.ActiveCfg = Debug|Any CPU
		{E0DB0519-B2E5-4619-B61A-6D75CB1BB03F}.Debug|x64.Build.0 = Debug|Any CPU
		{E0DB0519-B2E5-4619-B61A-6D75CB1BB03F}.Debug|x86.ActiveCfg = Debug|Any CPU
		{E0DB0519-B2E5-4619-B61A-6D75CB1BB03F}.Debug|x86.Build.0 = Debug|Any CPU
		{E0DB0519-B2E5-4619-B61A-6D75CB1BB03F}.Release|Any CPU.ActiveCfg = Release|Any CPU
		{E0DB0519-B2E5-4619-B61A-6D75CB1BB03F}.Release|Any CPU.Build.0 = Release|Any CPU
		{E0DB0519-B2E5-4619-B61A-6D75CB1BB03F}.Release|x64.ActiveCfg = Release|Any CPU
		{E0DB0519-B2E5-4619-B61A-6D75CB1BB03F}.Release|x64.Build.0 = Release|Any CPU
		{E0DB0519-B2E5-4619-B61A-6D75CB1BB03F}.Release|x86.ActiveCfg = Release|Any CPU
		{E0DB0519-B2E5-4619-B61A-6D75CB1BB03F}.Release|x86.Build.0 = Release|Any CPU
		{536CABC6-97D7-49D3-8BE8-E34EDDCCF23A}.Debug|Any CPU.ActiveCfg = Debug|Any CPU
		{536CABC6-97D7-49D3-8BE8-E34EDDCCF23A}.Debug|Any CPU.Build.0 = Debug|Any CPU
		{536CABC6-97D7-49D3-8BE8-E34EDDCCF23A}.Debug|x64.ActiveCfg = Debug|Any CPU
		{536CABC6-97D7-49D3-8BE8-E34EDDCCF23A}.Debug|x64.Build.0 = Debug|Any CPU
		{536CABC6-97D7-49D3-8BE8-E34EDDCCF23A}.Debug|x86.ActiveCfg = Debug|Any CPU
		{536CABC6-97D7-49D3-8BE8-E34EDDCCF23A}.Debug|x86.Build.0 = Debug|Any CPU
		{536CABC6-97D7-49D3-8BE8-E34EDDCCF23A}.Release|Any CPU.ActiveCfg = Release|Any CPU
		{536CABC6-97D7-49D3-8BE8-E34EDDCCF23A}.Release|Any CPU.Build.0 = Release|Any CPU
		{536CABC6-97D7-49D3-8BE8-E34EDDCCF23A}.Release|x64.ActiveCfg = Release|Any CPU
		{536CABC6-97D7-49D3-8BE8-E34EDDCCF23A}.Release|x64.Build.0 = Release|Any CPU
		{536CABC6-97D7-49D3-8BE8-E34EDDCCF23A}.Release|x86.ActiveCfg = Release|Any CPU
		{536CABC6-97D7-49D3-8BE8-E34EDDCCF23A}.Release|x86.Build.0 = Release|Any CPU
		{87ED1C94-1B82-49BA-A7B0-CB41E0414EFA}.Debug|Any CPU.ActiveCfg = Debug|Any CPU
		{87ED1C94-1B82-49BA-A7B0-CB41E0414EFA}.Debug|Any CPU.Build.0 = Debug|Any CPU
		{87ED1C94-1B82-49BA-A7B0-CB41E0414EFA}.Debug|x64.ActiveCfg = Debug|Any CPU
		{87ED1C94-1B82-49BA-A7B0-CB41E0414EFA}.Debug|x64.Build.0 = Debug|Any CPU
		{87ED1C94-1B82-49BA-A7B0-CB41E0414EFA}.Debug|x86.ActiveCfg = Debug|Any CPU
		{87ED1C94-1B82-49BA-A7B0-CB41E0414EFA}.Debug|x86.Build.0 = Debug|Any CPU
		{87ED1C94-1B82-49BA-A7B0-CB41E0414EFA}.Release|Any CPU.ActiveCfg = Release|Any CPU
		{87ED1C94-1B82-49BA-A7B0-CB41E0414EFA}.Release|Any CPU.Build.0 = Release|Any CPU
		{87ED1C94-1B82-49BA-A7B0-CB41E0414EFA}.Release|x64.ActiveCfg = Release|Any CPU
		{87ED1C94-1B82-49BA-A7B0-CB41E0414EFA}.Release|x64.Build.0 = Release|Any CPU
		{87ED1C94-1B82-49BA-A7B0-CB41E0414EFA}.Release|x86.ActiveCfg = Release|Any CPU
		{87ED1C94-1B82-49BA-A7B0-CB41E0414EFA}.Release|x86.Build.0 = Release|Any CPU
		{80808F54-665F-433E-9DDC-FF677C56D435}.Debug|Any CPU.ActiveCfg = Debug|Any CPU
		{80808F54-665F-433E-9DDC-FF677C56D435}.Debug|Any CPU.Build.0 = Debug|Any CPU
		{80808F54-665F-433E-9DDC-FF677C56D435}.Debug|x64.ActiveCfg = Debug|Any CPU
		{80808F54-665F-433E-9DDC-FF677C56D435}.Debug|x64.Build.0 = Debug|Any CPU
		{80808F54-665F-433E-9DDC-FF677C56D435}.Debug|x86.ActiveCfg = Debug|Any CPU
		{80808F54-665F-433E-9DDC-FF677C56D435}.Debug|x86.Build.0 = Debug|Any CPU
		{80808F54-665F-433E-9DDC-FF677C56D435}.Release|Any CPU.ActiveCfg = Release|Any CPU
		{80808F54-665F-433E-9DDC-FF677C56D435}.Release|Any CPU.Build.0 = Release|Any CPU
		{80808F54-665F-433E-9DDC-FF677C56D435}.Release|x64.ActiveCfg = Release|Any CPU
		{80808F54-665F-433E-9DDC-FF677C56D435}.Release|x64.Build.0 = Release|Any CPU
		{80808F54-665F-433E-9DDC-FF677C56D435}.Release|x86.ActiveCfg = Release|Any CPU
		{80808F54-665F-433E-9DDC-FF677C56D435}.Release|x86.Build.0 = Release|Any CPU
		{09B100A2-0426-44AC-8E04-6941D2DD8EF6}.Debug|Any CPU.ActiveCfg = Debug|Any CPU
		{09B100A2-0426-44AC-8E04-6941D2DD8EF6}.Debug|Any CPU.Build.0 = Debug|Any CPU
		{09B100A2-0426-44AC-8E04-6941D2DD8EF6}.Debug|x64.ActiveCfg = Debug|Any CPU
		{09B100A2-0426-44AC-8E04-6941D2DD8EF6}.Debug|x64.Build.0 = Debug|Any CPU
		{09B100A2-0426-44AC-8E04-6941D2DD8EF6}.Debug|x86.ActiveCfg = Debug|Any CPU
		{09B100A2-0426-44AC-8E04-6941D2DD8EF6}.Debug|x86.Build.0 = Debug|Any CPU
		{09B100A2-0426-44AC-8E04-6941D2DD8EF6}.Release|Any CPU.ActiveCfg = Release|Any CPU
		{09B100A2-0426-44AC-8E04-6941D2DD8EF6}.Release|Any CPU.Build.0 = Release|Any CPU
		{09B100A2-0426-44AC-8E04-6941D2DD8EF6}.Release|x64.ActiveCfg = Release|Any CPU
		{09B100A2-0426-44AC-8E04-6941D2DD8EF6}.Release|x64.Build.0 = Release|Any CPU
		{09B100A2-0426-44AC-8E04-6941D2DD8EF6}.Release|x86.ActiveCfg = Release|Any CPU
		{09B100A2-0426-44AC-8E04-6941D2DD8EF6}.Release|x86.Build.0 = Release|Any CPU
		{424DB566-7694-4CE8-A7A3-13784CA2AB23}.Debug|Any CPU.ActiveCfg = Debug|Any CPU
		{424DB566-7694-4CE8-A7A3-13784CA2AB23}.Debug|Any CPU.Build.0 = Debug|Any CPU
		{424DB566-7694-4CE8-A7A3-13784CA2AB23}.Debug|x64.ActiveCfg = Debug|Any CPU
		{424DB566-7694-4CE8-A7A3-13784CA2AB23}.Debug|x64.Build.0 = Debug|Any CPU
		{424DB566-7694-4CE8-A7A3-13784CA2AB23}.Debug|x86.ActiveCfg = Debug|Any CPU
		{424DB566-7694-4CE8-A7A3-13784CA2AB23}.Debug|x86.Build.0 = Debug|Any CPU
		{424DB566-7694-4CE8-A7A3-13784CA2AB23}.Release|Any CPU.ActiveCfg = Release|Any CPU
		{424DB566-7694-4CE8-A7A3-13784CA2AB23}.Release|Any CPU.Build.0 = Release|Any CPU
		{424DB566-7694-4CE8-A7A3-13784CA2AB23}.Release|x64.ActiveCfg = Release|Any CPU
		{424DB566-7694-4CE8-A7A3-13784CA2AB23}.Release|x64.Build.0 = Release|Any CPU
		{424DB566-7694-4CE8-A7A3-13784CA2AB23}.Release|x86.ActiveCfg = Release|Any CPU
		{424DB566-7694-4CE8-A7A3-13784CA2AB23}.Release|x86.Build.0 = Release|Any CPU
		{F83CB069-1023-4E52-8DF7-17AA221BC18C}.Debug|Any CPU.ActiveCfg = Debug|Any CPU
		{F83CB069-1023-4E52-8DF7-17AA221BC18C}.Debug|Any CPU.Build.0 = Debug|Any CPU
		{F83CB069-1023-4E52-8DF7-17AA221BC18C}.Debug|x64.ActiveCfg = Debug|Any CPU
		{F83CB069-1023-4E52-8DF7-17AA221BC18C}.Debug|x64.Build.0 = Debug|Any CPU
		{F83CB069-1023-4E52-8DF7-17AA221BC18C}.Debug|x86.ActiveCfg = Debug|Any CPU
		{F83CB069-1023-4E52-8DF7-17AA221BC18C}.Debug|x86.Build.0 = Debug|Any CPU
		{F83CB069-1023-4E52-8DF7-17AA221BC18C}.Release|Any CPU.ActiveCfg = Release|Any CPU
		{F83CB069-1023-4E52-8DF7-17AA221BC18C}.Release|Any CPU.Build.0 = Release|Any CPU
		{F83CB069-1023-4E52-8DF7-17AA221BC18C}.Release|x64.ActiveCfg = Release|Any CPU
		{F83CB069-1023-4E52-8DF7-17AA221BC18C}.Release|x64.Build.0 = Release|Any CPU
		{F83CB069-1023-4E52-8DF7-17AA221BC18C}.Release|x86.ActiveCfg = Release|Any CPU
		{F83CB069-1023-4E52-8DF7-17AA221BC18C}.Release|x86.Build.0 = Release|Any CPU
		{47949014-B16B-4974-A8D1-156142F21C38}.Debug|Any CPU.ActiveCfg = Debug|Any CPU
		{47949014-B16B-4974-A8D1-156142F21C38}.Debug|Any CPU.Build.0 = Debug|Any CPU
		{47949014-B16B-4974-A8D1-156142F21C38}.Debug|x64.ActiveCfg = Debug|Any CPU
		{47949014-B16B-4974-A8D1-156142F21C38}.Debug|x64.Build.0 = Debug|Any CPU
		{47949014-B16B-4974-A8D1-156142F21C38}.Debug|x86.ActiveCfg = Debug|Any CPU
		{47949014-B16B-4974-A8D1-156142F21C38}.Debug|x86.Build.0 = Debug|Any CPU
		{47949014-B16B-4974-A8D1-156142F21C38}.Release|Any CPU.ActiveCfg = Release|Any CPU
		{47949014-B16B-4974-A8D1-156142F21C38}.Release|Any CPU.Build.0 = Release|Any CPU
		{47949014-B16B-4974-A8D1-156142F21C38}.Release|x64.ActiveCfg = Release|Any CPU
		{47949014-B16B-4974-A8D1-156142F21C38}.Release|x64.Build.0 = Release|Any CPU
		{47949014-B16B-4974-A8D1-156142F21C38}.Release|x86.ActiveCfg = Release|Any CPU
		{47949014-B16B-4974-A8D1-156142F21C38}.Release|x86.Build.0 = Release|Any CPU
		{F59473A3-B6CA-48BD-B6D1-53D256C8377B}.Debug|Any CPU.ActiveCfg = Debug|Any CPU
		{F59473A3-B6CA-48BD-B6D1-53D256C8377B}.Debug|Any CPU.Build.0 = Debug|Any CPU
		{F59473A3-B6CA-48BD-B6D1-53D256C8377B}.Debug|x64.ActiveCfg = Debug|Any CPU
		{F59473A3-B6CA-48BD-B6D1-53D256C8377B}.Debug|x64.Build.0 = Debug|Any CPU
		{F59473A3-B6CA-48BD-B6D1-53D256C8377B}.Debug|x86.ActiveCfg = Debug|Any CPU
		{F59473A3-B6CA-48BD-B6D1-53D256C8377B}.Debug|x86.Build.0 = Debug|Any CPU
		{F59473A3-B6CA-48BD-B6D1-53D256C8377B}.Release|Any CPU.ActiveCfg = Release|Any CPU
		{F59473A3-B6CA-48BD-B6D1-53D256C8377B}.Release|Any CPU.Build.0 = Release|Any CPU
		{F59473A3-B6CA-48BD-B6D1-53D256C8377B}.Release|x64.ActiveCfg = Release|Any CPU
		{F59473A3-B6CA-48BD-B6D1-53D256C8377B}.Release|x64.Build.0 = Release|Any CPU
		{F59473A3-B6CA-48BD-B6D1-53D256C8377B}.Release|x86.ActiveCfg = Release|Any CPU
		{F59473A3-B6CA-48BD-B6D1-53D256C8377B}.Release|x86.Build.0 = Release|Any CPU
		{8F47548A-D489-411F-9C78-C3AD21B10173}.Debug|Any CPU.ActiveCfg = Debug|Any CPU
		{8F47548A-D489-411F-9C78-C3AD21B10173}.Debug|x64.ActiveCfg = Debug|Any CPU
		{8F47548A-D489-411F-9C78-C3AD21B10173}.Debug|x86.ActiveCfg = Debug|Any CPU
		{8F47548A-D489-411F-9C78-C3AD21B10173}.Release|Any CPU.ActiveCfg = Release|Any CPU
		{8F47548A-D489-411F-9C78-C3AD21B10173}.Release|x64.ActiveCfg = Release|Any CPU
		{8F47548A-D489-411F-9C78-C3AD21B10173}.Release|x86.ActiveCfg = Release|Any CPU
		{66C50277-F9AD-4450-B728-F3E8B5BEECB1}.Debug|Any CPU.ActiveCfg = Debug|Any CPU
		{66C50277-F9AD-4450-B728-F3E8B5BEECB1}.Debug|Any CPU.Build.0 = Debug|Any CPU
		{66C50277-F9AD-4450-B728-F3E8B5BEECB1}.Debug|x64.ActiveCfg = Debug|Any CPU
		{66C50277-F9AD-4450-B728-F3E8B5BEECB1}.Debug|x64.Build.0 = Debug|Any CPU
		{66C50277-F9AD-4450-B728-F3E8B5BEECB1}.Debug|x86.ActiveCfg = Debug|Any CPU
		{66C50277-F9AD-4450-B728-F3E8B5BEECB1}.Debug|x86.Build.0 = Debug|Any CPU
		{66C50277-F9AD-4450-B728-F3E8B5BEECB1}.Release|Any CPU.ActiveCfg = Release|Any CPU
		{66C50277-F9AD-4450-B728-F3E8B5BEECB1}.Release|Any CPU.Build.0 = Release|Any CPU
		{66C50277-F9AD-4450-B728-F3E8B5BEECB1}.Release|x64.ActiveCfg = Release|Any CPU
		{66C50277-F9AD-4450-B728-F3E8B5BEECB1}.Release|x64.Build.0 = Release|Any CPU
		{66C50277-F9AD-4450-B728-F3E8B5BEECB1}.Release|x86.ActiveCfg = Release|Any CPU
		{66C50277-F9AD-4450-B728-F3E8B5BEECB1}.Release|x86.Build.0 = Release|Any CPU
		{C822A8B8-9BA1-40AF-8F54-29E28263B01F}.Debug|Any CPU.ActiveCfg = Debug|Any CPU
		{C822A8B8-9BA1-40AF-8F54-29E28263B01F}.Debug|Any CPU.Build.0 = Debug|Any CPU
		{C822A8B8-9BA1-40AF-8F54-29E28263B01F}.Debug|x64.ActiveCfg = Debug|Any CPU
		{C822A8B8-9BA1-40AF-8F54-29E28263B01F}.Debug|x64.Build.0 = Debug|Any CPU
		{C822A8B8-9BA1-40AF-8F54-29E28263B01F}.Debug|x86.ActiveCfg = Debug|Any CPU
		{C822A8B8-9BA1-40AF-8F54-29E28263B01F}.Debug|x86.Build.0 = Debug|Any CPU
		{C822A8B8-9BA1-40AF-8F54-29E28263B01F}.Release|Any CPU.ActiveCfg = Release|Any CPU
		{C822A8B8-9BA1-40AF-8F54-29E28263B01F}.Release|Any CPU.Build.0 = Release|Any CPU
		{C822A8B8-9BA1-40AF-8F54-29E28263B01F}.Release|x64.ActiveCfg = Release|Any CPU
		{C822A8B8-9BA1-40AF-8F54-29E28263B01F}.Release|x64.Build.0 = Release|Any CPU
		{C822A8B8-9BA1-40AF-8F54-29E28263B01F}.Release|x86.ActiveCfg = Release|Any CPU
		{C822A8B8-9BA1-40AF-8F54-29E28263B01F}.Release|x86.Build.0 = Release|Any CPU
		{DD2378B3-D257-4179-A036-45FA0678F575}.Debug|Any CPU.ActiveCfg = Debug|Any CPU
		{DD2378B3-D257-4179-A036-45FA0678F575}.Debug|Any CPU.Build.0 = Debug|Any CPU
		{DD2378B3-D257-4179-A036-45FA0678F575}.Debug|x64.ActiveCfg = Debug|Any CPU
		{DD2378B3-D257-4179-A036-45FA0678F575}.Debug|x64.Build.0 = Debug|Any CPU
		{DD2378B3-D257-4179-A036-45FA0678F575}.Debug|x86.ActiveCfg = Debug|Any CPU
		{DD2378B3-D257-4179-A036-45FA0678F575}.Debug|x86.Build.0 = Debug|Any CPU
		{DD2378B3-D257-4179-A036-45FA0678F575}.Release|Any CPU.ActiveCfg = Release|Any CPU
		{DD2378B3-D257-4179-A036-45FA0678F575}.Release|Any CPU.Build.0 = Release|Any CPU
		{DD2378B3-D257-4179-A036-45FA0678F575}.Release|x64.ActiveCfg = Release|Any CPU
		{DD2378B3-D257-4179-A036-45FA0678F575}.Release|x64.Build.0 = Release|Any CPU
		{DD2378B3-D257-4179-A036-45FA0678F575}.Release|x86.ActiveCfg = Release|Any CPU
		{DD2378B3-D257-4179-A036-45FA0678F575}.Release|x86.Build.0 = Release|Any CPU
		{CB6C830F-671B-46E2-938C-51E73952FBFC}.Debug|Any CPU.ActiveCfg = Debug|Any CPU
		{CB6C830F-671B-46E2-938C-51E73952FBFC}.Debug|Any CPU.Build.0 = Debug|Any CPU
		{CB6C830F-671B-46E2-938C-51E73952FBFC}.Debug|x64.ActiveCfg = Debug|Any CPU
		{CB6C830F-671B-46E2-938C-51E73952FBFC}.Debug|x64.Build.0 = Debug|Any CPU
		{CB6C830F-671B-46E2-938C-51E73952FBFC}.Debug|x86.ActiveCfg = Debug|Any CPU
		{CB6C830F-671B-46E2-938C-51E73952FBFC}.Debug|x86.Build.0 = Debug|Any CPU
		{CB6C830F-671B-46E2-938C-51E73952FBFC}.Release|Any CPU.ActiveCfg = Release|Any CPU
		{CB6C830F-671B-46E2-938C-51E73952FBFC}.Release|Any CPU.Build.0 = Release|Any CPU
		{CB6C830F-671B-46E2-938C-51E73952FBFC}.Release|x64.ActiveCfg = Release|Any CPU
		{CB6C830F-671B-46E2-938C-51E73952FBFC}.Release|x64.Build.0 = Release|Any CPU
		{CB6C830F-671B-46E2-938C-51E73952FBFC}.Release|x86.ActiveCfg = Release|Any CPU
		{CB6C830F-671B-46E2-938C-51E73952FBFC}.Release|x86.Build.0 = Release|Any CPU
		{74C201FB-0FC5-479D-9E8C-CEABDBC43813}.Debug|Any CPU.ActiveCfg = Debug|Any CPU
		{74C201FB-0FC5-479D-9E8C-CEABDBC43813}.Debug|Any CPU.Build.0 = Debug|Any CPU
		{74C201FB-0FC5-479D-9E8C-CEABDBC43813}.Debug|x64.ActiveCfg = Debug|Any CPU
		{74C201FB-0FC5-479D-9E8C-CEABDBC43813}.Debug|x64.Build.0 = Debug|Any CPU
		{74C201FB-0FC5-479D-9E8C-CEABDBC43813}.Debug|x86.ActiveCfg = Debug|Any CPU
		{74C201FB-0FC5-479D-9E8C-CEABDBC43813}.Debug|x86.Build.0 = Debug|Any CPU
		{74C201FB-0FC5-479D-9E8C-CEABDBC43813}.Release|Any CPU.ActiveCfg = Release|Any CPU
		{74C201FB-0FC5-479D-9E8C-CEABDBC43813}.Release|Any CPU.Build.0 = Release|Any CPU
		{74C201FB-0FC5-479D-9E8C-CEABDBC43813}.Release|x64.ActiveCfg = Release|Any CPU
		{74C201FB-0FC5-479D-9E8C-CEABDBC43813}.Release|x64.Build.0 = Release|Any CPU
		{74C201FB-0FC5-479D-9E8C-CEABDBC43813}.Release|x86.ActiveCfg = Release|Any CPU
		{74C201FB-0FC5-479D-9E8C-CEABDBC43813}.Release|x86.Build.0 = Release|Any CPU
		{C0BFC1D5-AACA-4506-9521-8B9DFA69CFA4}.Debug|Any CPU.ActiveCfg = Debug|Any CPU
		{C0BFC1D5-AACA-4506-9521-8B9DFA69CFA4}.Debug|Any CPU.Build.0 = Debug|Any CPU
		{C0BFC1D5-AACA-4506-9521-8B9DFA69CFA4}.Debug|x64.ActiveCfg = Debug|Any CPU
		{C0BFC1D5-AACA-4506-9521-8B9DFA69CFA4}.Debug|x64.Build.0 = Debug|Any CPU
		{C0BFC1D5-AACA-4506-9521-8B9DFA69CFA4}.Debug|x86.ActiveCfg = Debug|Any CPU
		{C0BFC1D5-AACA-4506-9521-8B9DFA69CFA4}.Debug|x86.Build.0 = Debug|Any CPU
		{C0BFC1D5-AACA-4506-9521-8B9DFA69CFA4}.Release|Any CPU.ActiveCfg = Release|Any CPU
		{C0BFC1D5-AACA-4506-9521-8B9DFA69CFA4}.Release|Any CPU.Build.0 = Release|Any CPU
		{C0BFC1D5-AACA-4506-9521-8B9DFA69CFA4}.Release|x64.ActiveCfg = Release|Any CPU
		{C0BFC1D5-AACA-4506-9521-8B9DFA69CFA4}.Release|x64.Build.0 = Release|Any CPU
		{C0BFC1D5-AACA-4506-9521-8B9DFA69CFA4}.Release|x86.ActiveCfg = Release|Any CPU
		{C0BFC1D5-AACA-4506-9521-8B9DFA69CFA4}.Release|x86.Build.0 = Release|Any CPU
		{8C08602E-BD44-4A9C-8F9E-B42456343787}.Debug|Any CPU.ActiveCfg = Debug|Any CPU
		{8C08602E-BD44-4A9C-8F9E-B42456343787}.Debug|Any CPU.Build.0 = Debug|Any CPU
		{8C08602E-BD44-4A9C-8F9E-B42456343787}.Debug|x64.ActiveCfg = Debug|Any CPU
		{8C08602E-BD44-4A9C-8F9E-B42456343787}.Debug|x64.Build.0 = Debug|Any CPU
		{8C08602E-BD44-4A9C-8F9E-B42456343787}.Debug|x86.ActiveCfg = Debug|Any CPU
		{8C08602E-BD44-4A9C-8F9E-B42456343787}.Debug|x86.Build.0 = Debug|Any CPU
		{8C08602E-BD44-4A9C-8F9E-B42456343787}.Release|Any CPU.ActiveCfg = Release|Any CPU
		{8C08602E-BD44-4A9C-8F9E-B42456343787}.Release|Any CPU.Build.0 = Release|Any CPU
		{8C08602E-BD44-4A9C-8F9E-B42456343787}.Release|x64.ActiveCfg = Release|Any CPU
		{8C08602E-BD44-4A9C-8F9E-B42456343787}.Release|x64.Build.0 = Release|Any CPU
		{8C08602E-BD44-4A9C-8F9E-B42456343787}.Release|x86.ActiveCfg = Release|Any CPU
		{8C08602E-BD44-4A9C-8F9E-B42456343787}.Release|x86.Build.0 = Release|Any CPU
		{9F3EC8C4-DE92-4FC9-97EC-18AE25B9FA50}.Debug|Any CPU.ActiveCfg = Debug|Any CPU
		{9F3EC8C4-DE92-4FC9-97EC-18AE25B9FA50}.Debug|Any CPU.Build.0 = Debug|Any CPU
		{9F3EC8C4-DE92-4FC9-97EC-18AE25B9FA50}.Debug|x64.ActiveCfg = Debug|Any CPU
		{9F3EC8C4-DE92-4FC9-97EC-18AE25B9FA50}.Debug|x64.Build.0 = Debug|Any CPU
		{9F3EC8C4-DE92-4FC9-97EC-18AE25B9FA50}.Debug|x86.ActiveCfg = Debug|Any CPU
		{9F3EC8C4-DE92-4FC9-97EC-18AE25B9FA50}.Debug|x86.Build.0 = Debug|Any CPU
		{9F3EC8C4-DE92-4FC9-97EC-18AE25B9FA50}.Release|Any CPU.ActiveCfg = Release|Any CPU
		{9F3EC8C4-DE92-4FC9-97EC-18AE25B9FA50}.Release|Any CPU.Build.0 = Release|Any CPU
		{9F3EC8C4-DE92-4FC9-97EC-18AE25B9FA50}.Release|x64.ActiveCfg = Release|Any CPU
		{9F3EC8C4-DE92-4FC9-97EC-18AE25B9FA50}.Release|x64.Build.0 = Release|Any CPU
		{9F3EC8C4-DE92-4FC9-97EC-18AE25B9FA50}.Release|x86.ActiveCfg = Release|Any CPU
		{9F3EC8C4-DE92-4FC9-97EC-18AE25B9FA50}.Release|x86.Build.0 = Release|Any CPU
		{24F0F9FB-6406-4EA8-B4BB-BDAA71682599}.Debug|Any CPU.ActiveCfg = Debug|Any CPU
		{24F0F9FB-6406-4EA8-B4BB-BDAA71682599}.Debug|Any CPU.Build.0 = Debug|Any CPU
		{24F0F9FB-6406-4EA8-B4BB-BDAA71682599}.Debug|x64.ActiveCfg = Debug|Any CPU
		{24F0F9FB-6406-4EA8-B4BB-BDAA71682599}.Debug|x64.Build.0 = Debug|Any CPU
		{24F0F9FB-6406-4EA8-B4BB-BDAA71682599}.Debug|x86.ActiveCfg = Debug|Any CPU
		{24F0F9FB-6406-4EA8-B4BB-BDAA71682599}.Debug|x86.Build.0 = Debug|Any CPU
		{24F0F9FB-6406-4EA8-B4BB-BDAA71682599}.Release|Any CPU.ActiveCfg = Release|Any CPU
		{24F0F9FB-6406-4EA8-B4BB-BDAA71682599}.Release|Any CPU.Build.0 = Release|Any CPU
		{24F0F9FB-6406-4EA8-B4BB-BDAA71682599}.Release|x64.ActiveCfg = Release|Any CPU
		{24F0F9FB-6406-4EA8-B4BB-BDAA71682599}.Release|x64.Build.0 = Release|Any CPU
		{24F0F9FB-6406-4EA8-B4BB-BDAA71682599}.Release|x86.ActiveCfg = Release|Any CPU
		{24F0F9FB-6406-4EA8-B4BB-BDAA71682599}.Release|x86.Build.0 = Release|Any CPU
		{AFF4901F-6336-43DF-BAAA-88FB7F697D21}.Debug|Any CPU.ActiveCfg = Debug|Any CPU
		{AFF4901F-6336-43DF-BAAA-88FB7F697D21}.Debug|Any CPU.Build.0 = Debug|Any CPU
		{AFF4901F-6336-43DF-BAAA-88FB7F697D21}.Debug|x64.ActiveCfg = Debug|Any CPU
		{AFF4901F-6336-43DF-BAAA-88FB7F697D21}.Debug|x64.Build.0 = Debug|Any CPU
		{AFF4901F-6336-43DF-BAAA-88FB7F697D21}.Debug|x86.ActiveCfg = Debug|Any CPU
		{AFF4901F-6336-43DF-BAAA-88FB7F697D21}.Debug|x86.Build.0 = Debug|Any CPU
		{AFF4901F-6336-43DF-BAAA-88FB7F697D21}.Release|Any CPU.ActiveCfg = Release|Any CPU
		{AFF4901F-6336-43DF-BAAA-88FB7F697D21}.Release|Any CPU.Build.0 = Release|Any CPU
		{AFF4901F-6336-43DF-BAAA-88FB7F697D21}.Release|x64.ActiveCfg = Release|Any CPU
		{AFF4901F-6336-43DF-BAAA-88FB7F697D21}.Release|x64.Build.0 = Release|Any CPU
		{AFF4901F-6336-43DF-BAAA-88FB7F697D21}.Release|x86.ActiveCfg = Release|Any CPU
		{AFF4901F-6336-43DF-BAAA-88FB7F697D21}.Release|x86.Build.0 = Release|Any CPU
		{401E1243-DE22-40E5-9C85-6111CC691595}.Debug|Any CPU.ActiveCfg = Debug|Any CPU
		{401E1243-DE22-40E5-9C85-6111CC691595}.Debug|Any CPU.Build.0 = Debug|Any CPU
		{401E1243-DE22-40E5-9C85-6111CC691595}.Debug|x64.ActiveCfg = Debug|Any CPU
		{401E1243-DE22-40E5-9C85-6111CC691595}.Debug|x64.Build.0 = Debug|Any CPU
		{401E1243-DE22-40E5-9C85-6111CC691595}.Debug|x86.ActiveCfg = Debug|Any CPU
		{401E1243-DE22-40E5-9C85-6111CC691595}.Debug|x86.Build.0 = Debug|Any CPU
		{401E1243-DE22-40E5-9C85-6111CC691595}.Release|Any CPU.ActiveCfg = Release|Any CPU
		{401E1243-DE22-40E5-9C85-6111CC691595}.Release|Any CPU.Build.0 = Release|Any CPU
		{401E1243-DE22-40E5-9C85-6111CC691595}.Release|x64.ActiveCfg = Release|Any CPU
		{401E1243-DE22-40E5-9C85-6111CC691595}.Release|x64.Build.0 = Release|Any CPU
		{401E1243-DE22-40E5-9C85-6111CC691595}.Release|x86.ActiveCfg = Release|Any CPU
		{401E1243-DE22-40E5-9C85-6111CC691595}.Release|x86.Build.0 = Release|Any CPU
		{B0D37B4A-6145-4ED4-B71D-D007DAAEC9D5}.Debug|Any CPU.ActiveCfg = Debug|Any CPU
		{B0D37B4A-6145-4ED4-B71D-D007DAAEC9D5}.Debug|Any CPU.Build.0 = Debug|Any CPU
		{B0D37B4A-6145-4ED4-B71D-D007DAAEC9D5}.Debug|x64.ActiveCfg = Debug|Any CPU
		{B0D37B4A-6145-4ED4-B71D-D007DAAEC9D5}.Debug|x64.Build.0 = Debug|Any CPU
		{B0D37B4A-6145-4ED4-B71D-D007DAAEC9D5}.Debug|x86.ActiveCfg = Debug|Any CPU
		{B0D37B4A-6145-4ED4-B71D-D007DAAEC9D5}.Debug|x86.Build.0 = Debug|Any CPU
		{B0D37B4A-6145-4ED4-B71D-D007DAAEC9D5}.Release|Any CPU.ActiveCfg = Release|Any CPU
		{B0D37B4A-6145-4ED4-B71D-D007DAAEC9D5}.Release|Any CPU.Build.0 = Release|Any CPU
		{B0D37B4A-6145-4ED4-B71D-D007DAAEC9D5}.Release|x64.ActiveCfg = Release|Any CPU
		{B0D37B4A-6145-4ED4-B71D-D007DAAEC9D5}.Release|x64.Build.0 = Release|Any CPU
		{B0D37B4A-6145-4ED4-B71D-D007DAAEC9D5}.Release|x86.ActiveCfg = Release|Any CPU
		{B0D37B4A-6145-4ED4-B71D-D007DAAEC9D5}.Release|x86.Build.0 = Release|Any CPU
		{E837FF97-14A7-4A36-A9D6-3854E5B5BBF9}.Debug|Any CPU.ActiveCfg = Debug|Any CPU
		{E837FF97-14A7-4A36-A9D6-3854E5B5BBF9}.Debug|Any CPU.Build.0 = Debug|Any CPU
		{E837FF97-14A7-4A36-A9D6-3854E5B5BBF9}.Debug|x64.ActiveCfg = Debug|Any CPU
		{E837FF97-14A7-4A36-A9D6-3854E5B5BBF9}.Debug|x64.Build.0 = Debug|Any CPU
		{E837FF97-14A7-4A36-A9D6-3854E5B5BBF9}.Debug|x86.ActiveCfg = Debug|Any CPU
		{E837FF97-14A7-4A36-A9D6-3854E5B5BBF9}.Debug|x86.Build.0 = Debug|Any CPU
		{E837FF97-14A7-4A36-A9D6-3854E5B5BBF9}.Release|Any CPU.ActiveCfg = Release|Any CPU
		{E837FF97-14A7-4A36-A9D6-3854E5B5BBF9}.Release|Any CPU.Build.0 = Release|Any CPU
		{E837FF97-14A7-4A36-A9D6-3854E5B5BBF9}.Release|x64.ActiveCfg = Release|Any CPU
		{E837FF97-14A7-4A36-A9D6-3854E5B5BBF9}.Release|x64.Build.0 = Release|Any CPU
		{E837FF97-14A7-4A36-A9D6-3854E5B5BBF9}.Release|x86.ActiveCfg = Release|Any CPU
		{E837FF97-14A7-4A36-A9D6-3854E5B5BBF9}.Release|x86.Build.0 = Release|Any CPU
		{22A1784B-68E5-4396-9F2B-DE31B0ECE05B}.Debug|Any CPU.ActiveCfg = Debug|Any CPU
		{22A1784B-68E5-4396-9F2B-DE31B0ECE05B}.Debug|Any CPU.Build.0 = Debug|Any CPU
		{22A1784B-68E5-4396-9F2B-DE31B0ECE05B}.Debug|x64.ActiveCfg = Debug|Any CPU
		{22A1784B-68E5-4396-9F2B-DE31B0ECE05B}.Debug|x64.Build.0 = Debug|Any CPU
		{22A1784B-68E5-4396-9F2B-DE31B0ECE05B}.Debug|x86.ActiveCfg = Debug|Any CPU
		{22A1784B-68E5-4396-9F2B-DE31B0ECE05B}.Debug|x86.Build.0 = Debug|Any CPU
		{22A1784B-68E5-4396-9F2B-DE31B0ECE05B}.Release|Any CPU.ActiveCfg = Release|Any CPU
		{22A1784B-68E5-4396-9F2B-DE31B0ECE05B}.Release|Any CPU.Build.0 = Release|Any CPU
		{22A1784B-68E5-4396-9F2B-DE31B0ECE05B}.Release|x64.ActiveCfg = Release|Any CPU
		{22A1784B-68E5-4396-9F2B-DE31B0ECE05B}.Release|x64.Build.0 = Release|Any CPU
		{22A1784B-68E5-4396-9F2B-DE31B0ECE05B}.Release|x86.ActiveCfg = Release|Any CPU
		{22A1784B-68E5-4396-9F2B-DE31B0ECE05B}.Release|x86.Build.0 = Release|Any CPU
		{732ED6A1-1140-4410-A9CA-321DCC405135}.Debug|Any CPU.ActiveCfg = Debug|Any CPU
		{732ED6A1-1140-4410-A9CA-321DCC405135}.Debug|Any CPU.Build.0 = Debug|Any CPU
		{732ED6A1-1140-4410-A9CA-321DCC405135}.Debug|x64.ActiveCfg = Debug|Any CPU
		{732ED6A1-1140-4410-A9CA-321DCC405135}.Debug|x64.Build.0 = Debug|Any CPU
		{732ED6A1-1140-4410-A9CA-321DCC405135}.Debug|x86.ActiveCfg = Debug|Any CPU
		{732ED6A1-1140-4410-A9CA-321DCC405135}.Debug|x86.Build.0 = Debug|Any CPU
		{732ED6A1-1140-4410-A9CA-321DCC405135}.Release|Any CPU.ActiveCfg = Release|Any CPU
		{732ED6A1-1140-4410-A9CA-321DCC405135}.Release|Any CPU.Build.0 = Release|Any CPU
		{732ED6A1-1140-4410-A9CA-321DCC405135}.Release|x64.ActiveCfg = Release|Any CPU
		{732ED6A1-1140-4410-A9CA-321DCC405135}.Release|x64.Build.0 = Release|Any CPU
		{732ED6A1-1140-4410-A9CA-321DCC405135}.Release|x86.ActiveCfg = Release|Any CPU
		{732ED6A1-1140-4410-A9CA-321DCC405135}.Release|x86.Build.0 = Release|Any CPU
		{9613E942-C68F-4559-85EE-D908B62C9D71}.Debug|Any CPU.ActiveCfg = Debug|Any CPU
		{9613E942-C68F-4559-85EE-D908B62C9D71}.Debug|Any CPU.Build.0 = Debug|Any CPU
		{9613E942-C68F-4559-85EE-D908B62C9D71}.Debug|x64.ActiveCfg = Debug|Any CPU
		{9613E942-C68F-4559-85EE-D908B62C9D71}.Debug|x64.Build.0 = Debug|Any CPU
		{9613E942-C68F-4559-85EE-D908B62C9D71}.Debug|x86.ActiveCfg = Debug|Any CPU
		{9613E942-C68F-4559-85EE-D908B62C9D71}.Debug|x86.Build.0 = Debug|Any CPU
		{9613E942-C68F-4559-85EE-D908B62C9D71}.Release|Any CPU.ActiveCfg = Release|Any CPU
		{9613E942-C68F-4559-85EE-D908B62C9D71}.Release|Any CPU.Build.0 = Release|Any CPU
		{9613E942-C68F-4559-85EE-D908B62C9D71}.Release|x64.ActiveCfg = Release|Any CPU
		{9613E942-C68F-4559-85EE-D908B62C9D71}.Release|x64.Build.0 = Release|Any CPU
		{9613E942-C68F-4559-85EE-D908B62C9D71}.Release|x86.ActiveCfg = Release|Any CPU
		{9613E942-C68F-4559-85EE-D908B62C9D71}.Release|x86.Build.0 = Release|Any CPU
		{839FDA11-E38F-4DFC-8036-5CDEF9DA0DBA}.Debug|Any CPU.ActiveCfg = Debug|Any CPU
		{839FDA11-E38F-4DFC-8036-5CDEF9DA0DBA}.Debug|Any CPU.Build.0 = Debug|Any CPU
		{839FDA11-E38F-4DFC-8036-5CDEF9DA0DBA}.Debug|x64.ActiveCfg = Debug|Any CPU
		{839FDA11-E38F-4DFC-8036-5CDEF9DA0DBA}.Debug|x64.Build.0 = Debug|Any CPU
		{839FDA11-E38F-4DFC-8036-5CDEF9DA0DBA}.Debug|x86.ActiveCfg = Debug|Any CPU
		{839FDA11-E38F-4DFC-8036-5CDEF9DA0DBA}.Debug|x86.Build.0 = Debug|Any CPU
		{839FDA11-E38F-4DFC-8036-5CDEF9DA0DBA}.Release|Any CPU.ActiveCfg = Release|Any CPU
		{839FDA11-E38F-4DFC-8036-5CDEF9DA0DBA}.Release|Any CPU.Build.0 = Release|Any CPU
		{839FDA11-E38F-4DFC-8036-5CDEF9DA0DBA}.Release|x64.ActiveCfg = Release|Any CPU
		{839FDA11-E38F-4DFC-8036-5CDEF9DA0DBA}.Release|x64.Build.0 = Release|Any CPU
		{839FDA11-E38F-4DFC-8036-5CDEF9DA0DBA}.Release|x86.ActiveCfg = Release|Any CPU
		{839FDA11-E38F-4DFC-8036-5CDEF9DA0DBA}.Release|x86.Build.0 = Release|Any CPU
		{E8138B8E-07F0-4CFB-900E-63BE9C48D0C7}.Debug|Any CPU.ActiveCfg = Debug|Any CPU
		{E8138B8E-07F0-4CFB-900E-63BE9C48D0C7}.Debug|Any CPU.Build.0 = Debug|Any CPU
		{E8138B8E-07F0-4CFB-900E-63BE9C48D0C7}.Debug|x64.ActiveCfg = Debug|Any CPU
		{E8138B8E-07F0-4CFB-900E-63BE9C48D0C7}.Debug|x64.Build.0 = Debug|Any CPU
		{E8138B8E-07F0-4CFB-900E-63BE9C48D0C7}.Debug|x86.ActiveCfg = Debug|Any CPU
		{E8138B8E-07F0-4CFB-900E-63BE9C48D0C7}.Debug|x86.Build.0 = Debug|Any CPU
		{E8138B8E-07F0-4CFB-900E-63BE9C48D0C7}.Release|Any CPU.ActiveCfg = Release|Any CPU
		{E8138B8E-07F0-4CFB-900E-63BE9C48D0C7}.Release|Any CPU.Build.0 = Release|Any CPU
		{E8138B8E-07F0-4CFB-900E-63BE9C48D0C7}.Release|x64.ActiveCfg = Release|Any CPU
		{E8138B8E-07F0-4CFB-900E-63BE9C48D0C7}.Release|x64.Build.0 = Release|Any CPU
		{E8138B8E-07F0-4CFB-900E-63BE9C48D0C7}.Release|x86.ActiveCfg = Release|Any CPU
		{E8138B8E-07F0-4CFB-900E-63BE9C48D0C7}.Release|x86.Build.0 = Release|Any CPU
		{FB4FE2FC-87B6-4894-A196-2D7A5D2DB02B}.Debug|Any CPU.ActiveCfg = Debug|Any CPU
		{FB4FE2FC-87B6-4894-A196-2D7A5D2DB02B}.Debug|Any CPU.Build.0 = Debug|Any CPU
		{FB4FE2FC-87B6-4894-A196-2D7A5D2DB02B}.Debug|x64.ActiveCfg = Debug|Any CPU
		{FB4FE2FC-87B6-4894-A196-2D7A5D2DB02B}.Debug|x64.Build.0 = Debug|Any CPU
		{FB4FE2FC-87B6-4894-A196-2D7A5D2DB02B}.Debug|x86.ActiveCfg = Debug|Any CPU
		{FB4FE2FC-87B6-4894-A196-2D7A5D2DB02B}.Debug|x86.Build.0 = Debug|Any CPU
		{FB4FE2FC-87B6-4894-A196-2D7A5D2DB02B}.Release|Any CPU.ActiveCfg = Release|Any CPU
		{FB4FE2FC-87B6-4894-A196-2D7A5D2DB02B}.Release|Any CPU.Build.0 = Release|Any CPU
		{FB4FE2FC-87B6-4894-A196-2D7A5D2DB02B}.Release|x64.ActiveCfg = Release|Any CPU
		{FB4FE2FC-87B6-4894-A196-2D7A5D2DB02B}.Release|x64.Build.0 = Release|Any CPU
		{FB4FE2FC-87B6-4894-A196-2D7A5D2DB02B}.Release|x86.ActiveCfg = Release|Any CPU
		{FB4FE2FC-87B6-4894-A196-2D7A5D2DB02B}.Release|x86.Build.0 = Release|Any CPU
		{F3D08BF1-BC9A-4F4D-83C8-159A3789767E}.Debug|Any CPU.ActiveCfg = Debug|Any CPU
		{F3D08BF1-BC9A-4F4D-83C8-159A3789767E}.Debug|Any CPU.Build.0 = Debug|Any CPU
		{F3D08BF1-BC9A-4F4D-83C8-159A3789767E}.Debug|x64.ActiveCfg = Debug|Any CPU
		{F3D08BF1-BC9A-4F4D-83C8-159A3789767E}.Debug|x64.Build.0 = Debug|Any CPU
		{F3D08BF1-BC9A-4F4D-83C8-159A3789767E}.Debug|x86.ActiveCfg = Debug|Any CPU
		{F3D08BF1-BC9A-4F4D-83C8-159A3789767E}.Debug|x86.Build.0 = Debug|Any CPU
		{F3D08BF1-BC9A-4F4D-83C8-159A3789767E}.Release|Any CPU.ActiveCfg = Release|Any CPU
		{F3D08BF1-BC9A-4F4D-83C8-159A3789767E}.Release|Any CPU.Build.0 = Release|Any CPU
		{F3D08BF1-BC9A-4F4D-83C8-159A3789767E}.Release|x64.ActiveCfg = Release|Any CPU
		{F3D08BF1-BC9A-4F4D-83C8-159A3789767E}.Release|x64.Build.0 = Release|Any CPU
		{F3D08BF1-BC9A-4F4D-83C8-159A3789767E}.Release|x86.ActiveCfg = Release|Any CPU
		{F3D08BF1-BC9A-4F4D-83C8-159A3789767E}.Release|x86.Build.0 = Release|Any CPU
		{5195AA6A-2E88-490F-A754-7F758307177A}.Debug|Any CPU.ActiveCfg = Debug|Any CPU
		{5195AA6A-2E88-490F-A754-7F758307177A}.Debug|Any CPU.Build.0 = Debug|Any CPU
		{5195AA6A-2E88-490F-A754-7F758307177A}.Debug|x64.ActiveCfg = Debug|Any CPU
		{5195AA6A-2E88-490F-A754-7F758307177A}.Debug|x64.Build.0 = Debug|Any CPU
		{5195AA6A-2E88-490F-A754-7F758307177A}.Debug|x86.ActiveCfg = Debug|Any CPU
		{5195AA6A-2E88-490F-A754-7F758307177A}.Debug|x86.Build.0 = Debug|Any CPU
		{5195AA6A-2E88-490F-A754-7F758307177A}.Release|Any CPU.ActiveCfg = Release|Any CPU
		{5195AA6A-2E88-490F-A754-7F758307177A}.Release|Any CPU.Build.0 = Release|Any CPU
		{5195AA6A-2E88-490F-A754-7F758307177A}.Release|x64.ActiveCfg = Release|Any CPU
		{5195AA6A-2E88-490F-A754-7F758307177A}.Release|x64.Build.0 = Release|Any CPU
		{5195AA6A-2E88-490F-A754-7F758307177A}.Release|x86.ActiveCfg = Release|Any CPU
		{5195AA6A-2E88-490F-A754-7F758307177A}.Release|x86.Build.0 = Release|Any CPU
		{F4EB3DD8-FF18-41F8-B408-73EF5E2B3861}.Debug|Any CPU.ActiveCfg = Debug|Any CPU
		{F4EB3DD8-FF18-41F8-B408-73EF5E2B3861}.Debug|Any CPU.Build.0 = Debug|Any CPU
		{F4EB3DD8-FF18-41F8-B408-73EF5E2B3861}.Debug|x64.ActiveCfg = Debug|Any CPU
		{F4EB3DD8-FF18-41F8-B408-73EF5E2B3861}.Debug|x64.Build.0 = Debug|Any CPU
		{F4EB3DD8-FF18-41F8-B408-73EF5E2B3861}.Debug|x86.ActiveCfg = Debug|Any CPU
		{F4EB3DD8-FF18-41F8-B408-73EF5E2B3861}.Debug|x86.Build.0 = Debug|Any CPU
		{F4EB3DD8-FF18-41F8-B408-73EF5E2B3861}.Release|Any CPU.ActiveCfg = Release|Any CPU
		{F4EB3DD8-FF18-41F8-B408-73EF5E2B3861}.Release|Any CPU.Build.0 = Release|Any CPU
		{F4EB3DD8-FF18-41F8-B408-73EF5E2B3861}.Release|x64.ActiveCfg = Release|Any CPU
		{F4EB3DD8-FF18-41F8-B408-73EF5E2B3861}.Release|x64.Build.0 = Release|Any CPU
		{F4EB3DD8-FF18-41F8-B408-73EF5E2B3861}.Release|x86.ActiveCfg = Release|Any CPU
		{F4EB3DD8-FF18-41F8-B408-73EF5E2B3861}.Release|x86.Build.0 = Release|Any CPU
	EndGlobalSection
	GlobalSection(SolutionProperties) = preSolution
		HideSolutionNode = FALSE
	EndGlobalSection
	GlobalSection(NestedProjects) = preSolution
		{4EB8C85B-F801-9A97-2D31-0114BD2D0289} = {827E0CD3-B72D-47B6-A68D-7590B98EB39B}
		{3E478041-E4CA-409A-830B-650A1D29A710} = {4EB8C85B-F801-9A97-2D31-0114BD2D0289}
		{41376023-C505-48EB-A415-803A49B662CB} = {4EB8C85B-F801-9A97-2D31-0114BD2D0289}
		{15255911-5353-5097-A62E-3F18E67C7FAF} = {E7EB98E2-4DD7-09A8-015D-8124C1A434CA}
		{388284EF-BA9F-3834-4413-6029487F88E6} = {15255911-5353-5097-A62E-3F18E67C7FAF}
		{15AE5075-3C79-824E-3ED0-5515DF5EAE71} = {388284EF-BA9F-3834-4413-6029487F88E6}
		{DE5E2E69-6AC7-44D1-992A-AF7592E3D108} = {15AE5075-3C79-824E-3ED0-5515DF5EAE71}
		{C276A8A0-7410-8100-07E1-6C7AB72D7161} = {15255911-5353-5097-A62E-3F18E67C7FAF}
		{7CB4410E-7E5B-A389-8314-FBD0A9EF160D} = {C276A8A0-7410-8100-07E1-6C7AB72D7161}
		{57E372BA-59C1-4353-98B9-720A2FA30048} = {7CB4410E-7E5B-A389-8314-FBD0A9EF160D}
		{B13D94B7-5AA0-9606-429E-A963ECFFE208} = {15255911-5353-5097-A62E-3F18E67C7FAF}
		{3B0EB81B-7897-C25D-0B4A-1D049E43486C} = {B13D94B7-5AA0-9606-429E-A963ECFFE208}
		{C8A6F065-34F3-4A1C-B310-BD21CC988E65} = {3B0EB81B-7897-C25D-0B4A-1D049E43486C}
		{0BF24A52-2437-4CE2-9F8A-8678ECDE1DBE} = {3B0EB81B-7897-C25D-0B4A-1D049E43486C}
		{629CCBDC-8149-4090-B7B1-75FF8DD5C306} = {3B0EB81B-7897-C25D-0B4A-1D049E43486C}
		{3B574648-7F41-47BC-BD42-434C4411E938} = {3B0EB81B-7897-C25D-0B4A-1D049E43486C}
		{A6597FCD-566B-4D9E-95C5-8919CBAA0E05} = {3B0EB81B-7897-C25D-0B4A-1D049E43486C}
		{1080302A-36B7-4EE1-86C2-EBA2BDA8F0C7} = {3B0EB81B-7897-C25D-0B4A-1D049E43486C}
		{E0DB0519-B2E5-4619-B61A-6D75CB1BB03F} = {3B0EB81B-7897-C25D-0B4A-1D049E43486C}
		{536CABC6-97D7-49D3-8BE8-E34EDDCCF23A} = {3B0EB81B-7897-C25D-0B4A-1D049E43486C}
		{87ED1C94-1B82-49BA-A7B0-CB41E0414EFA} = {3B0EB81B-7897-C25D-0B4A-1D049E43486C}
		{80808F54-665F-433E-9DDC-FF677C56D435} = {3B0EB81B-7897-C25D-0B4A-1D049E43486C}
		{09B100A2-0426-44AC-8E04-6941D2DD8EF6} = {4EB8C85B-F801-9A97-2D31-0114BD2D0289}
		{424DB566-7694-4CE8-A7A3-13784CA2AB23} = {4EB8C85B-F801-9A97-2D31-0114BD2D0289}
		{F83CB069-1023-4E52-8DF7-17AA221BC18C} = {4EB8C85B-F801-9A97-2D31-0114BD2D0289}
		{47949014-B16B-4974-A8D1-156142F21C38} = {4EB8C85B-F801-9A97-2D31-0114BD2D0289}
		{4E901A86-3FBE-97EE-76A9-D1A5C55B392F} = {15255911-5353-5097-A62E-3F18E67C7FAF}
		{A448461A-1096-7241-DB04-030F6E3F4217} = {4E901A86-3FBE-97EE-76A9-D1A5C55B392F}
		{4255BDBF-14B1-87B7-2E20-C190A263D83E} = {A448461A-1096-7241-DB04-030F6E3F4217}
		{F59473A3-B6CA-48BD-B6D1-53D256C8377B} = {4255BDBF-14B1-87B7-2E20-C190A263D83E}
		{E89DCE1E-2E1E-E81D-E6A4-4853ADF07ECC} = {A448461A-1096-7241-DB04-030F6E3F4217}
		{8F47548A-D489-411F-9C78-C3AD21B10173} = {E89DCE1E-2E1E-E81D-E6A4-4853ADF07ECC}
		{66C50277-F9AD-4450-B728-F3E8B5BEECB1} = {4EB8C85B-F801-9A97-2D31-0114BD2D0289}
		{4B6E9345-CC64-00B2-9DAA-22DC340EA98F} = {15255911-5353-5097-A62E-3F18E67C7FAF}
		{DEE5FC8B-3ABD-F908-F64C-446359AACA6C} = {4B6E9345-CC64-00B2-9DAA-22DC340EA98F}
		{BA18656E-6171-0E0E-569A-5B3F183E5DFF} = {DEE5FC8B-3ABD-F908-F64C-446359AACA6C}
		{C822A8B8-9BA1-40AF-8F54-29E28263B01F} = {BA18656E-6171-0E0E-569A-5B3F183E5DFF}
		{DD2378B3-D257-4179-A036-45FA0678F575} = {BA18656E-6171-0E0E-569A-5B3F183E5DFF}
		{FC3460F9-21EA-55AD-1DFB-5D2D92FC6751} = {DEE5FC8B-3ABD-F908-F64C-446359AACA6C}
		{CB6C830F-671B-46E2-938C-51E73952FBFC} = {FC3460F9-21EA-55AD-1DFB-5D2D92FC6751}
		{74C201FB-0FC5-479D-9E8C-CEABDBC43813} = {BA18656E-6171-0E0E-569A-5B3F183E5DFF}
		{C0BFC1D5-AACA-4506-9521-8B9DFA69CFA4} = {FC3460F9-21EA-55AD-1DFB-5D2D92FC6751}
		{8C08602E-BD44-4A9C-8F9E-B42456343787} = {FC3460F9-21EA-55AD-1DFB-5D2D92FC6751}
		{9F3EC8C4-DE92-4FC9-97EC-18AE25B9FA50} = {FC3460F9-21EA-55AD-1DFB-5D2D92FC6751}
		{24F0F9FB-6406-4EA8-B4BB-BDAA71682599} = {FC3460F9-21EA-55AD-1DFB-5D2D92FC6751}
		{AFF4901F-6336-43DF-BAAA-88FB7F697D21} = {FC3460F9-21EA-55AD-1DFB-5D2D92FC6751}
		{401E1243-DE22-40E5-9C85-6111CC691595} = {4EB8C85B-F801-9A97-2D31-0114BD2D0289}
		{B0D37B4A-6145-4ED4-B71D-D007DAAEC9D5} = {4EB8C85B-F801-9A97-2D31-0114BD2D0289}
		{E837FF97-14A7-4A36-A9D6-3854E5B5BBF9} = {4EB8C85B-F801-9A97-2D31-0114BD2D0289}
		{22A1784B-68E5-4396-9F2B-DE31B0ECE05B} = {4EB8C85B-F801-9A97-2D31-0114BD2D0289}
		{732ED6A1-1140-4410-A9CA-321DCC405135} = {4EB8C85B-F801-9A97-2D31-0114BD2D0289}
		{9613E942-C68F-4559-85EE-D908B62C9D71} = {4EB8C85B-F801-9A97-2D31-0114BD2D0289}
		{839FDA11-E38F-4DFC-8036-5CDEF9DA0DBA} = {4EB8C85B-F801-9A97-2D31-0114BD2D0289}
		{E8138B8E-07F0-4CFB-900E-63BE9C48D0C7} = {4EB8C85B-F801-9A97-2D31-0114BD2D0289}
		{FB4FE2FC-87B6-4894-A196-2D7A5D2DB02B} = {4EB8C85B-F801-9A97-2D31-0114BD2D0289}
		{F3D08BF1-BC9A-4F4D-83C8-159A3789767E} = {4EB8C85B-F801-9A97-2D31-0114BD2D0289}
		{5195AA6A-2E88-490F-A754-7F758307177A} = {4EB8C85B-F801-9A97-2D31-0114BD2D0289}
		{F4EB3DD8-FF18-41F8-B408-73EF5E2B3861} = {4EB8C85B-F801-9A97-2D31-0114BD2D0289}
	EndGlobalSection
EndGlobal
